{
  "version": 4,
  "terraform_version": "1.14.7",
  "serial": 876,
  "lineage": "bbba8034-0b6d-8fc7-471e-bfcdfaef1afc",
  "outputs": {
    "cloudwatch_dashboard_url": {
      "value": "https://console.aws.amazon.com/cloudwatch/home?region=ap-southeast-1#dashboards:name=domrov-dashboard",
      "type": "string"
    },
    "nat_gateway_ip": {
      "value": "52.220.33.44",
      "type": "string"
    },
    "rds_database_name": {
      "value": "domrov",
      "type": "string"
    },
    "rds_database_user": {
      "value": "domrovadmin",
      "type": "string"
    }
  },
  "resources": [
    {
      "mode": "data",
      "type": "aws_caller_identity",
      "name": "current",
      "provider": "provider[\"registry.terraform.io/hashicorp/aws\"]",
      "instances": [
        {
          "schema_version": 0,
          "attributes": {
            "account_id": "458889634459",
            "arn": "arn:aws:iam::458889634459:user/admin@vathanak",
            "id": "458889634459",
            "user_id": "AIDAWVV7UEKN4URAUPSWB"
          },
          "sensitive_attributes": [],
          "identity_schema_version": 0
        }
      ]
    },
    {
      "mode": "data",
      "type": "aws_region",
      "name": "current",
      "provider": "provider[\"registry.terraform.io/hashicorp/aws\"]",
      "instances": [
        {
          "schema_version": 0,
          "attributes": {
            "description": "Asia Pacific (Singapore)",
            "endpoint": "ec2.ap-southeast-1.amazonaws.com",
            "id": "ap-southeast-1",
            "name": "ap-southeast-1",
            "region": "ap-southeast-1"
          },
          "sensitive_attributes": [],
          "identity_schema_version": 0
        }
      ]
    },
    {
      "mode": "data",
      "type": "cloudflare_zone",
      "name": "main",
      "provider": "provider[\"registry.terraform.io/cloudflare/cloudflare\"]",
      "instances": [
        {
          "schema_version": 0,
          "attributes": {
            "account_id": "5a616508dd1dcafec08b391ee322fdd9",
            "id": "185e82648c5623c24621cf9a73646a59",
            "name": "domrov.app",
            "name_servers": [
              "elle.ns.cloudflare.com",
              "harlan.ns.cloudflare.com"
            ],
            "paused": false,
            "plan": "Free Website",
            "status": "active",
            "vanity_name_servers": [],
            "zone_id": "185e82648c5623c24621cf9a73646a59"
          },
          "sensitive_attributes": [],
          "identity_schema_version": 0
        }
      ]
    },
    {
      "mode": "data",
      "type": "local_file",
      "name": "db_password_read",
      "provider": "provider[\"registry.terraform.io/hashicorp/local\"]",
      "instances": [
        {
          "schema_version": 0,
          "attributes": {
            "content": "X94bq7lURaeeINnB",
            "content_base64": "WDk0YnE3bFVSYWVlSU5uQg==",
            "content_base64sha256": "Afk5RvG4CEbBpynFXopnvftSEbcmzUL5dS1s85cdTfg=",
            "content_base64sha512": "cBvr1tDti5Z7Gy3qJb1XXJiAWrnsktFYDPHKiTcJhlKx4WN5baEa15QF0ySoKPfrTNnJ1NIN7t0DIHPCcKflIw==",
            "content_md5": "a43db4b882f4033082f6720c7e4c490a",
            "content_sha1": "19bc70a3b79910b549a724dfd450ba3c3653e477",
            "content_sha256": "01f93946f1b80846c1a729c55e8a67bdfb5211b726cd42f9752d6cf3971d4df8",
            "content_sha512": "701bebd6d0ed8b967b1b2dea25bd575c98805ab9ec92d1580cf1ca8937098652b1e163796da11ad79405d324a828f7eb4cd9c9d4d20deedd032073c270a7e523",
            "filename": "./.db_password",
            "id": "19bc70a3b79910b549a724dfd450ba3c3653e477"
          },
          "sensitive_attributes": [],
          "identity_schema_version": 0
        }
      ]
    },
    {
      "mode": "managed",
      "type": "aws_acm_certificate",
      "name": "api",
      "provider": "provider[\"registry.terraform.io/hashicorp/aws\"]",
      "instances": [
        {
          "schema_version": 0,
          "attributes": {
            "arn": "arn:aws:acm:ap-southeast-1:458889634459:certificate/cb6e5364-1e59-4d27-a08b-d5966588b2ca",
            "certificate_authority_arn": "",
            "certificate_body": null,
            "certificate_chain": null,
            "domain_name": "api.domrov.app",
            "domain_validation_options": [
              {
                "domain_name": "api.domrov.app",
                "resource_record_name": "_6c1bc9693f53556a4aa63c1d19808333.api.domrov.app.",
                "resource_record_type": "CNAME",
                "resource_record_value": "_d3ee075a6f70f60893f474e2176e342a.jkddzztszm.acm-validations.aws."
              }
            ],
            "early_renewal_duration": "",
            "id": "arn:aws:acm:ap-southeast-1:458889634459:certificate/cb6e5364-1e59-4d27-a08b-d5966588b2ca",
            "key_algorithm": "RSA_2048",
            "not_after": "",
            "not_before": "",
            "options": [
              {
                "certificate_transparency_logging_preference": "ENABLED",
                "export": "DISABLED"
              }
            ],
            "pending_renewal": false,
            "private_key": null,
            "region": "ap-southeast-1",
            "renewal_eligibility": "INELIGIBLE",
            "renewal_summary": [],
            "status": "PENDING_VALIDATION",
            "subject_alternative_names": [
              "api.domrov.app"
            ],
            "tags": {
              "Name": "domrov-api-cert"
            },
            "tags_all": {
              "Name": "domrov-api-cert"
            },
            "type": "AMAZON_ISSUED",
            "validation_emails": [],
            "validation_method": "DNS",
            "validation_option": []
          },
          "sensitive_attributes": [
            [
              {
                "type": "get_attr",
                "value": "private_key"
              }
            ]
          ],
          "identity_schema_version": 0,
          "identity": {
            "arn": "arn:aws:acm:ap-southeast-1:458889634459:certificate/cb6e5364-1e59-4d27-a08b-d5966588b2ca"
          },
          "private": "bnVsbA==",
          "create_before_destroy": true
        }
      ]
    },
    {
      "mode": "managed",
      "type": "aws_cloudwatch_dashboard",
      "name": "main",
      "provider": "provider[\"registry.terraform.io/hashicorp/aws\"]",
      "instances": [
        {
          "schema_version": 0,
          "attributes": {
            "dashboard_arn": "arn:aws:cloudwatch::458889634459:dashboard/domrov-dashboard",
            "dashboard_body": "{\"widgets\":[{\"properties\":{\"metrics\":[[\"AWS/EC2\",\"CPUUtilization\",{\"label\":\"CPU Usage\",\"stat\":\"Average\"}]],\"period\":300,\"region\":\"ap-southeast-1\",\"stat\":\"Average\",\"title\":\"EC2 CPU Utilization\",\"yAxis\":{\"left\":{\"max\":100,\"min\":0}}},\"type\":\"metric\"},{\"properties\":{\"metrics\":[[\"AWS/ApplicationELB\",\"TargetResponseTime\",{\"stat\":\"Average\"}],[\".\",\"RequestCount\",{\"stat\":\"Sum\"}]],\"period\":300,\"region\":\"ap-southeast-1\",\"title\":\"Load Balancer Metrics\"},\"type\":\"metric\"},{\"properties\":{\"metrics\":[[\"AWS/RDS\",\"CPUUtilization\",{\"stat\":\"Average\"}],[\".\",\"DatabaseConnections\",{\"stat\":\"Average\"}]],\"period\":300,\"region\":\"ap-southeast-1\",\"title\":\"RDS Performance\"},\"type\":\"metric\"},{\"properties\":{\"metrics\":[[\"AWS/AutoScaling\",\"GroupDesiredCapacity\",{\"stat\":\"Average\"}],[\".\",\"GroupInServiceInstances\",{\"stat\":\"Average\"}]],\"period\":300,\"region\":\"ap-southeast-1\",\"title\":\"Auto Scaling Group\"},\"type\":\"metric\"}]}",
            "dashboard_name": "domrov-dashboard",
            "id": "domrov-dashboard",
            "region": "ap-southeast-1"
          },
          "sensitive_attributes": [],
          "identity_schema_version": 0,
          "private": "bnVsbA=="
        }
      ]
    },
    {
      "mode": "managed",
      "type": "aws_cloudwatch_log_group",
      "name": "app_logs",
      "provider": "provider[\"registry.terraform.io/hashicorp/aws\"]",
      "instances": [
        {
          "schema_version": 0,
          "attributes": {
            "arn": "arn:aws:logs:ap-southeast-1:458889634459:log-group:/domrov/app",
            "deletion_protection_enabled": false,
            "id": "/domrov/app",
            "kms_key_id": "",
            "log_group_class": "STANDARD",
            "name": "/domrov/app",
            "name_prefix": "",
            "region": "ap-southeast-1",
            "retention_in_days": 7,
            "skip_destroy": false,
            "tags": {
              "Name": "domrov-app-log-group"
            },
            "tags_all": {
              "Name": "domrov-app-log-group"
            }
          },
          "sensitive_attributes": [],
          "identity_schema_version": 0,
          "identity": {
            "account_id": "458889634459",
            "name": "/domrov/app",
            "region": "ap-southeast-1"
          },
          "private": "bnVsbA=="
        }
      ]
    },
    {
      "mode": "managed",
      "type": "aws_eip",
      "name": "nat",
      "provider": "provider[\"registry.terraform.io/hashicorp/aws\"]",
      "instances": [
        {
          "schema_version": 0,
          "attributes": {
            "address": null,
            "allocation_id": "eipalloc-03106012e0f725262",
            "arn": "arn:aws:ec2:ap-southeast-1:458889634459:elastic-ip/eipalloc-03106012e0f725262",
            "associate_with_private_ip": null,
            "association_id": "",
            "carrier_ip": "",
            "customer_owned_ip": "",
            "customer_owned_ipv4_pool": "",
            "domain": "vpc",
            "id": "eipalloc-03106012e0f725262",
            "instance": "",
            "ipam_pool_id": null,
            "network_border_group": "ap-southeast-1",
            "network_interface": "",
            "private_dns": null,
            "private_ip": "",
            "ptr_record": "",
            "public_dns": "ec2-52-220-33-44.ap-southeast-1.compute.amazonaws.com",
            "public_ip": "52.220.33.44",
            "public_ipv4_pool": "amazon",
            "region": "ap-southeast-1",
            "tags": {
              "Name": "domrov-nat-eip"
            },
            "tags_all": {
              "Name": "domrov-nat-eip"
            },
            "timeouts": null
          },
          "sensitive_attributes": [],
          "identity_schema_version": 0,
          "private": "eyJlMmJmYjczMC1lY2FhLTExZTYtOGY4OC0zNDM2M2JjN2M0YzAiOnsiZGVsZXRlIjoxODAwMDAwMDAwMDAsInJlYWQiOjkwMDAwMDAwMDAwMCwidXBkYXRlIjozMDAwMDAwMDAwMDB9fQ==",
          "dependencies": [
            "aws_internet_gateway.igw",
            "aws_vpc.my_vpc"
          ]
        }
      ]
    },
    {
      "mode": "managed",
      "type": "aws_iam_instance_profile",
      "name": "ec2_instance_profile",
      "provider": "provider[\"registry.terraform.io/hashicorp/aws\"]",
      "instances": []
    },
    {
      "mode": "managed",
      "type": "aws_iam_policy",
      "name": "secrets_manager_policy",
      "provider": "provider[\"registry.terraform.io/hashicorp/aws\"]",
      "instances": [
        {
          "schema_version": 0,
          "attributes": {
            "arn": "arn:aws:iam::458889634459:policy/SecretsManagerReadAccess",
            "attachment_count": 0,
            "delay_after_policy_creation_in_ms": null,
            "description": "Allows read-only access to specific secrets in AWS Secrets Manager",
            "id": "arn:aws:iam::458889634459:policy/SecretsManagerReadAccess",
            "name": "SecretsManagerReadAccess",
            "name_prefix": "",
            "path": "/",
            "policy": "{\"Statement\":[{\"Action\":\"secretsmanager:GetSecretValue\",\"Effect\":\"Allow\",\"Resource\":\"arn:aws:secretsmanager:ap-southeast-1:458889634459:secret:/domrov/*\"}],\"Version\":\"2012-10-17\"}",
            "policy_id": "ANPAWVV7UEKN2AQLNGEYY",
            "tags": null,
            "tags_all": {}
          },
          "sensitive_attributes": [],
          "identity_schema_version": 0,
          "identity": {
            "arn": "arn:aws:iam::458889634459:policy/SecretsManagerReadAccess"
          },
          "private": "bnVsbA=="
        }
      ]
    },
    {
      "mode": "managed",
      "type": "aws_iam_role",
      "name": "ec2_instance_role",
      "provider": "provider[\"registry.terraform.io/hashicorp/aws\"]",
      "instances": [
        {
          "schema_version": 0,
          "attributes": {
            "arn": "arn:aws:iam::458889634459:role/domrov-ec2-role-20260409200314374200000001",
            "assume_role_policy": "{\"Statement\":[{\"Action\":\"sts:AssumeRole\",\"Effect\":\"Allow\",\"Principal\":{\"Service\":\"ec2.amazonaws.com\"}}],\"Version\":\"2012-10-17\"}",
            "create_date": "2026-04-09T20:03:15Z",
            "description": "",
            "force_detach_policies": false,
            "id": "domrov-ec2-role-20260409200314374200000001",
            "inline_policy": [],
            "managed_policy_arns": [],
            "max_session_duration": 3600,
            "name": "domrov-ec2-role-20260409200314374200000001",
            "name_prefix": "domrov-ec2-role-",
            "path": "/",
            "permissions_boundary": "",
            "tags": {
              "Name": "domrov-ec2-role"
            },
            "tags_all": {
              "Name": "domrov-ec2-role"
            },
            "unique_id": "AROAWVV7UEKNYQQNO7XYK"
          },
          "sensitive_attributes": [],
          "identity_schema_version": 0,
          "identity": {
            "account_id": "458889634459",
            "name": "domrov-ec2-role-20260409200314374200000001"
          },
          "private": "bnVsbA=="
        }
      ]
    },
    {
      "mode": "managed",
      "type": "aws_iam_role_policy",
      "name": "ec2_cloudwatch_policy",
      "provider": "provider[\"registry.terraform.io/hashicorp/aws\"]",
      "instances": [
        {
          "schema_version": 0,
          "attributes": {
            "id": "domrov-ec2-role-20260409200314374200000001:domrov-ec2-cloudwatch-policy-20260409200316683100000003",
            "name": "domrov-ec2-cloudwatch-policy-20260409200316683100000003",
            "name_prefix": "domrov-ec2-cloudwatch-policy-",
            "policy": "{\"Version\":\"2012-10-17\",\"Statement\":[{\"Action\":[\"cloudwatch:PutMetricData\"],\"Effect\":\"Allow\",\"Resource\":\"*\"},{\"Action\":[\"logs:CreateLogGroup\",\"logs:CreateLogStream\",\"logs:PutLogEvents\",\"logs:DescribeLogStreams\"],\"Effect\":\"Allow\",\"Resource\":\"arn:aws:logs:ap-southeast-1:458889634459:log-group:/domrov/*\"},{\"Action\":[\"ec2:DescribeVolumes\",\"ec2:DescribeTags\",\"ec2:DescribeInstances\",\"ec2:DescribeInstanceAttribute\"],\"Effect\":\"Allow\",\"Resource\":\"*\"}]}",
            "role": "domrov-ec2-role-20260409200314374200000001"
          },
          "sensitive_attributes": [],
          "identity_schema_version": 0,
          "identity": {
            "account_id": "458889634459",
            "name": "domrov-ec2-cloudwatch-policy-20260409200316683100000003",
            "role": "domrov-ec2-role-20260409200314374200000001"
          },
          "private": "bnVsbA==",
          "dependencies": [
            "aws_iam_role.ec2_instance_role",
            "data.aws_caller_identity.current",
            "data.aws_region.current"
          ]
        }
      ]
    },
    {
      "mode": "managed",
      "type": "aws_iam_role_policy",
      "name": "ec2_ssm_policy",
      "provider": "provider[\"registry.terraform.io/hashicorp/aws\"]",
      "instances": [
        {
          "schema_version": 0,
          "attributes": {
            "id": "domrov-ec2-role-20260409200314374200000001:domrov-ec2-ssm-policy-20260409200316342400000002",
            "name": "domrov-ec2-ssm-policy-20260409200316342400000002",
            "name_prefix": "domrov-ec2-ssm-policy-",
            "policy": "{\"Version\":\"2012-10-17\",\"Statement\":[{\"Action\":[\"ssm:GetParameter\",\"ssm:GetParameters\"],\"Effect\":\"Allow\",\"Resource\":[\"arn:aws:ssm:ap-southeast-1:458889634459:parameter/domrov/backend/POSTGRES_URL\",\"arn:aws:ssm:ap-southeast-1:458889634459:parameter/domrov/backend/POSTGRES_HOST\",\"arn:aws:ssm:ap-southeast-1:458889634459:parameter/domrov/backend/POSTGRES_PORT\",\"arn:aws:ssm:ap-southeast-1:458889634459:parameter/domrov/backend/JWT_SECRET\",\"arn:aws:ssm:ap-southeast-1:458889634459:parameter/domrov/backend/JWT_ACCESS_TOKEN_EXPIRE\",\"arn:aws:ssm:ap-southeast-1:458889634459:parameter/domrov/backend/JWT_REFRESH_TOKEN_EXPIRE\",\"arn:aws:ssm:ap-southeast-1:458889634459:parameter/domrov/backend/JWT_REFRESH_TOKEN_SECRET\",\"arn:aws:ssm:ap-southeast-1:458889634459:parameter/domrov/backend/SMTP_HOST\",\"arn:aws:ssm:ap-southeast-1:458889634459:parameter/domrov/backend/SMTP_PORT\",\"arn:aws:ssm:ap-southeast-1:458889634459:parameter/domrov/backend/SMTP_SECURE\",\"arn:aws:ssm:ap-southeast-1:458889634459:parameter/domrov/backend/SMTP_USER\",\"arn:aws:ssm:ap-southeast-1:458889634459:parameter/domrov/backend/SMTP_PASS\",\"arn:aws:ssm:ap-southeast-1:458889634459:parameter/domrov/backend/SMTP_FROM\",\"arn:aws:ssm:ap-southeast-1:458889634459:parameter/domrov/backend/GOOGLE_CLIENT_ID\",\"arn:aws:ssm:ap-southeast-1:458889634459:parameter/domrov/backend/GOOGLE_CLIENT_SECRET\",\"arn:aws:ssm:ap-southeast-1:458889634459:parameter/domrov/backend/GOOGLE_CALLBACK_URL\",\"arn:aws:ssm:ap-southeast-1:458889634459:parameter/domrov/backend/GIT_HUB_CLIENT_ID\",\"arn:aws:ssm:ap-southeast-1:458889634459:parameter/domrov/backend/GIT_HUB_CLIENT_SECRET\",\"arn:aws:ssm:ap-southeast-1:458889634459:parameter/domrov/backend/GIT_HUB_CALLBACK_URL\",\"arn:aws:ssm:ap-southeast-1:458889634459:parameter/domrov/backend/BASE_URL\",\"arn:aws:ssm:ap-southeast-1:458889634459:parameter/domrov/backend/JWT_INVITE_SECRET\",\"arn:aws:ssm:ap-southeast-1:458889634459:parameter/domrov/backend/BAKONG_TOKEN\",\"arn:aws:ssm:ap-southeast-1:458889634459:parameter/domrov/backend/BAKONG_API\",\"arn:aws:ssm:ap-southeast-1:458889634459:parameter/domrov/backend/BAKONG_BANK_ACCOUNT\",\"arn:aws:ssm:ap-southeast-1:458889634459:parameter/domrov/backend/MERCHANT_NAME\",\"arn:aws:ssm:ap-southeast-1:458889634459:parameter/domrov/backend/MERCHANT_CITY\",\"arn:aws:ssm:ap-southeast-1:458889634459:parameter/domrov/backend/PHONE_NUMBER\",\"arn:aws:ssm:ap-southeast-1:458889634459:parameter/domrov/backend/CODE_EVAL_GRPC_CLIENT_HOST\",\"arn:aws:ssm:ap-southeast-1:458889634459:parameter/domrov/backend/CODE_EVAL_GRPC_CLIENT_PORT\",\"arn:aws:ssm:ap-southeast-1:458889634459:parameter/domrov/backend/REDIS_URL\",\"arn:aws:ssm:ap-southeast-1:458889634459:parameter/domrov/backend/R2_ACCOUNT_ID\",\"arn:aws:ssm:ap-southeast-1:458889634459:parameter/domrov/backend/R2_TOKEN\",\"arn:aws:ssm:ap-southeast-1:458889634459:parameter/domrov/backend/R2_SECRET_KEY\",\"arn:aws:ssm:ap-southeast-1:458889634459:parameter/domrov/backend/R2_BUCKET\",\"arn:aws:ssm:ap-southeast-1:458889634459:parameter/domrov/backend/AI_KEY_MASTER_SECRET\",\"arn:aws:ssm:ap-southeast-1:458889634459:parameter/domrov/backend/CACHE_TYPE\",\"arn:aws:ssm:ap-southeast-1:458889634459:parameter/domrov/backend/SENTRY_DSN\",\"arn:aws:ssm:ap-southeast-1:458889634459:parameter/domrov/backend/CLOUDINARY_CLOUD_NAME\",\"arn:aws:ssm:ap-southeast-1:458889634459:parameter/domrov/backend/CLOUDINARY_API_KEY\",\"arn:aws:ssm:ap-southeast-1:458889634459:parameter/domrov/backend/CLOUDINARY_API_SECRET\",\"arn:aws:ssm:ap-southeast-1:458889634459:parameter/domrov/backend/DOMROV_SECRET_KEY\",\"arn:aws:ssm:ap-southeast-1:458889634459:parameter/domrov/backend/FRONTEND_URL\",\"arn:aws:ssm:ap-southeast-1:458889634459:parameter/domrov/backend/GEMINI_KEY\",\"arn:aws:ssm:ap-southeast-1:458889634459:parameter/domrov/backend/OLLAMA_API_KEY\",\"arn:aws:ssm:ap-southeast-1:458889634459:parameter/domrov/backend/GPT_KEY\",\"arn:aws:ssm:ap-southeast-1:458889634459:parameter/domrov/backend/DEEPSEEK_API_KEY\",\"arn:aws:ssm:ap-southeast-1:458889634459:parameter/domrov/backend/OPENROUTER_API_KEY\"]},{\"Action\":[\"ssm:GetParametersByPath\"],\"Effect\":\"Allow\",\"Resource\":\"arn:aws:ssm:ap-southeast-1:458889634459:parameter/domrov/*\"},{\"Action\":[\"kms:Decrypt\"],\"Condition\":{\"StringEquals\":{\"kms:ViaService\":\"ssm.ap-southeast-1.amazonaws.com\"}},\"Effect\":\"Allow\",\"Resource\":\"*\"}]}",
            "role": "domrov-ec2-role-20260409200314374200000001"
          },
          "sensitive_attributes": [],
          "identity_schema_version": 0,
          "identity": {
            "account_id": "458889634459",
            "name": "domrov-ec2-ssm-policy-20260409200316342400000002",
            "role": "domrov-ec2-role-20260409200314374200000001"
          },
          "private": "bnVsbA==",
          "dependencies": [
            "aws_iam_role.ec2_instance_role",
            "data.aws_caller_identity.current",
            "data.aws_region.current"
          ]
        }
      ]
    },
    {
      "mode": "managed",
      "type": "aws_iam_role_policy_attachment",
      "name": "ec2_instance_secrets_manager_policy",
      "provider": "provider[\"registry.terraform.io/hashicorp/aws\"]",
      "instances": [
        {
          "schema_version": 0,
          "attributes": {
            "id": "domrov-ec2-role-20260409200314374200000001/arn:aws:iam::458889634459:policy/SecretsManagerReadAccess",
            "policy_arn": "arn:aws:iam::458889634459:policy/SecretsManagerReadAccess",
            "role": "domrov-ec2-role-20260409200314374200000001"
          },
          "sensitive_attributes": [],
          "identity_schema_version": 0,
          "identity": {
            "account_id": "458889634459",
            "policy_arn": "arn:aws:iam::458889634459:policy/SecretsManagerReadAccess",
            "role": "domrov-ec2-role-20260409200314374200000001"
          },
          "private": "bnVsbA==",
          "dependencies": [
            "aws_iam_policy.secrets_manager_policy",
            "aws_iam_role.ec2_instance_role"
          ]
        }
      ]
    },
    {
      "mode": "managed",
      "type": "aws_iam_role_policy_attachment",
      "name": "ssm_managed_policy",
      "provider": "provider[\"registry.terraform.io/hashicorp/aws\"]",
      "instances": [
        {
          "schema_version": 0,
          "attributes": {
            "id": "domrov-ec2-role-20260409200314374200000001/arn:aws:iam::aws:policy/AmazonSSMManagedInstanceCore",
            "policy_arn": "arn:aws:iam::aws:policy/AmazonSSMManagedInstanceCore",
            "role": "domrov-ec2-role-20260409200314374200000001"
          },
          "sensitive_attributes": [],
          "identity_schema_version": 0,
          "identity": {
            "account_id": "458889634459",
            "policy_arn": "arn:aws:iam::aws:policy/AmazonSSMManagedInstanceCore",
            "role": "domrov-ec2-role-20260409200314374200000001"
          },
          "private": "bnVsbA==",
          "dependencies": [
            "aws_iam_role.ec2_instance_role"
          ]
        }
      ]
    },
    {
      "mode": "managed",
      "type": "aws_internet_gateway",
      "name": "igw",
      "provider": "provider[\"registry.terraform.io/hashicorp/aws\"]",
      "instances": [
        {
          "schema_version": 0,
          "attributes": {
            "arn": "arn:aws:ec2:ap-southeast-1:458889634459:internet-gateway/igw-0a55e58d3e354fd91",
            "id": "igw-0a55e58d3e354fd91",
            "owner_id": "458889634459",
            "region": "ap-southeast-1",
            "tags": {
              "Name": "main-igw"
            },
            "tags_all": {
              "Name": "main-igw"
            },
            "timeouts": null,
            "vpc_id": "vpc-0f93bcf971db09427"
          },
          "sensitive_attributes": [],
          "identity_schema_version": 0,
          "private": "eyJlMmJmYjczMC1lY2FhLTExZTYtOGY4OC0zNDM2M2JjN2M0YzAiOnsiY3JlYXRlIjoxMjAwMDAwMDAwMDAwLCJkZWxldGUiOjEyMDAwMDAwMDAwMDAsInVwZGF0ZSI6MTIwMDAwMDAwMDAwMH19",
          "dependencies": [
            "aws_vpc.my_vpc"
          ]
        }
      ]
    },
    {
      "mode": "managed",
      "type": "aws_kms_key",
      "name": "domrov",
      "provider": "provider[\"registry.terraform.io/hashicorp/aws\"]",
      "instances": []
    },
    {
      "mode": "managed",
      "type": "aws_lb_target_group",
      "name": "app_tg",
      "provider": "provider[\"registry.terraform.io/hashicorp/aws\"]",
      "instances": [
        {
          "schema_version": 0,
          "attributes": {
            "arn": "arn:aws:elasticloadbalancing:ap-southeast-1:458889634459:targetgroup/domrov-app-tg/c3a7ca997ffcea0b",
            "arn_suffix": "targetgroup/domrov-app-tg/c3a7ca997ffcea0b",
            "connection_termination": null,
            "deregistration_delay": "30",
            "health_check": [
              {
                "enabled": true,
                "healthy_threshold": 2,
                "interval": 30,
                "matcher": "200",
                "path": "/health",
                "port": "traffic-port",
                "protocol": "HTTP",
                "timeout": 5,
                "unhealthy_threshold": 2
              }
            ],
            "id": "arn:aws:elasticloadbalancing:ap-southeast-1:458889634459:targetgroup/domrov-app-tg/c3a7ca997ffcea0b",
            "ip_address_type": "ipv4",
            "lambda_multi_value_headers_enabled": false,
            "load_balancer_arns": [],
            "load_balancing_algorithm_type": "round_robin",
            "load_balancing_anomaly_mitigation": "off",
            "load_balancing_cross_zone_enabled": "use_load_balancer_configuration",
            "name": "domrov-app-tg",
            "name_prefix": "",
            "port": 3000,
            "preserve_client_ip": null,
            "protocol": "HTTP",
            "protocol_version": "HTTP1",
            "proxy_protocol_v2": false,
            "region": "ap-southeast-1",
            "slow_start": 0,
            "stickiness": [
              {
                "cookie_duration": 86400,
                "cookie_name": "",
                "enabled": false,
                "type": "lb_cookie"
              }
            ],
            "tags": {
              "Name": "domrov-app-tg"
            },
            "tags_all": {
              "Name": "domrov-app-tg"
            },
            "target_control_port": 0,
            "target_failover": [
              {
                "on_deregistration": null,
                "on_unhealthy": null
              }
            ],
            "target_group_health": [
              {
                "dns_failover": [
                  {
                    "minimum_healthy_targets_count": "1",
                    "minimum_healthy_targets_percentage": "off"
                  }
                ],
                "unhealthy_state_routing": [
                  {
                    "minimum_healthy_targets_count": 1,
                    "minimum_healthy_targets_percentage": "off"
                  }
                ]
              }
            ],
            "target_health_state": [
              {
                "enable_unhealthy_connection_termination": null,
                "unhealthy_draining_interval": null
              }
            ],
            "target_type": "instance",
            "vpc_id": "vpc-0f93bcf971db09427"
          },
          "sensitive_attributes": [],
          "identity_schema_version": 0,
          "identity": {
            "arn": "arn:aws:elasticloadbalancing:ap-southeast-1:458889634459:targetgroup/domrov-app-tg/c3a7ca997ffcea0b"
          },
          "private": "bnVsbA==",
          "dependencies": [
            "aws_vpc.my_vpc"
          ]
        }
      ]
    },
    {
      "mode": "managed",
      "type": "aws_route_table",
      "name": "public_rt",
      "provider": "provider[\"registry.terraform.io/hashicorp/aws\"]",
      "instances": [
        {
          "schema_version": 0,
          "attributes": {
            "arn": "arn:aws:ec2:ap-southeast-1:458889634459:route-table/rtb-01af5923e7a0a13b0",
            "id": "rtb-01af5923e7a0a13b0",
            "owner_id": "458889634459",
            "propagating_vgws": [],
            "region": "ap-southeast-1",
            "route": [
              {
                "carrier_gateway_id": "",
                "cidr_block": "0.0.0.0/0",
                "core_network_arn": "",
                "destination_prefix_list_id": "",
                "egress_only_gateway_id": "",
                "gateway_id": "igw-0a55e58d3e354fd91",
                "ipv6_cidr_block": "",
                "local_gateway_id": "",
                "nat_gateway_id": "",
                "network_interface_id": "",
                "transit_gateway_id": "",
                "vpc_endpoint_id": "",
                "vpc_peering_connection_id": ""
              }
            ],
            "tags": null,
            "tags_all": {},
            "timeouts": null,
            "vpc_id": "vpc-0f93bcf971db09427"
          },
          "sensitive_attributes": [],
          "identity_schema_version": 0,
          "identity": {
            "account_id": "458889634459",
            "id": "rtb-01af5923e7a0a13b0",
            "region": "ap-southeast-1"
          },
          "private": "eyJlMmJmYjczMC1lY2FhLTExZTYtOGY4OC0zNDM2M2JjN2M0YzAiOnsiY3JlYXRlIjozMDAwMDAwMDAwMDAsImRlbGV0ZSI6MzAwMDAwMDAwMDAwLCJ1cGRhdGUiOjEyMDAwMDAwMDAwMH19",
          "dependencies": [
            "aws_internet_gateway.igw",
            "aws_vpc.my_vpc"
          ]
        }
      ]
    },
    {
      "mode": "managed",
      "type": "aws_security_group",
      "name": "app_sg",
      "provider": "provider[\"registry.terraform.io/hashicorp/aws\"]",
      "instances": []
    },
    {
      "mode": "managed",
      "type": "aws_security_group",
      "name": "lb_sg",
      "provider": "provider[\"registry.terraform.io/hashicorp/aws\"]",
      "instances": [
        {
          "schema_version": 1,
          "attributes": {
            "arn": "arn:aws:ec2:ap-southeast-1:458889634459:security-group/sg-05817db199c123a1d",
            "description": "Allow HTTP and HTTPS traffic to LB",
            "egress": [
              {
                "cidr_blocks": [
                  "0.0.0.0/0"
                ],
                "description": "",
                "from_port": 0,
                "ipv6_cidr_blocks": [],
                "prefix_list_ids": [],
                "protocol": "-1",
                "security_groups": [],
                "self": false,
                "to_port": 0
              }
            ],
            "id": "sg-05817db199c123a1d",
            "ingress": [
              {
                "cidr_blocks": [
                  "0.0.0.0/0"
                ],
                "description": "HTTP",
                "from_port": 80,
                "ipv6_cidr_blocks": [],
                "prefix_list_ids": [],
                "protocol": "tcp",
                "security_groups": [],
                "self": false,
                "to_port": 80
              },
              {
                "cidr_blocks": [
                  "0.0.0.0/0"
                ],
                "description": "HTTPS",
                "from_port": 443,
                "ipv6_cidr_blocks": [],
                "prefix_list_ids": [],
                "protocol": "tcp",
                "security_groups": [],
                "self": false,
                "to_port": 443
              }
            ],
            "name": "domrov-lb-sg",
            "name_prefix": "",
            "owner_id": "458889634459",
            "region": "ap-southeast-1",
            "revoke_rules_on_delete": false,
            "tags": {
              "Name": "domrov-lb-sg"
            },
            "tags_all": {
              "Name": "domrov-lb-sg"
            },
            "timeouts": null,
            "vpc_id": "vpc-0f93bcf971db09427"
          },
          "sensitive_attributes": [],
          "identity_schema_version": 0,
          "identity": {
            "account_id": "458889634459",
            "id": "sg-05817db199c123a1d",
            "region": "ap-southeast-1"
          },
          "private": "eyJlMmJmYjczMC1lY2FhLTExZTYtOGY4OC0zNDM2M2JjN2M0YzAiOnsiY3JlYXRlIjo2MDAwMDAwMDAwMDAsImRlbGV0ZSI6OTAwMDAwMDAwMDAwfSwic2NoZW1hX3ZlcnNpb24iOiIxIn0=",
          "dependencies": [
            "aws_vpc.my_vpc"
          ]
        }
      ]
    },
    {
      "mode": "managed",
      "type": "aws_sns_topic",
      "name": "alarms",
      "provider": "provider[\"registry.terraform.io/hashicorp/aws\"]",
      "instances": [
        {
          "schema_version": 0,
          "attributes": {
            "application_failure_feedback_role_arn": "",
            "application_success_feedback_role_arn": "",
            "application_success_feedback_sample_rate": 0,
            "archive_policy": "",
            "arn": "arn:aws:sns:ap-southeast-1:458889634459:domrov-alarms",
            "beginning_archive_time": "",
            "content_based_deduplication": false,
            "delivery_policy": "",
            "display_name": "",
            "fifo_throughput_scope": "",
            "fifo_topic": false,
            "firehose_failure_feedback_role_arn": "",
            "firehose_success_feedback_role_arn": "",
            "firehose_success_feedback_sample_rate": 0,
            "http_failure_feedback_role_arn": "",
            "http_success_feedback_role_arn": "",
            "http_success_feedback_sample_rate": 0,
            "id": "arn:aws:sns:ap-southeast-1:458889634459:domrov-alarms",
            "kms_master_key_id": "",
            "lambda_failure_feedback_role_arn": "",
            "lambda_success_feedback_role_arn": "",
            "lambda_success_feedback_sample_rate": 0,
            "name": "domrov-alarms",
            "name_prefix": "",
            "owner": "458889634459",
            "policy": "{\"Id\":\"__default_policy_ID\",\"Statement\":[{\"Action\":[\"SNS:GetTopicAttributes\",\"SNS:SetTopicAttributes\",\"SNS:AddPermission\",\"SNS:RemovePermission\",\"SNS:DeleteTopic\",\"SNS:Subscribe\",\"SNS:ListSubscriptionsByTopic\",\"SNS:Publish\"],\"Condition\":{\"StringEquals\":{\"AWS:SourceOwner\":\"458889634459\"}},\"Effect\":\"Allow\",\"Principal\":{\"AWS\":\"*\"},\"Resource\":\"arn:aws:sns:ap-southeast-1:458889634459:domrov-alarms\",\"Sid\":\"__default_statement_ID\"}],\"Version\":\"2008-10-17\"}",
            "region": "ap-southeast-1",
            "signature_version": 0,
            "sqs_failure_feedback_role_arn": "",
            "sqs_success_feedback_role_arn": "",
            "sqs_success_feedback_sample_rate": 0,
            "tags": null,
            "tags_all": {},
            "tracing_config": ""
          },
          "sensitive_attributes": [],
          "identity_schema_version": 0,
          "identity": {
            "arn": "arn:aws:sns:ap-southeast-1:458889634459:domrov-alarms"
          },
          "private": "bnVsbA=="
        }
      ]
    },
    {
      "mode": "managed",
      "type": "aws_ssm_parameter",
      "name": "rds_port",
      "provider": "provider[\"registry.terraform.io/hashicorp/aws\"]",
      "instances": [
        {
          "schema_version": 0,
          "attributes": {
            "allowed_pattern": "",
            "arn": "arn:aws:ssm:ap-southeast-1:458889634459:parameter/domrov/backend/POSTGRES_PORT",
            "data_type": "text",
            "description": "",
            "has_value_wo": false,
            "id": "/domrov/backend/POSTGRES_PORT",
            "insecure_value": null,
            "key_id": "",
            "name": "/domrov/backend/POSTGRES_PORT",
            "overwrite": true,
            "region": "ap-southeast-1",
            "tags": {
              "Name": "domrov-rds-port"
            },
            "tags_all": {
              "Name": "domrov-rds-port"
            },
            "tier": "Standard",
            "type": "String",
            "value": "5432",
            "value_wo": null,
            "value_wo_version": null,
            "version": 1
          },
          "sensitive_attributes": [
            [
              {
                "type": "get_attr",
                "value": "value"
              }
            ],
            [
              {
                "type": "get_attr",
                "value": "value_wo"
              }
            ]
          ],
          "identity_schema_version": 0,
          "identity": {
            "account_id": "458889634459",
            "name": "/domrov/backend/POSTGRES_PORT",
            "region": "ap-southeast-1"
          },
          "private": "bnVsbA=="
        }
      ]
    },
    {
      "mode": "managed",
      "type": "aws_subnet",
      "name": "private_a",
      "provider": "provider[\"registry.terraform.io/hashicorp/aws\"]",
      "instances": [
        {
          "schema_version": 1,
          "attributes": {
            "arn": "arn:aws:ec2:ap-southeast-1:458889634459:subnet/subnet-0b734bf78cb327372",
            "assign_ipv6_address_on_creation": false,
            "availability_zone": "ap-southeast-1a",
            "availability_zone_id": "apse1-az2",
            "cidr_block": "10.0.9.0/24",
            "customer_owned_ipv4_pool": "",
            "enable_dns64": false,
            "enable_lni_at_device_index": 0,
            "enable_resource_name_dns_a_record_on_launch": false,
            "enable_resource_name_dns_aaaa_record_on_launch": false,
            "id": "subnet-0b734bf78cb327372",
            "ipv4_ipam_pool_id": null,
            "ipv4_netmask_length": null,
            "ipv6_cidr_block": "",
            "ipv6_cidr_block_association_id": "",
            "ipv6_ipam_pool_id": null,
            "ipv6_native": false,
            "ipv6_netmask_length": null,
            "map_customer_owned_ip_on_launch": false,
            "map_public_ip_on_launch": false,
            "outpost_arn": "",
            "owner_id": "458889634459",
            "private_dns_hostname_type_on_launch": "ip-name",
            "region": "ap-southeast-1",
            "tags": {
              "Name": "private-subnet-a"
            },
            "tags_all": {
              "Name": "private-subnet-a"
            },
            "timeouts": null,
            "vpc_id": "vpc-0f93bcf971db09427"
          },
          "sensitive_attributes": [],
          "identity_schema_version": 0,
          "identity": {
            "account_id": "458889634459",
            "id": "subnet-0b734bf78cb327372",
            "region": "ap-southeast-1"
          },
          "private": "eyJlMmJmYjczMC1lY2FhLTExZTYtOGY4OC0zNDM2M2JjN2M0YzAiOnsiY3JlYXRlIjo2MDAwMDAwMDAwMDAsImRlbGV0ZSI6MTIwMDAwMDAwMDAwMH0sInNjaGVtYV92ZXJzaW9uIjoiMSJ9",
          "dependencies": [
            "aws_vpc.my_vpc"
          ]
        }
      ]
    },
    {
      "mode": "managed",
      "type": "aws_subnet",
      "name": "private_b",
      "provider": "provider[\"registry.terraform.io/hashicorp/aws\"]",
      "instances": []
    },
    {
      "mode": "managed",
      "type": "aws_subnet",
      "name": "public_a",
      "provider": "provider[\"registry.terraform.io/hashicorp/aws\"]",
      "instances": []
    },
    {
      "mode": "managed",
      "type": "aws_subnet",
      "name": "public_b",
      "provider": "provider[\"registry.terraform.io/hashicorp/aws\"]",
      "instances": []
    },
    {
      "mode": "managed",
      "type": "aws_vpc",
      "name": "my_vpc",
      "provider": "provider[\"registry.terraform.io/hashicorp/aws\"]",
      "instances": [
        {
          "schema_version": 1,
          "attributes": {
            "arn": "arn:aws:ec2:ap-southeast-1:458889634459:vpc/vpc-0f93bcf971db09427",
            "assign_generated_ipv6_cidr_block": false,
            "cidr_block": "10.0.0.0/16",
            "default_network_acl_id": "acl-0e3075ebed0906943",
            "default_route_table_id": "rtb-03883418828cd9f99",
            "default_security_group_id": "sg-0c4b84e1d2c2b7c75",
            "dhcp_options_id": "dopt-083abece407099ef3",
            "enable_dns_hostnames": true,
            "enable_dns_support": true,
            "enable_network_address_usage_metrics": false,
            "id": "vpc-0f93bcf971db09427",
            "instance_tenancy": "default",
            "ipv4_ipam_pool_id": null,
            "ipv4_netmask_length": null,
            "ipv6_association_id": "",
            "ipv6_cidr_block": "",
            "ipv6_cidr_block_network_border_group": "",
            "ipv6_ipam_pool_id": "",
            "ipv6_netmask_length": 0,
            "main_route_table_id": "rtb-03883418828cd9f99",
            "owner_id": "458889634459",
            "region": "ap-southeast-1",
            "tags": {
              "Name": "domrov-vpc"
            },
            "tags_all": {
              "Name": "domrov-vpc"
            }
          },
          "sensitive_attributes": [],
          "identity_schema_version": 0,
          "identity": {
            "account_id": "458889634459",
            "id": "vpc-0f93bcf971db09427",
            "region": "ap-southeast-1"
          },
          "private": "eyJzY2hlbWFfdmVyc2lvbiI6IjEifQ=="
        }
      ]
    },
    {
      "mode": "managed",
      "type": "cloudflare_record",
      "name": "api_validation",
      "provider": "provider[\"registry.terraform.io/cloudflare/cloudflare\"]",
      "instances": [
        {
          "index_key": "api.domrov.app",
          "schema_version": 3,
          "attributes": {
            "allow_overwrite": false,
            "comment": "",
            "content": "_d3ee075a6f70f60893f474e2176e342a.jkddzztszm.acm-validations.aws",
            "created_on": "2026-04-09T20:03:20.339406Z",
            "data": [],
            "hostname": "_6c1bc9693f53556a4aa63c1d19808333.api.domrov.app",
            "id": "e72dbb8724ea1c1735b699eeb96dcd00",
            "metadata": {},
            "modified_on": "2026-04-09T20:03:20.339406Z",
            "name": "_6c1bc9693f53556a4aa63c1d19808333.api.domrov.app.",
            "priority": null,
            "proxiable": false,
            "proxied": false,
            "tags": null,
            "timeouts": null,
            "ttl": 1,
            "type": "CNAME",
            "value": null,
            "zone_id": "185e82648c5623c24621cf9a73646a59"
          },
          "sensitive_attributes": [],
          "identity_schema_version": 0,
          "private": "eyJlMmJmYjczMC1lY2FhLTExZTYtOGY4OC0zNDM2M2JjN2M0YzAiOnsiY3JlYXRlIjozMDAwMDAwMDAwMCwidXBkYXRlIjozMDAwMDAwMDAwMH0sInNjaGVtYV92ZXJzaW9uIjoiMyJ9",
          "dependencies": [
            "aws_acm_certificate.api",
            "data.cloudflare_zone.main"
          ]
        }
      ]
    },
    {
      "mode": "managed",
      "type": "local_file",
      "name": "db_password_file",
      "provider": "provider[\"registry.terraform.io/hashicorp/local\"]",
      "instances": [
        {
          "schema_version": 0,
          "attributes": {
            "content": "X94bq7lURaeeINnB",
            "content_base64": null,
            "content_base64sha256": "Afk5RvG4CEbBpynFXopnvftSEbcmzUL5dS1s85cdTfg=",
            "content_base64sha512": "cBvr1tDti5Z7Gy3qJb1XXJiAWrnsktFYDPHKiTcJhlKx4WN5baEa15QF0ySoKPfrTNnJ1NIN7t0DIHPCcKflIw==",
            "content_md5": "a43db4b882f4033082f6720c7e4c490a",
            "content_sha1": "19bc70a3b79910b549a724dfd450ba3c3653e477",
            "content_sha256": "01f93946f1b80846c1a729c55e8a67bdfb5211b726cd42f9752d6cf3971d4df8",
            "content_sha512": "701bebd6d0ed8b967b1b2dea25bd575c98805ab9ec92d1580cf1ca8937098652b1e163796da11ad79405d324a828f7eb4cd9c9d4d20deedd032073c270a7e523",
            "directory_permission": "0777",
            "file_permission": "0777",
            "filename": "./.db_password",
            "id": "19bc70a3b79910b549a724dfd450ba3c3653e477",
            "sensitive_content": null,
            "source": null
          },
          "sensitive_attributes": [
            [
              {
                "type": "get_attr",
                "value": "content"
              }
            ],
            [
              {
                "type": "get_attr",
                "value": "sensitive_content"
              }
            ]
          ],
          "identity_schema_version": 0,
          "dependencies": [
            "random_password.db_password"
          ]
        }
      ]
    },
    {
      "mode": "managed",
      "type": "random_id",
      "name": "secret_suffix",
      "provider": "provider[\"registry.terraform.io/hashicorp/random\"]",
      "instances": [
        {
          "schema_version": 0,
          "attributes": {
            "b64_std": "RQJxyQ==",
            "b64_url": "RQJxyQ",
            "byte_length": 4,
            "dec": "1157788105",
            "hex": "450271c9",
            "id": "RQJxyQ",
            "keepers": null,
            "prefix": null
          },
          "sensitive_attributes": [],
          "identity_schema_version": 0
        }
      ]
    },
    {
      "mode": "managed",
      "type": "random_password",
      "name": "db_password",
      "provider": "provider[\"registry.terraform.io/hashicorp/random\"]",
      "instances": [
        {
          "schema_version": 3,
          "attributes": {
            "bcrypt_hash": "$2a$10$sMGSMmW5mBfdMJmKPPXu3u7L88209b.PF69S0CX.z/h.iDZrSQ04W",
            "id": "none",
            "keepers": null,
            "length": 16,
            "lower": true,
            "min_lower": 0,
            "min_numeric": 0,
            "min_special": 0,
            "min_upper": 0,
            "number": true,
            "numeric": true,
            "override_special": "_%",
            "result": "X94bq7lURaeeINnB",
            "special": true,
            "upper": true
          },
          "sensitive_attributes": [
            [
              {
                "type": "get_attr",
                "value": "bcrypt_hash"
              }
            ],
            [
              {
                "type": "get_attr",
                "value": "result"
              }
            ]
          ],
          "identity_schema_version": 0
        }
      ]
    }
  ],
  "check_results": null
}
