{
  "version": 4,
  "terraform_version": "1.14.7",
  "serial": 243,
  "lineage": "bbba8034-0b6d-8fc7-471e-bfcdfaef1afc",
  "outputs": {
    "alb_dns_name": {
      "value": "domrov-app-lb-1192332671.ap-southeast-1.elb.amazonaws.com",
      "type": "string"
    },
    "alb_url": {
      "value": "http://domrov-app-lb-1192332671.ap-southeast-1.elb.amazonaws.com",
      "type": "string"
    },
    "launch_template_id": {
      "value": "lt-00d8b634b3468510a",
      "type": "string"
    },
    "launch_template_latest_version": {
      "value": 1,
      "type": "number"
    },
    "nat_gateway_ip": {
      "value": "52.77.200.105",
      "type": "string"
    },
    "security_group_id": {
      "value": "sg-0fbf3aa114c948066",
      "type": "string"
    }
  },
  "resources": [
    {
      "mode": "data",
      "type": "aws_caller_identity",
      "name": "current",
      "provider": "provider[\"registry.terraform.io/hashicorp/aws\"]",
      "instances": [
        {
          "schema_version": 0,
          "attributes": {
            "account_id": "458889634459",
            "arn": "arn:aws:iam::458889634459:user/admin@vathanak",
            "id": "458889634459",
            "user_id": "AIDAWVV7UEKN4URAUPSWB"
          },
          "sensitive_attributes": [],
          "identity_schema_version": 0
        }
      ]
    },
    {
      "mode": "data",
      "type": "aws_region",
      "name": "current",
      "provider": "provider[\"registry.terraform.io/hashicorp/aws\"]",
      "instances": [
        {
          "schema_version": 0,
          "attributes": {
            "description": "Asia Pacific (Singapore)",
            "endpoint": "ec2.ap-southeast-1.amazonaws.com",
            "id": "ap-southeast-1",
            "name": "ap-southeast-1",
            "region": "ap-southeast-1"
          },
          "sensitive_attributes": [],
          "identity_schema_version": 0
        }
      ]
    },
    {
      "mode": "managed",
      "type": "aws_autoscaling_group",
      "name": "app_asg",
      "provider": "provider[\"registry.terraform.io/hashicorp/aws\"]",
      "instances": [
        {
          "schema_version": 1,
          "attributes": {
            "arn": "arn:aws:autoscaling:ap-southeast-1:458889634459:autoScalingGroup:df546f26-81dd-4995-99f9-5ac2ea3b1570:autoScalingGroupName/domrov-app-asg",
            "availability_zone_distribution": [
              {
                "capacity_distribution_strategy": "balanced-best-effort"
              }
            ],
            "availability_zones": [
              "ap-southeast-1a",
              "ap-southeast-1b"
            ],
            "capacity_rebalance": false,
            "capacity_reservation_specification": [
              {
                "capacity_reservation_preference": "default",
                "capacity_reservation_target": []
              }
            ],
            "context": "",
            "default_cooldown": 300,
            "default_instance_warmup": 0,
            "desired_capacity": 1,
            "desired_capacity_type": "",
            "enabled_metrics": null,
            "force_delete": false,
            "force_delete_warm_pool": false,
            "health_check_grace_period": 600,
            "health_check_type": "ELB",
            "id": "domrov-app-asg",
            "ignore_failed_scaling_activities": false,
            "initial_lifecycle_hook": [],
            "instance_maintenance_policy": [],
            "instance_refresh": [],
            "launch_configuration": "",
            "launch_template": [
              {
                "id": "lt-00d8b634b3468510a",
                "name": "domrov-app-2026040913565142960000000b",
                "version": "$Latest"
              }
            ],
            "load_balancers": [],
            "max_instance_lifetime": 0,
            "max_size": 4,
            "metrics_granularity": "1Minute",
            "min_elb_capacity": null,
            "min_size": 1,
            "mixed_instances_policy": [],
            "name": "domrov-app-asg",
            "name_prefix": "",
            "placement_group": "",
            "predicted_capacity": 0,
            "protect_from_scale_in": false,
            "region": "ap-southeast-1",
            "service_linked_role_arn": "arn:aws:iam::458889634459:role/aws-service-role/autoscaling.amazonaws.com/AWSServiceRoleForAutoScaling",
            "suspended_processes": null,
            "tag": [
              {
                "key": "Name",
                "propagate_at_launch": true,
                "value": "domrov-app-instance"
              }
            ],
            "target_group_arns": [
              "arn:aws:elasticloadbalancing:ap-southeast-1:458889634459:targetgroup/domrov-app-tg/3bb0d5e309650e24"
            ],
            "termination_policies": null,
            "timeouts": null,
            "traffic_source": [
              {
                "identifier": "arn:aws:elasticloadbalancing:ap-southeast-1:458889634459:targetgroup/domrov-app-tg/3bb0d5e309650e24",
                "type": "elbv2"
              }
            ],
            "vpc_zone_identifier": [
              "subnet-04b9842e1f265c30f",
              "subnet-0dbdebadd3c56393e"
            ],
            "wait_for_capacity_timeout": "10m",
            "wait_for_elb_capacity": null,
            "warm_pool": [],
            "warm_pool_size": 0
          },
          "sensitive_attributes": [],
          "identity_schema_version": 0,
          "private": "eyJlMmJmYjczMC1lY2FhLTExZTYtOGY4OC0zNDM2M2JjN2M0YzAiOnsiZGVsZXRlIjo2MDAwMDAwMDAwMDAsInVwZGF0ZSI6NjAwMDAwMDAwMDAwfSwic2NoZW1hX3ZlcnNpb24iOiIxIn0=",
          "dependencies": [
            "aws_iam_instance_profile.ec2_instance_profile",
            "aws_iam_role.ec2_instance_role",
            "aws_launch_template.app_launch_template",
            "aws_lb_target_group.app_tg",
            "aws_security_group.app_sg",
            "aws_security_group.lb_sg",
            "aws_subnet.private_a",
            "aws_subnet.private_b",
            "aws_vpc.my_vpc"
          ]
        }
      ]
    },
    {
      "mode": "managed",
      "type": "aws_eip",
      "name": "nat",
      "provider": "provider[\"registry.terraform.io/hashicorp/aws\"]",
      "instances": [
        {
          "schema_version": 0,
          "attributes": {
            "address": null,
            "allocation_id": "eipalloc-04a198e6bc852ec6e",
            "arn": "arn:aws:ec2:ap-southeast-1:458889634459:elastic-ip/eipalloc-04a198e6bc852ec6e",
            "associate_with_private_ip": null,
            "association_id": "",
            "carrier_ip": "",
            "customer_owned_ip": "",
            "customer_owned_ipv4_pool": "",
            "domain": "vpc",
            "id": "eipalloc-04a198e6bc852ec6e",
            "instance": "",
            "ipam_pool_id": null,
            "network_border_group": "ap-southeast-1",
            "network_interface": "",
            "private_dns": null,
            "private_ip": "",
            "ptr_record": "",
            "public_dns": "ec2-52-77-200-105.ap-southeast-1.compute.amazonaws.com",
            "public_ip": "52.77.200.105",
            "public_ipv4_pool": "amazon",
            "region": "ap-southeast-1",
            "tags": {
              "Name": "domrov-nat-eip"
            },
            "tags_all": {
              "Name": "domrov-nat-eip"
            },
            "timeouts": null
          },
          "sensitive_attributes": [],
          "identity_schema_version": 0,
          "private": "eyJlMmJmYjczMC1lY2FhLTExZTYtOGY4OC0zNDM2M2JjN2M0YzAiOnsiZGVsZXRlIjoxODAwMDAwMDAwMDAsInJlYWQiOjkwMDAwMDAwMDAwMCwidXBkYXRlIjozMDAwMDAwMDAwMDB9fQ==",
          "dependencies": [
            "aws_internet_gateway.igw",
            "aws_vpc.my_vpc"
          ]
        }
      ]
    },
    {
      "mode": "managed",
      "type": "aws_iam_instance_profile",
      "name": "ec2_instance_profile",
      "provider": "provider[\"registry.terraform.io/hashicorp/aws\"]",
      "instances": [
        {
          "schema_version": 0,
          "attributes": {
            "arn": "arn:aws:iam::458889634459:instance-profile/domrov-ec2-instance-profile-20260409135642501300000003",
            "create_date": "2026-04-09T13:56:44Z",
            "id": "domrov-ec2-instance-profile-20260409135642501300000003",
            "name": "domrov-ec2-instance-profile-20260409135642501300000003",
            "name_prefix": "domrov-ec2-instance-profile-",
            "path": "/",
            "role": "domrov-ec2-role-20260409135639147100000001",
            "tags": {
              "Name": "domrov-ec2-instance-profile"
            },
            "tags_all": {
              "Name": "domrov-ec2-instance-profile"
            },
            "unique_id": "AIPAWVV7UEKNRMS53R5BI"
          },
          "sensitive_attributes": [],
          "identity_schema_version": 0,
          "identity": {
            "account_id": "458889634459",
            "name": "domrov-ec2-instance-profile-20260409135642501300000003"
          },
          "private": "bnVsbA==",
          "dependencies": [
            "aws_iam_role.ec2_instance_role"
          ]
        }
      ]
    },
    {
      "mode": "managed",
      "type": "aws_iam_policy",
      "name": "secrets_manager_policy",
      "provider": "provider[\"registry.terraform.io/hashicorp/aws\"]",
      "instances": [
        {
          "schema_version": 0,
          "attributes": {
            "arn": "arn:aws:iam::458889634459:policy/SecretsManagerReadAccess",
            "attachment_count": 0,
            "delay_after_policy_creation_in_ms": null,
            "description": "Allows read-only access to specific secrets in AWS Secrets Manager",
            "id": "arn:aws:iam::458889634459:policy/SecretsManagerReadAccess",
            "name": "SecretsManagerReadAccess",
            "name_prefix": "",
            "path": "/",
            "policy": "{\"Statement\":[{\"Action\":\"secretsmanager:GetSecretValue\",\"Effect\":\"Allow\",\"Resource\":\"arn:aws:secretsmanager:ap-southeast-1:458889634459:secret:/domrov/*\"}],\"Version\":\"2012-10-17\"}",
            "policy_id": "ANPAWVV7UEKN27Q4NPVYN",
            "tags": null,
            "tags_all": {}
          },
          "sensitive_attributes": [],
          "identity_schema_version": 0,
          "identity": {
            "arn": "arn:aws:iam::458889634459:policy/SecretsManagerReadAccess"
          },
          "private": "bnVsbA=="
        }
      ]
    },
    {
      "mode": "managed",
      "type": "aws_iam_role",
      "name": "ec2_instance_role",
      "provider": "provider[\"registry.terraform.io/hashicorp/aws\"]",
      "instances": [
        {
          "schema_version": 0,
          "attributes": {
            "arn": "arn:aws:iam::458889634459:role/domrov-ec2-role-20260409135639147100000001",
            "assume_role_policy": "{\"Statement\":[{\"Action\":\"sts:AssumeRole\",\"Effect\":\"Allow\",\"Principal\":{\"Service\":\"ec2.amazonaws.com\"}}],\"Version\":\"2012-10-17\"}",
            "create_date": "2026-04-09T13:56:43Z",
            "description": "",
            "force_detach_policies": false,
            "id": "domrov-ec2-role-20260409135639147100000001",
            "inline_policy": [],
            "managed_policy_arns": [],
            "max_session_duration": 3600,
            "name": "domrov-ec2-role-20260409135639147100000001",
            "name_prefix": "domrov-ec2-role-",
            "path": "/",
            "permissions_boundary": "",
            "tags": {
              "Name": "domrov-ec2-role"
            },
            "tags_all": {
              "Name": "domrov-ec2-role"
            },
            "unique_id": "AROAWVV7UEKN45ECMAV7X"
          },
          "sensitive_attributes": [],
          "identity_schema_version": 0,
          "identity": {
            "account_id": "458889634459",
            "name": "domrov-ec2-role-20260409135639147100000001"
          },
          "private": "bnVsbA=="
        }
      ]
    },
    {
      "mode": "managed",
      "type": "aws_iam_role_policy",
      "name": "ec2_ssm_policy",
      "provider": "provider[\"registry.terraform.io/hashicorp/aws\"]",
      "instances": [
        {
          "schema_version": 0,
          "attributes": {
            "id": "domrov-ec2-role-20260409135639147100000001:domrov-ec2-ssm-policy-20260409135642504200000004",
            "name": "domrov-ec2-ssm-policy-20260409135642504200000004",
            "name_prefix": "domrov-ec2-ssm-policy-",
            "policy": "{\"Version\":\"2012-10-17\",\"Statement\":[{\"Action\":[\"ssm:GetParameter\",\"ssm:GetParameters\"],\"Effect\":\"Allow\",\"Resource\":[\"arn:aws:ssm:ap-southeast-1:458889634459:parameter/domrov/backend/POSTGRES_URL\",\"arn:aws:ssm:ap-southeast-1:458889634459:parameter/domrov/backend/JWT_SECRET\",\"arn:aws:ssm:ap-southeast-1:458889634459:parameter/domrov/backend/JWT_ACCESS_TOKEN_EXPIRE\",\"arn:aws:ssm:ap-southeast-1:458889634459:parameter/domrov/backend/JWT_REFRESH_TOKEN_EXPIRE\",\"arn:aws:ssm:ap-southeast-1:458889634459:parameter/domrov/backend/JWT_REFRESH_TOKEN_SECRET\",\"arn:aws:ssm:ap-southeast-1:458889634459:parameter/domrov/backend/SMTP_HOST\",\"arn:aws:ssm:ap-southeast-1:458889634459:parameter/domrov/backend/SMTP_PORT\",\"arn:aws:ssm:ap-southeast-1:458889634459:parameter/domrov/backend/SMTP_SECURE\",\"arn:aws:ssm:ap-southeast-1:458889634459:parameter/domrov/backend/SMTP_USER\",\"arn:aws:ssm:ap-southeast-1:458889634459:parameter/domrov/backend/SMTP_PASS\",\"arn:aws:ssm:ap-southeast-1:458889634459:parameter/domrov/backend/SMTP_FROM\",\"arn:aws:ssm:ap-southeast-1:458889634459:parameter/domrov/backend/GOOGLE_CLIENT_ID\",\"arn:aws:ssm:ap-southeast-1:458889634459:parameter/domrov/backend/GOOGLE_CLIENT_SECRET\",\"arn:aws:ssm:ap-southeast-1:458889634459:parameter/domrov/backend/GOOGLE_CALLBACK_URL\",\"arn:aws:ssm:ap-southeast-1:458889634459:parameter/domrov/backend/GIT_HUB_CLIENT_ID\",\"arn:aws:ssm:ap-southeast-1:458889634459:parameter/domrov/backend/GIT_HUB_CLIENT_SECRET\",\"arn:aws:ssm:ap-southeast-1:458889634459:parameter/domrov/backend/GIT_HUB_CALLBACK_URL\",\"arn:aws:ssm:ap-southeast-1:458889634459:parameter/domrov/backend/BASE_URL\",\"arn:aws:ssm:ap-southeast-1:458889634459:parameter/domrov/backend/JWT_INVITE_SECRET\",\"arn:aws:ssm:ap-southeast-1:458889634459:parameter/domrov/backend/BAKONG_TOKEN\",\"arn:aws:ssm:ap-southeast-1:458889634459:parameter/domrov/backend/BAKONG_API\",\"arn:aws:ssm:ap-southeast-1:458889634459:parameter/domrov/backend/BAKONG_BANK_ACCOUNT\",\"arn:aws:ssm:ap-southeast-1:458889634459:parameter/domrov/backend/MERCHANT_NAME\",\"arn:aws:ssm:ap-southeast-1:458889634459:parameter/domrov/backend/MERCHANT_CITY\",\"arn:aws:ssm:ap-southeast-1:458889634459:parameter/domrov/backend/PHONE_NUMBER\",\"arn:aws:ssm:ap-southeast-1:458889634459:parameter/domrov/backend/CODE_EVAL_GRPC_CLIENT_HOST\",\"arn:aws:ssm:ap-southeast-1:458889634459:parameter/domrov/backend/CODE_EVAL_GRPC_CLIENT_PORT\",\"arn:aws:ssm:ap-southeast-1:458889634459:parameter/domrov/backend/REDIS_URL\",\"arn:aws:ssm:ap-southeast-1:458889634459:parameter/domrov/backend/R2_ACCOUNT_ID\",\"arn:aws:ssm:ap-southeast-1:458889634459:parameter/domrov/backend/R2_TOKEN\",\"arn:aws:ssm:ap-southeast-1:458889634459:parameter/domrov/backend/R2_SECRET_KEY\",\"arn:aws:ssm:ap-southeast-1:458889634459:parameter/domrov/backend/R2_BUCKET\",\"arn:aws:ssm:ap-southeast-1:458889634459:parameter/domrov/backend/AI_KEY_MASTER_SECRET\",\"arn:aws:ssm:ap-southeast-1:458889634459:parameter/domrov/backend/CACHE_TYPE\",\"arn:aws:ssm:ap-southeast-1:458889634459:parameter/domrov/backend/SENTRY_DSN\",\"arn:aws:ssm:ap-southeast-1:458889634459:parameter/domrov/backend/CLOUDINARY_CLOUD_NAME\",\"arn:aws:ssm:ap-southeast-1:458889634459:parameter/domrov/backend/CLOUDINARY_API_KEY\",\"arn:aws:ssm:ap-southeast-1:458889634459:parameter/domrov/backend/CLOUDINARY_API_SECRET\",\"arn:aws:ssm:ap-southeast-1:458889634459:parameter/domrov/backend/DOMROV_SECRET_KEY\",\"arn:aws:ssm:ap-southeast-1:458889634459:parameter/domrov/backend/FRONTEND_URL\",\"arn:aws:ssm:ap-southeast-1:458889634459:parameter/domrov/backend/GEMINI_KEY\",\"arn:aws:ssm:ap-southeast-1:458889634459:parameter/domrov/backend/OLLAMA_API_KEY\",\"arn:aws:ssm:ap-southeast-1:458889634459:parameter/domrov/backend/GPT_KEY\",\"arn:aws:ssm:ap-southeast-1:458889634459:parameter/domrov/backend/DEEPSEEK_API_KEY\",\"arn:aws:ssm:ap-southeast-1:458889634459:parameter/domrov/backend/OPENROUTER_API_KEY\"]},{\"Action\":[\"ssm:GetParametersByPath\"],\"Effect\":\"Allow\",\"Resource\":\"arn:aws:ssm:ap-southeast-1:458889634459:parameter/domrov/*\"},{\"Action\":[\"kms:Decrypt\"],\"Condition\":{\"StringEquals\":{\"kms:ViaService\":\"ssm.ap-southeast-1.amazonaws.com\"}},\"Effect\":\"Allow\",\"Resource\":\"*\"}]}",
            "role": "domrov-ec2-role-20260409135639147100000001"
          },
          "sensitive_attributes": [],
          "identity_schema_version": 0,
          "identity": {
            "account_id": "458889634459",
            "name": "domrov-ec2-ssm-policy-20260409135642504200000004",
            "role": "domrov-ec2-role-20260409135639147100000001"
          },
          "private": "bnVsbA==",
          "dependencies": [
            "aws_iam_role.ec2_instance_role",
            "data.aws_caller_identity.current",
            "data.aws_region.current"
          ]
        }
      ]
    },
    {
      "mode": "managed",
      "type": "aws_iam_role_policy_attachment",
      "name": "ec2_instance_secrets_manager_policy",
      "provider": "provider[\"registry.terraform.io/hashicorp/aws\"]",
      "instances": [
        {
          "schema_version": 0,
          "attributes": {
            "id": "domrov-ec2-role-20260409135639147100000001/arn:aws:iam::458889634459:policy/SecretsManagerReadAccess",
            "policy_arn": "arn:aws:iam::458889634459:policy/SecretsManagerReadAccess",
            "role": "domrov-ec2-role-20260409135639147100000001"
          },
          "sensitive_attributes": [],
          "identity_schema_version": 0,
          "identity": {
            "account_id": "458889634459",
            "policy_arn": "arn:aws:iam::458889634459:policy/SecretsManagerReadAccess",
            "role": "domrov-ec2-role-20260409135639147100000001"
          },
          "private": "bnVsbA==",
          "dependencies": [
            "aws_iam_policy.secrets_manager_policy",
            "aws_iam_role.ec2_instance_role"
          ]
        }
      ]
    },
    {
      "mode": "managed",
      "type": "aws_iam_role_policy_attachment",
      "name": "ssm_managed_policy",
      "provider": "provider[\"registry.terraform.io/hashicorp/aws\"]",
      "instances": [
        {
          "schema_version": 0,
          "attributes": {
            "id": "domrov-ec2-role-20260409135639147100000001/arn:aws:iam::aws:policy/AmazonSSMManagedInstanceCore",
            "policy_arn": "arn:aws:iam::aws:policy/AmazonSSMManagedInstanceCore",
            "role": "domrov-ec2-role-20260409135639147100000001"
          },
          "sensitive_attributes": [],
          "identity_schema_version": 0,
          "identity": {
            "account_id": "458889634459",
            "policy_arn": "arn:aws:iam::aws:policy/AmazonSSMManagedInstanceCore",
            "role": "domrov-ec2-role-20260409135639147100000001"
          },
          "private": "bnVsbA==",
          "dependencies": [
            "aws_iam_role.ec2_instance_role"
          ]
        }
      ]
    },
    {
      "mode": "managed",
      "type": "aws_internet_gateway",
      "name": "igw",
      "provider": "provider[\"registry.terraform.io/hashicorp/aws\"]",
      "instances": [
        {
          "schema_version": 0,
          "attributes": {
            "arn": "arn:aws:ec2:ap-southeast-1:458889634459:internet-gateway/igw-06c4e01ccb7f92cbd",
            "id": "igw-06c4e01ccb7f92cbd",
            "owner_id": "458889634459",
            "region": "ap-southeast-1",
            "tags": {
              "Name": "main-igw"
            },
            "tags_all": {
              "Name": "main-igw"
            },
            "timeouts": null,
            "vpc_id": "vpc-06551a6a393a2d80f"
          },
          "sensitive_attributes": [],
          "identity_schema_version": 0,
          "private": "eyJlMmJmYjczMC1lY2FhLTExZTYtOGY4OC0zNDM2M2JjN2M0YzAiOnsiY3JlYXRlIjoxMjAwMDAwMDAwMDAwLCJkZWxldGUiOjEyMDAwMDAwMDAwMDAsInVwZGF0ZSI6MTIwMDAwMDAwMDAwMH19",
          "dependencies": [
            "aws_vpc.my_vpc"
          ]
        }
      ]
    },
    {
      "mode": "managed",
      "type": "aws_launch_template",
      "name": "app_launch_template",
      "provider": "provider[\"registry.terraform.io/hashicorp/aws\"]",
      "instances": [
        {
          "schema_version": 1,
          "attributes": {
            "arn": "arn:aws:ec2:ap-southeast-1:458889634459:launch-template/lt-00d8b634b3468510a",
            "block_device_mappings": [
              {
                "device_name": "/dev/sda1",
                "ebs": [
                  {
                    "delete_on_termination": "true",
                    "encrypted": "true",
                    "iops": 0,
                    "kms_key_id": "",
                    "snapshot_id": "",
                    "throughput": 0,
                    "volume_initialization_rate": 0,
                    "volume_size": 20,
                    "volume_type": "gp3"
                  }
                ],
                "no_device": "",
                "virtual_name": ""
              }
            ],
            "capacity_reservation_specification": [],
            "cpu_options": [],
            "credit_specification": [],
            "default_version": 1,
            "description": "",
            "disable_api_stop": false,
            "disable_api_termination": false,
            "ebs_optimized": "",
            "enclave_options": [],
            "hibernation_options": [],
            "iam_instance_profile": [
              {
                "arn": "arn:aws:iam::458889634459:instance-profile/domrov-ec2-instance-profile-20260409135642501300000003",
                "name": ""
              }
            ],
            "id": "lt-00d8b634b3468510a",
            "image_id": "ami-0e7ff22101b84bcff",
            "instance_initiated_shutdown_behavior": "",
            "instance_market_options": [],
            "instance_requirements": [],
            "instance_type": "t3.small",
            "kernel_id": "",
            "key_name": "domrov",
            "latest_version": 1,
            "license_specification": [],
            "maintenance_options": [],
            "metadata_options": [
              {
                "http_endpoint": "enabled",
                "http_protocol_ipv6": "",
                "http_put_response_hop_limit": 1,
                "http_tokens": "optional",
                "instance_metadata_tags": "enabled"
              }
            ],
            "monitoring": [],
            "name": "domrov-app-2026040913565142960000000b",
            "name_prefix": "domrov-app-",
            "network_interfaces": [],
            "network_performance_options": [],
            "placement": [],
            "private_dns_name_options": [],
            "ram_disk_id": "",
            "region": "ap-southeast-1",
            "secondary_interfaces": [],
            "security_group_names": null,
            "tag_specifications": [
              {
                "resource_type": "instance",
                "tags": {
                  "Environment": "production",
                  "Name": "domrov-app-instance",
                  "Project": "domrov"
                }
              },
              {
                "resource_type": "volume",
                "tags": {
                  "Environment": "production",
                  "Name": "domrov-app-volume",
                  "Project": "domrov"
                }
              }
            ],
            "tags": null,
            "tags_all": {},
            "update_default_version": null,
            "user_data": "IyEvYmluL2Jhc2gKCiMgMS4gTG9nZ2luZyBhbmQgU2FmZXR5CmV4ZWMgPiA+KHRlZSAvdmFyL2xvZy91c2VyLWRhdGEubG9nKSAyPiYxCmVjaG8gIj09PSBTdGFydCBEZXBsb3ltZW50IChNYW51YWwgRml4KTogJChkYXRlKSA9PT0iCgpleHBvcnQgREVCSUFOX0ZST05URU5EPW5vbmludGVyYWN0aXZlCmV4cG9ydCBBV1NfREVGQVVMVF9SRUdJT049YXAtc291dGhlYXN0LTEKCiMgMi4gSW5zdGFsbCBEb2NrZXIgJiBBV1MgQ0xJIHYyIChUaGUgbW9kZXJuIHdheSkKZWNobyAiSW5zdGFsbGluZyBEZXBlbmRlbmNpZXMuLi4iCmFwdC1nZXQgdXBkYXRlIC15CiMgT24gVWJ1bnR1IE5vYmxlLCB3ZSB1c2UgJ2F3c2NsaScgdmlhIHNuYXAgb3IgdW56aXAgdGhlIG9mZmljaWFsIGJ1bmRsZQphcHQtZ2V0IGluc3RhbGwgLXkgZG9ja2VyLmlvIGpxIGN1cmwgdW56aXAgLXkKCmlmICEgY29tbWFuZCAtdiBhd3MgJj4gL2Rldi9udWxsOyB0aGVuCiAgICBlY2hvICJJbnN0YWxsaW5nIEFXUyBDTEkgdjIuLi4iCiAgICBjdXJsICJodHRwczovL2F3c2NsaS5hbWF6b25hd3MuY29tL2F3c2NsaS1leGUtbGludXgteDg2XzY0LnppcCIgLW8gImF3c2NsaXYyLnppcCIKICAgIHVuemlwIC1xIGF3c2NsaXYyLnppcAogICAgc3VkbyAuL2F3cy9pbnN0YWxsIC0tdXBkYXRlCiAgICBybSAtcmYgYXdzY2xpdjIuemlwIC4vYXdzCmZpCgpzeXN0ZW1jdGwgc3RhcnQgZG9ja2VyCnN5c3RlbWN0bCBlbmFibGUgZG9ja2VyCgojIDMuIEZldGNoIFNTTSBTZWNyZXRzIChIYXJkY29kZWQgZm9yIE1hbnVhbCBSdW4pCiMgU2luY2UgeW91IGFyZSBydW5uaW5nIHRoaXMgbWFudWFsbHksIHdlIGNhbid0IHVzZSBUZXJyYWZvcm0gJXsgZm9yIH0gbG9vcHMuCiMgV2Ugd2lsbCB1c2UgdGhlIEFXUyBDTEkgdG8gcHVsbCBldmVyeXRoaW5nIHVuZGVyIHlvdXIgcHJlZml4IGF1dG9tYXRpY2FsbHkuCmVjaG8gIkZldGNoaW5nIHNlY3JldHMgZnJvbSBTU00uLi4iCkVOVl9QQVRIPSIvaG9tZS91YnVudHUvLmVudiIKUEFSQU1fUFJFRklYPSIvZG9tcm92L2JhY2tlbmQiCgojIFRoaXMgcHVsbHMgQUxMIHBhcmFtZXRlcnMgdW5kZXIgdGhlIHBhdGggYW5kIGZvcm1hdHMgdGhlbSBpbnRvIGEgLmVudiBmaWxlCmF3cyBzc20gZ2V0LXBhcmFtZXRlcnMtYnktcGF0aCBcCiAgLS1wYXRoICIkUEFSQU1fUFJFRklYIiBcCiAgLS1yZWN1cnNpdmUgXAogIC0td2l0aC1kZWNyeXB0aW9uIFwKICAtLXF1ZXJ5ICJQYXJhbWV0ZXJzWypdLntOYW1lOk5hbWUsVmFsdWU6VmFsdWV9IiBcCiAgLS1vdXRwdXQganNvbiB8IGpxIC1yICIuW10gfCBcIlwoLk5hbWUgfCBzcGxpdChcIi9cIikgfCBsYXN0KT1cKC5WYWx1ZSlcIiIgPiAkRU5WX1BBVEgKCmNob3duIHVidW50dTp1YnVudHUgJEVOVl9QQVRICmNobW9kIDYwMCAkRU5WX1BBVEgKCiMgNC4gRGVmaW5lIHlvdXIgSW1hZ2VzCkFQUF9JTUFHRT0icGh5dmF0aGFuYWsvbmVzdGpzLWJhY2tlbmQ6bGF0ZXN0IgpDT0RFX0VWQUxfSU1BR0U9InBoeXZhdGhhbmFrL2NvZGVfZXZhbDpsYXRlc3QiCkFQUF9QT1JUPSIzMDAwIgoKIyA1LiBDcmVhdGUgTmV0d29yayBhbmQgUnVuCmRvY2tlciBuZXR3b3JrIGNyZWF0ZSBkb21yb3YtbmV0d29yayB8fCB0cnVlCgplY2hvICJTdGFydGluZyBjb250YWluZXJzLi4uIgpkb2NrZXIgcHVsbCAkQ09ERV9FVkFMX0lNQUdFCmRvY2tlciBydW4gLWQgLS1uYW1lIGRvbXJvdi1jb2RlLWV2YWwgLS1uZXR3b3JrIGRvbXJvdi1uZXR3b3JrIC0tcmVzdGFydCB1bmxlc3Mtc3RvcHBlZCAtLWVudi1maWxlICRFTlZfUEFUSCAkQ09ERV9FVkFMX0lNQUdFCgpkb2NrZXIgcHVsbCAkQVBQX0lNQUdFCmRvY2tlciBydW4gLWQgLS1uYW1lIGRvbXJvdi1hcHAgLS1uZXR3b3JrIGRvbXJvdi1uZXR3b3JrIC0tcmVzdGFydCB1bmxlc3Mtc3RvcHBlZCBcCiAgLXAgJHtBUFBfUE9SVH06JHtBUFBfUE9SVH0gXAogIC0tZW52LWZpbGUgJEVOVl9QQVRIIFwKICAtZSBDT0RFX0VWQUxfR1JQQ19DTElFTlRfSE9TVD1kb21yb3YtY29kZS1ldmFsIFwKICAtZSBDT0RFX0VWQUxfR1JQQ19DTElFTlRfUE9SVD01MDA1MSBcCiAgJEFQUF9JTUFHRQoKZWNobyAiPT09IEZpbmFsIFN0YXR1cyA9PT0iCmRvY2tlciBwcw==",
            "vpc_security_group_ids": [
              "sg-0fbf3aa114c948066"
            ]
          },
          "sensitive_attributes": [],
          "identity_schema_version": 0,
          "private": "eyJzY2hlbWFfdmVyc2lvbiI6IjEifQ==",
          "dependencies": [
            "aws_iam_instance_profile.ec2_instance_profile",
            "aws_iam_role.ec2_instance_role",
            "aws_security_group.app_sg",
            "aws_security_group.lb_sg",
            "aws_vpc.my_vpc"
          ]
        }
      ]
    },
    {
      "mode": "managed",
      "type": "aws_lb",
      "name": "app_lb",
      "provider": "provider[\"registry.terraform.io/hashicorp/aws\"]",
      "instances": [
        {
          "schema_version": 0,
          "attributes": {
            "access_logs": [
              {
                "bucket": "",
                "enabled": false,
                "prefix": ""
              }
            ],
            "arn": "arn:aws:elasticloadbalancing:ap-southeast-1:458889634459:loadbalancer/app/domrov-app-lb/2ad70ea63aa2ed55",
            "arn_suffix": "app/domrov-app-lb/2ad70ea63aa2ed55",
            "client_keep_alive": 3600,
            "connection_logs": [
              {
                "bucket": "",
                "enabled": false,
                "prefix": ""
              }
            ],
            "customer_owned_ipv4_pool": "",
            "desync_mitigation_mode": "defensive",
            "dns_name": "domrov-app-lb-1192332671.ap-southeast-1.elb.amazonaws.com",
            "dns_record_client_routing_policy": null,
            "drop_invalid_header_fields": false,
            "enable_cross_zone_load_balancing": true,
            "enable_deletion_protection": false,
            "enable_http2": true,
            "enable_tls_version_and_cipher_suite_headers": false,
            "enable_waf_fail_open": false,
            "enable_xff_client_port": false,
            "enable_zonal_shift": false,
            "enforce_security_group_inbound_rules_on_private_link_traffic": "",
            "health_check_logs": [
              {
                "bucket": "",
                "enabled": false,
                "prefix": ""
              }
            ],
            "id": "arn:aws:elasticloadbalancing:ap-southeast-1:458889634459:loadbalancer/app/domrov-app-lb/2ad70ea63aa2ed55",
            "idle_timeout": 60,
            "internal": false,
            "ip_address_type": "ipv4",
            "ipam_pools": [],
            "load_balancer_type": "application",
            "minimum_load_balancer_capacity": [],
            "name": "domrov-app-lb",
            "name_prefix": "",
            "preserve_host_header": false,
            "region": "ap-southeast-1",
            "secondary_ips_auto_assigned_per_subnet": null,
            "security_groups": [
              "sg-02982fe484d9c0c49"
            ],
            "subnet_mapping": [
              {
                "allocation_id": "",
                "ipv6_address": "",
                "outpost_id": "",
                "private_ipv4_address": "",
                "subnet_id": "subnet-08cc426782bb7090f"
              },
              {
                "allocation_id": "",
                "ipv6_address": "",
                "outpost_id": "",
                "private_ipv4_address": "",
                "subnet_id": "subnet-0a88e73e696b3677d"
              }
            ],
            "subnets": [
              "subnet-08cc426782bb7090f",
              "subnet-0a88e73e696b3677d"
            ],
            "tags": {
              "Name": "domrov-app-lb"
            },
            "tags_all": {
              "Name": "domrov-app-lb"
            },
            "timeouts": null,
            "vpc_id": "vpc-06551a6a393a2d80f",
            "xff_header_processing_mode": "append",
            "zone_id": "Z1LMS91P8CMLE5"
          },
          "sensitive_attributes": [],
          "identity_schema_version": 0,
          "identity": {
            "arn": "arn:aws:elasticloadbalancing:ap-southeast-1:458889634459:loadbalancer/app/domrov-app-lb/2ad70ea63aa2ed55"
          },
          "private": "eyJlMmJmYjczMC1lY2FhLTExZTYtOGY4OC0zNDM2M2JjN2M0YzAiOnsiY3JlYXRlIjo2MDAwMDAwMDAwMDAsImRlbGV0ZSI6NjAwMDAwMDAwMDAwLCJ1cGRhdGUiOjYwMDAwMDAwMDAwMH19",
          "dependencies": [
            "aws_security_group.lb_sg",
            "aws_subnet.public_a",
            "aws_subnet.public_b",
            "aws_vpc.my_vpc"
          ]
        }
      ]
    },
    {
      "mode": "managed",
      "type": "aws_lb_listener",
      "name": "http",
      "provider": "provider[\"registry.terraform.io/hashicorp/aws\"]",
      "instances": [
        {
          "schema_version": 0,
          "attributes": {
            "alpn_policy": null,
            "arn": "arn:aws:elasticloadbalancing:ap-southeast-1:458889634459:listener/app/domrov-app-lb/2ad70ea63aa2ed55/381f09aa4e002257",
            "certificate_arn": null,
            "default_action": [
              {
                "authenticate_cognito": [],
                "authenticate_oidc": [],
                "fixed_response": [],
                "forward": [],
                "jwt_validation": [],
                "order": 1,
                "redirect": [],
                "target_group_arn": "arn:aws:elasticloadbalancing:ap-southeast-1:458889634459:targetgroup/domrov-app-tg/3bb0d5e309650e24",
                "type": "forward"
              }
            ],
            "id": "arn:aws:elasticloadbalancing:ap-southeast-1:458889634459:listener/app/domrov-app-lb/2ad70ea63aa2ed55/381f09aa4e002257",
            "load_balancer_arn": "arn:aws:elasticloadbalancing:ap-southeast-1:458889634459:loadbalancer/app/domrov-app-lb/2ad70ea63aa2ed55",
            "mutual_authentication": [],
            "port": 80,
            "protocol": "HTTP",
            "region": "ap-southeast-1",
            "routing_http_request_x_amzn_mtls_clientcert_header_name": null,
            "routing_http_request_x_amzn_mtls_clientcert_issuer_header_name": null,
            "routing_http_request_x_amzn_mtls_clientcert_leaf_header_name": null,
            "routing_http_request_x_amzn_mtls_clientcert_serial_number_header_name": null,
            "routing_http_request_x_amzn_mtls_clientcert_subject_header_name": null,
            "routing_http_request_x_amzn_mtls_clientcert_validity_header_name": null,
            "routing_http_request_x_amzn_tls_cipher_suite_header_name": null,
            "routing_http_request_x_amzn_tls_version_header_name": null,
            "routing_http_response_access_control_allow_credentials_header_value": "",
            "routing_http_response_access_control_allow_headers_header_value": "",
            "routing_http_response_access_control_allow_methods_header_value": "",
            "routing_http_response_access_control_allow_origin_header_value": "",
            "routing_http_response_access_control_expose_headers_header_value": "",
            "routing_http_response_access_control_max_age_header_value": "",
            "routing_http_response_content_security_policy_header_value": "",
            "routing_http_response_server_enabled": true,
            "routing_http_response_strict_transport_security_header_value": "",
            "routing_http_response_x_content_type_options_header_value": "",
            "routing_http_response_x_frame_options_header_value": "",
            "ssl_policy": "",
            "tags": null,
            "tags_all": {},
            "tcp_idle_timeout_seconds": null,
            "timeouts": null
          },
          "sensitive_attributes": [],
          "identity_schema_version": 0,
          "identity": {
            "arn": "arn:aws:elasticloadbalancing:ap-southeast-1:458889634459:listener/app/domrov-app-lb/2ad70ea63aa2ed55/381f09aa4e002257"
          },
          "private": "eyJlMmJmYjczMC1lY2FhLTExZTYtOGY4OC0zNDM2M2JjN2M0YzAiOnsiY3JlYXRlIjozMDAwMDAwMDAwMDAsInVwZGF0ZSI6MzAwMDAwMDAwMDAwfX0=",
          "dependencies": [
            "aws_lb.app_lb",
            "aws_lb_target_group.app_tg",
            "aws_security_group.lb_sg",
            "aws_subnet.public_a",
            "aws_subnet.public_b",
            "aws_vpc.my_vpc"
          ]
        }
      ]
    },
    {
      "mode": "managed",
      "type": "aws_lb_target_group",
      "name": "app_tg",
      "provider": "provider[\"registry.terraform.io/hashicorp/aws\"]",
      "instances": [
        {
          "schema_version": 0,
          "attributes": {
            "arn": "arn:aws:elasticloadbalancing:ap-southeast-1:458889634459:targetgroup/domrov-app-tg/3bb0d5e309650e24",
            "arn_suffix": "targetgroup/domrov-app-tg/3bb0d5e309650e24",
            "connection_termination": null,
            "deregistration_delay": "30",
            "health_check": [
              {
                "enabled": true,
                "healthy_threshold": 2,
                "interval": 30,
                "matcher": "200",
                "path": "/health",
                "port": "traffic-port",
                "protocol": "HTTP",
                "timeout": 5,
                "unhealthy_threshold": 2
              }
            ],
            "id": "arn:aws:elasticloadbalancing:ap-southeast-1:458889634459:targetgroup/domrov-app-tg/3bb0d5e309650e24",
            "ip_address_type": "ipv4",
            "lambda_multi_value_headers_enabled": false,
            "load_balancer_arns": [],
            "load_balancing_algorithm_type": "round_robin",
            "load_balancing_anomaly_mitigation": "off",
            "load_balancing_cross_zone_enabled": "use_load_balancer_configuration",
            "name": "domrov-app-tg",
            "name_prefix": "",
            "port": 3000,
            "preserve_client_ip": null,
            "protocol": "HTTP",
            "protocol_version": "HTTP1",
            "proxy_protocol_v2": false,
            "region": "ap-southeast-1",
            "slow_start": 0,
            "stickiness": [
              {
                "cookie_duration": 86400,
                "cookie_name": "",
                "enabled": false,
                "type": "lb_cookie"
              }
            ],
            "tags": {
              "Name": "domrov-app-tg"
            },
            "tags_all": {
              "Name": "domrov-app-tg"
            },
            "target_control_port": 0,
            "target_failover": [
              {
                "on_deregistration": null,
                "on_unhealthy": null
              }
            ],
            "target_group_health": [
              {
                "dns_failover": [
                  {
                    "minimum_healthy_targets_count": "1",
                    "minimum_healthy_targets_percentage": "off"
                  }
                ],
                "unhealthy_state_routing": [
                  {
                    "minimum_healthy_targets_count": 1,
                    "minimum_healthy_targets_percentage": "off"
                  }
                ]
              }
            ],
            "target_health_state": [
              {
                "enable_unhealthy_connection_termination": null,
                "unhealthy_draining_interval": null
              }
            ],
            "target_type": "instance",
            "vpc_id": "vpc-06551a6a393a2d80f"
          },
          "sensitive_attributes": [],
          "identity_schema_version": 0,
          "identity": {
            "arn": "arn:aws:elasticloadbalancing:ap-southeast-1:458889634459:targetgroup/domrov-app-tg/3bb0d5e309650e24"
          },
          "private": "bnVsbA==",
          "dependencies": [
            "aws_vpc.my_vpc"
          ]
        }
      ]
    },
    {
      "mode": "managed",
      "type": "aws_nat_gateway",
      "name": "nat",
      "provider": "provider[\"registry.terraform.io/hashicorp/aws\"]",
      "instances": [
        {
          "schema_version": 0,
          "attributes": {
            "allocation_id": "eipalloc-04a198e6bc852ec6e",
            "association_id": "eipassoc-0742764d80a2ce9cb",
            "auto_provision_zones": null,
            "auto_scaling_ips": null,
            "availability_mode": "zonal",
            "availability_zone_address": [],
            "connectivity_type": "public",
            "id": "nat-0b06165b19f0017d3",
            "network_interface_id": "eni-01f9a8130e1cffe29",
            "private_ip": "10.0.1.43",
            "public_ip": "52.77.200.105",
            "region": "ap-southeast-1",
            "regional_nat_gateway_address": [],
            "regional_nat_gateway_auto_mode": null,
            "route_table_id": null,
            "secondary_allocation_ids": [],
            "secondary_private_ip_address_count": 0,
            "secondary_private_ip_addresses": [],
            "subnet_id": "subnet-08cc426782bb7090f",
            "tags": {
              "Name": "domrov-nat-gw"
            },
            "tags_all": {
              "Name": "domrov-nat-gw"
            },
            "timeouts": null,
            "vpc_id": "vpc-06551a6a393a2d80f"
          },
          "sensitive_attributes": [],
          "identity_schema_version": 0,
          "private": "eyJlMmJmYjczMC1lY2FhLTExZTYtOGY4OC0zNDM2M2JjN2M0YzAiOnsiY3JlYXRlIjo2MDAwMDAwMDAwMDAsImRlbGV0ZSI6MTgwMDAwMDAwMDAwMCwidXBkYXRlIjo2MDAwMDAwMDAwMDB9fQ==",
          "dependencies": [
            "aws_eip.nat",
            "aws_internet_gateway.igw",
            "aws_subnet.public_a",
            "aws_vpc.my_vpc"
          ]
        }
      ]
    },
    {
      "mode": "managed",
      "type": "aws_route_table",
      "name": "private_rt",
      "provider": "provider[\"registry.terraform.io/hashicorp/aws\"]",
      "instances": [
        {
          "schema_version": 0,
          "attributes": {
            "arn": "arn:aws:ec2:ap-southeast-1:458889634459:route-table/rtb-0463be349c0098289",
            "id": "rtb-0463be349c0098289",
            "owner_id": "458889634459",
            "propagating_vgws": [],
            "region": "ap-southeast-1",
            "route": [
              {
                "carrier_gateway_id": "",
                "cidr_block": "0.0.0.0/0",
                "core_network_arn": "",
                "destination_prefix_list_id": "",
                "egress_only_gateway_id": "",
                "gateway_id": "",
                "ipv6_cidr_block": "",
                "local_gateway_id": "",
                "nat_gateway_id": "nat-0b06165b19f0017d3",
                "network_interface_id": "",
                "transit_gateway_id": "",
                "vpc_endpoint_id": "",
                "vpc_peering_connection_id": ""
              }
            ],
            "tags": {
              "Name": "private-rt"
            },
            "tags_all": {
              "Name": "private-rt"
            },
            "timeouts": null,
            "vpc_id": "vpc-06551a6a393a2d80f"
          },
          "sensitive_attributes": [],
          "identity_schema_version": 0,
          "identity": {
            "account_id": "458889634459",
            "id": "rtb-0463be349c0098289",
            "region": "ap-southeast-1"
          },
          "private": "eyJlMmJmYjczMC1lY2FhLTExZTYtOGY4OC0zNDM2M2JjN2M0YzAiOnsiY3JlYXRlIjozMDAwMDAwMDAwMDAsImRlbGV0ZSI6MzAwMDAwMDAwMDAwLCJ1cGRhdGUiOjEyMDAwMDAwMDAwMH19",
          "dependencies": [
            "aws_eip.nat",
            "aws_internet_gateway.igw",
            "aws_nat_gateway.nat",
            "aws_subnet.public_a",
            "aws_vpc.my_vpc"
          ]
        }
      ]
    },
    {
      "mode": "managed",
      "type": "aws_route_table",
      "name": "public_rt",
      "provider": "provider[\"registry.terraform.io/hashicorp/aws\"]",
      "instances": [
        {
          "schema_version": 0,
          "attributes": {
            "arn": "arn:aws:ec2:ap-southeast-1:458889634459:route-table/rtb-071d522147192da9e",
            "id": "rtb-071d522147192da9e",
            "owner_id": "458889634459",
            "propagating_vgws": [],
            "region": "ap-southeast-1",
            "route": [
              {
                "carrier_gateway_id": "",
                "cidr_block": "0.0.0.0/0",
                "core_network_arn": "",
                "destination_prefix_list_id": "",
                "egress_only_gateway_id": "",
                "gateway_id": "igw-06c4e01ccb7f92cbd",
                "ipv6_cidr_block": "",
                "local_gateway_id": "",
                "nat_gateway_id": "",
                "network_interface_id": "",
                "transit_gateway_id": "",
                "vpc_endpoint_id": "",
                "vpc_peering_connection_id": ""
              }
            ],
            "tags": null,
            "tags_all": {},
            "timeouts": null,
            "vpc_id": "vpc-06551a6a393a2d80f"
          },
          "sensitive_attributes": [],
          "identity_schema_version": 0,
          "identity": {
            "account_id": "458889634459",
            "id": "rtb-071d522147192da9e",
            "region": "ap-southeast-1"
          },
          "private": "eyJlMmJmYjczMC1lY2FhLTExZTYtOGY4OC0zNDM2M2JjN2M0YzAiOnsiY3JlYXRlIjozMDAwMDAwMDAwMDAsImRlbGV0ZSI6MzAwMDAwMDAwMDAwLCJ1cGRhdGUiOjEyMDAwMDAwMDAwMH19",
          "dependencies": [
            "aws_internet_gateway.igw",
            "aws_vpc.my_vpc"
          ]
        }
      ]
    },
    {
      "mode": "managed",
      "type": "aws_route_table_association",
      "name": "private_a_assoc",
      "provider": "provider[\"registry.terraform.io/hashicorp/aws\"]",
      "instances": [
        {
          "schema_version": 0,
          "attributes": {
            "gateway_id": "",
            "id": "rtbassoc-0807524548b23e3e4",
            "region": "ap-southeast-1",
            "route_table_id": "rtb-0463be349c0098289",
            "subnet_id": "subnet-0dbdebadd3c56393e",
            "timeouts": null
          },
          "sensitive_attributes": [],
          "identity_schema_version": 0,
          "identity": {
            "account_id": "458889634459",
            "id": "rtbassoc-0807524548b23e3e4",
            "region": "ap-southeast-1"
          },
          "private": "eyJlMmJmYjczMC1lY2FhLTExZTYtOGY4OC0zNDM2M2JjN2M0YzAiOnsiY3JlYXRlIjozMDAwMDAwMDAwMDAsImRlbGV0ZSI6MzAwMDAwMDAwMDAwLCJ1cGRhdGUiOjEyMDAwMDAwMDAwMH19",
          "dependencies": [
            "aws_eip.nat",
            "aws_internet_gateway.igw",
            "aws_nat_gateway.nat",
            "aws_route_table.private_rt",
            "aws_subnet.private_a",
            "aws_subnet.public_a",
            "aws_vpc.my_vpc"
          ]
        }
      ]
    },
    {
      "mode": "managed",
      "type": "aws_route_table_association",
      "name": "private_b_assoc",
      "provider": "provider[\"registry.terraform.io/hashicorp/aws\"]",
      "instances": [
        {
          "schema_version": 0,
          "attributes": {
            "gateway_id": "",
            "id": "rtbassoc-0883aab4bd2ae6d3f",
            "region": "ap-southeast-1",
            "route_table_id": "rtb-0463be349c0098289",
            "subnet_id": "subnet-04b9842e1f265c30f",
            "timeouts": null
          },
          "sensitive_attributes": [],
          "identity_schema_version": 0,
          "identity": {
            "account_id": "458889634459",
            "id": "rtbassoc-0883aab4bd2ae6d3f",
            "region": "ap-southeast-1"
          },
          "private": "eyJlMmJmYjczMC1lY2FhLTExZTYtOGY4OC0zNDM2M2JjN2M0YzAiOnsiY3JlYXRlIjozMDAwMDAwMDAwMDAsImRlbGV0ZSI6MzAwMDAwMDAwMDAwLCJ1cGRhdGUiOjEyMDAwMDAwMDAwMH19",
          "dependencies": [
            "aws_eip.nat",
            "aws_internet_gateway.igw",
            "aws_nat_gateway.nat",
            "aws_route_table.private_rt",
            "aws_subnet.private_b",
            "aws_subnet.public_a",
            "aws_vpc.my_vpc"
          ]
        }
      ]
    },
    {
      "mode": "managed",
      "type": "aws_route_table_association",
      "name": "public_a_assoc",
      "provider": "provider[\"registry.terraform.io/hashicorp/aws\"]",
      "instances": [
        {
          "schema_version": 0,
          "attributes": {
            "gateway_id": "",
            "id": "rtbassoc-0ddb7a789a989ba8d",
            "region": "ap-southeast-1",
            "route_table_id": "rtb-071d522147192da9e",
            "subnet_id": "subnet-08cc426782bb7090f",
            "timeouts": null
          },
          "sensitive_attributes": [],
          "identity_schema_version": 0,
          "identity": {
            "account_id": "458889634459",
            "id": "rtbassoc-0ddb7a789a989ba8d",
            "region": "ap-southeast-1"
          },
          "private": "eyJlMmJmYjczMC1lY2FhLTExZTYtOGY4OC0zNDM2M2JjN2M0YzAiOnsiY3JlYXRlIjozMDAwMDAwMDAwMDAsImRlbGV0ZSI6MzAwMDAwMDAwMDAwLCJ1cGRhdGUiOjEyMDAwMDAwMDAwMH19",
          "dependencies": [
            "aws_internet_gateway.igw",
            "aws_route_table.public_rt",
            "aws_subnet.public_a",
            "aws_vpc.my_vpc"
          ]
        }
      ]
    },
    {
      "mode": "managed",
      "type": "aws_route_table_association",
      "name": "public_b_assoc",
      "provider": "provider[\"registry.terraform.io/hashicorp/aws\"]",
      "instances": [
        {
          "schema_version": 0,
          "attributes": {
            "gateway_id": "",
            "id": "rtbassoc-0144c606a69bd21f9",
            "region": "ap-southeast-1",
            "route_table_id": "rtb-071d522147192da9e",
            "subnet_id": "subnet-0a88e73e696b3677d",
            "timeouts": null
          },
          "sensitive_attributes": [],
          "identity_schema_version": 0,
          "identity": {
            "account_id": "458889634459",
            "id": "rtbassoc-0144c606a69bd21f9",
            "region": "ap-southeast-1"
          },
          "private": "eyJlMmJmYjczMC1lY2FhLTExZTYtOGY4OC0zNDM2M2JjN2M0YzAiOnsiY3JlYXRlIjozMDAwMDAwMDAwMDAsImRlbGV0ZSI6MzAwMDAwMDAwMDAwLCJ1cGRhdGUiOjEyMDAwMDAwMDAwMH19",
          "dependencies": [
            "aws_internet_gateway.igw",
            "aws_route_table.public_rt",
            "aws_subnet.public_b",
            "aws_vpc.my_vpc"
          ]
        }
      ]
    },
    {
      "mode": "managed",
      "type": "aws_security_group",
      "name": "app_sg",
      "provider": "provider[\"registry.terraform.io/hashicorp/aws\"]",
      "instances": [
        {
          "schema_version": 1,
          "attributes": {
            "arn": "arn:aws:ec2:ap-southeast-1:458889634459:security-group/sg-0fbf3aa114c948066",
            "description": "Managed by Terraform",
            "egress": [
              {
                "cidr_blocks": [
                  "0.0.0.0/0"
                ],
                "description": "",
                "from_port": 0,
                "ipv6_cidr_blocks": [],
                "prefix_list_ids": [],
                "protocol": "-1",
                "security_groups": [],
                "self": false,
                "to_port": 0
              }
            ],
            "id": "sg-0fbf3aa114c948066",
            "ingress": [
              {
                "cidr_blocks": [
                  "0.0.0.0/0"
                ],
                "description": "SSH from your IP only",
                "from_port": 22,
                "ipv6_cidr_blocks": [],
                "prefix_list_ids": [],
                "protocol": "tcp",
                "security_groups": [],
                "self": false,
                "to_port": 22
              },
              {
                "cidr_blocks": [],
                "description": "Application Port from ALB only",
                "from_port": 3000,
                "ipv6_cidr_blocks": [],
                "prefix_list_ids": [],
                "protocol": "tcp",
                "security_groups": [
                  "sg-02982fe484d9c0c49"
                ],
                "self": false,
                "to_port": 3000
              },
              {
                "cidr_blocks": [],
                "description": "HTTPS for VPC Endpoints",
                "from_port": 443,
                "ipv6_cidr_blocks": [],
                "prefix_list_ids": [],
                "protocol": "tcp",
                "security_groups": [],
                "self": true,
                "to_port": 443
              },
              {
                "cidr_blocks": [],
                "description": "gRPC between instances",
                "from_port": 50051,
                "ipv6_cidr_blocks": [],
                "prefix_list_ids": [],
                "protocol": "tcp",
                "security_groups": [],
                "self": true,
                "to_port": 50051
              }
            ],
            "name": "domrov-app-sg-20260409135643803900000005",
            "name_prefix": "domrov-app-sg-",
            "owner_id": "458889634459",
            "region": "ap-southeast-1",
            "revoke_rules_on_delete": false,
            "tags": {
              "Environment": "production",
              "Name": "domrov-app-sg"
            },
            "tags_all": {
              "Environment": "production",
              "Name": "domrov-app-sg"
            },
            "timeouts": null,
            "vpc_id": "vpc-06551a6a393a2d80f"
          },
          "sensitive_attributes": [],
          "identity_schema_version": 0,
          "identity": {
            "account_id": "458889634459",
            "id": "sg-0fbf3aa114c948066",
            "region": "ap-southeast-1"
          },
          "private": "eyJlMmJmYjczMC1lY2FhLTExZTYtOGY4OC0zNDM2M2JjN2M0YzAiOnsiY3JlYXRlIjo2MDAwMDAwMDAwMDAsImRlbGV0ZSI6OTAwMDAwMDAwMDAwfSwic2NoZW1hX3ZlcnNpb24iOiIxIn0=",
          "dependencies": [
            "aws_security_group.lb_sg",
            "aws_vpc.my_vpc"
          ]
        }
      ]
    },
    {
      "mode": "managed",
      "type": "aws_security_group",
      "name": "lb_sg",
      "provider": "provider[\"registry.terraform.io/hashicorp/aws\"]",
      "instances": [
        {
          "schema_version": 1,
          "attributes": {
            "arn": "arn:aws:ec2:ap-southeast-1:458889634459:security-group/sg-02982fe484d9c0c49",
            "description": "Allow HTTP traffic to LB",
            "egress": [
              {
                "cidr_blocks": [
                  "0.0.0.0/0"
                ],
                "description": "",
                "from_port": 0,
                "ipv6_cidr_blocks": [],
                "prefix_list_ids": [],
                "protocol": "-1",
                "security_groups": [],
                "self": false,
                "to_port": 0
              }
            ],
            "id": "sg-02982fe484d9c0c49",
            "ingress": [
              {
                "cidr_blocks": [
                  "0.0.0.0/0"
                ],
                "description": "HTTP",
                "from_port": 80,
                "ipv6_cidr_blocks": [],
                "prefix_list_ids": [],
                "protocol": "tcp",
                "security_groups": [],
                "self": false,
                "to_port": 80
              }
            ],
            "name": "domrov-lb-sg",
            "name_prefix": "",
            "owner_id": "458889634459",
            "region": "ap-southeast-1",
            "revoke_rules_on_delete": false,
            "tags": {
              "Name": "domrov-lb-sg"
            },
            "tags_all": {
              "Name": "domrov-lb-sg"
            },
            "timeouts": null,
            "vpc_id": "vpc-06551a6a393a2d80f"
          },
          "sensitive_attributes": [],
          "identity_schema_version": 0,
          "identity": {
            "account_id": "458889634459",
            "id": "sg-02982fe484d9c0c49",
            "region": "ap-southeast-1"
          },
          "private": "eyJlMmJmYjczMC1lY2FhLTExZTYtOGY4OC0zNDM2M2JjN2M0YzAiOnsiY3JlYXRlIjo2MDAwMDAwMDAwMDAsImRlbGV0ZSI6OTAwMDAwMDAwMDAwfSwic2NoZW1hX3ZlcnNpb24iOiIxIn0=",
          "dependencies": [
            "aws_vpc.my_vpc"
          ]
        }
      ]
    },
    {
      "mode": "managed",
      "type": "aws_subnet",
      "name": "private_a",
      "provider": "provider[\"registry.terraform.io/hashicorp/aws\"]",
      "instances": [
        {
          "schema_version": 1,
          "attributes": {
            "arn": "arn:aws:ec2:ap-southeast-1:458889634459:subnet/subnet-0dbdebadd3c56393e",
            "assign_ipv6_address_on_creation": false,
            "availability_zone": "ap-southeast-1a",
            "availability_zone_id": "apse1-az2",
            "cidr_block": "10.0.9.0/24",
            "customer_owned_ipv4_pool": "",
            "enable_dns64": false,
            "enable_lni_at_device_index": 0,
            "enable_resource_name_dns_a_record_on_launch": false,
            "enable_resource_name_dns_aaaa_record_on_launch": false,
            "id": "subnet-0dbdebadd3c56393e",
            "ipv4_ipam_pool_id": null,
            "ipv4_netmask_length": null,
            "ipv6_cidr_block": "",
            "ipv6_cidr_block_association_id": "",
            "ipv6_ipam_pool_id": null,
            "ipv6_native": false,
            "ipv6_netmask_length": null,
            "map_customer_owned_ip_on_launch": false,
            "map_public_ip_on_launch": false,
            "outpost_arn": "",
            "owner_id": "458889634459",
            "private_dns_hostname_type_on_launch": "ip-name",
            "region": "ap-southeast-1",
            "tags": {
              "Name": "private-subnet-a"
            },
            "tags_all": {
              "Name": "private-subnet-a"
            },
            "timeouts": null,
            "vpc_id": "vpc-06551a6a393a2d80f"
          },
          "sensitive_attributes": [],
          "identity_schema_version": 0,
          "identity": {
            "account_id": "458889634459",
            "id": "subnet-0dbdebadd3c56393e",
            "region": "ap-southeast-1"
          },
          "private": "eyJlMmJmYjczMC1lY2FhLTExZTYtOGY4OC0zNDM2M2JjN2M0YzAiOnsiY3JlYXRlIjo2MDAwMDAwMDAwMDAsImRlbGV0ZSI6MTIwMDAwMDAwMDAwMH0sInNjaGVtYV92ZXJzaW9uIjoiMSJ9",
          "dependencies": [
            "aws_vpc.my_vpc"
          ]
        }
      ]
    },
    {
      "mode": "managed",
      "type": "aws_subnet",
      "name": "private_b",
      "provider": "provider[\"registry.terraform.io/hashicorp/aws\"]",
      "instances": [
        {
          "schema_version": 1,
          "attributes": {
            "arn": "arn:aws:ec2:ap-southeast-1:458889634459:subnet/subnet-04b9842e1f265c30f",
            "assign_ipv6_address_on_creation": false,
            "availability_zone": "ap-southeast-1b",
            "availability_zone_id": "apse1-az1",
            "cidr_block": "10.0.10.0/24",
            "customer_owned_ipv4_pool": "",
            "enable_dns64": false,
            "enable_lni_at_device_index": 0,
            "enable_resource_name_dns_a_record_on_launch": false,
            "enable_resource_name_dns_aaaa_record_on_launch": false,
            "id": "subnet-04b9842e1f265c30f",
            "ipv4_ipam_pool_id": null,
            "ipv4_netmask_length": null,
            "ipv6_cidr_block": "",
            "ipv6_cidr_block_association_id": "",
            "ipv6_ipam_pool_id": null,
            "ipv6_native": false,
            "ipv6_netmask_length": null,
            "map_customer_owned_ip_on_launch": false,
            "map_public_ip_on_launch": false,
            "outpost_arn": "",
            "owner_id": "458889634459",
            "private_dns_hostname_type_on_launch": "ip-name",
            "region": "ap-southeast-1",
            "tags": {
              "Name": "private-subnet-b"
            },
            "tags_all": {
              "Name": "private-subnet-b"
            },
            "timeouts": null,
            "vpc_id": "vpc-06551a6a393a2d80f"
          },
          "sensitive_attributes": [],
          "identity_schema_version": 0,
          "identity": {
            "account_id": "458889634459",
            "id": "subnet-04b9842e1f265c30f",
            "region": "ap-southeast-1"
          },
          "private": "eyJlMmJmYjczMC1lY2FhLTExZTYtOGY4OC0zNDM2M2JjN2M0YzAiOnsiY3JlYXRlIjo2MDAwMDAwMDAwMDAsImRlbGV0ZSI6MTIwMDAwMDAwMDAwMH0sInNjaGVtYV92ZXJzaW9uIjoiMSJ9",
          "dependencies": [
            "aws_vpc.my_vpc"
          ]
        }
      ]
    },
    {
      "mode": "managed",
      "type": "aws_subnet",
      "name": "public_a",
      "provider": "provider[\"registry.terraform.io/hashicorp/aws\"]",
      "instances": [
        {
          "schema_version": 1,
          "attributes": {
            "arn": "arn:aws:ec2:ap-southeast-1:458889634459:subnet/subnet-08cc426782bb7090f",
            "assign_ipv6_address_on_creation": false,
            "availability_zone": "ap-southeast-1a",
            "availability_zone_id": "apse1-az2",
            "cidr_block": "10.0.1.0/24",
            "customer_owned_ipv4_pool": "",
            "enable_dns64": false,
            "enable_lni_at_device_index": 0,
            "enable_resource_name_dns_a_record_on_launch": false,
            "enable_resource_name_dns_aaaa_record_on_launch": false,
            "id": "subnet-08cc426782bb7090f",
            "ipv4_ipam_pool_id": null,
            "ipv4_netmask_length": null,
            "ipv6_cidr_block": "",
            "ipv6_cidr_block_association_id": "",
            "ipv6_ipam_pool_id": null,
            "ipv6_native": false,
            "ipv6_netmask_length": null,
            "map_customer_owned_ip_on_launch": false,
            "map_public_ip_on_launch": true,
            "outpost_arn": "",
            "owner_id": "458889634459",
            "private_dns_hostname_type_on_launch": "ip-name",
            "region": "ap-southeast-1",
            "tags": {
              "Name": "public-subnet-a"
            },
            "tags_all": {
              "Name": "public-subnet-a"
            },
            "timeouts": null,
            "vpc_id": "vpc-06551a6a393a2d80f"
          },
          "sensitive_attributes": [],
          "identity_schema_version": 0,
          "identity": {
            "account_id": "458889634459",
            "id": "subnet-08cc426782bb7090f",
            "region": "ap-southeast-1"
          },
          "private": "eyJlMmJmYjczMC1lY2FhLTExZTYtOGY4OC0zNDM2M2JjN2M0YzAiOnsiY3JlYXRlIjo2MDAwMDAwMDAwMDAsImRlbGV0ZSI6MTIwMDAwMDAwMDAwMH0sInNjaGVtYV92ZXJzaW9uIjoiMSJ9",
          "dependencies": [
            "aws_vpc.my_vpc"
          ]
        }
      ]
    },
    {
      "mode": "managed",
      "type": "aws_subnet",
      "name": "public_b",
      "provider": "provider[\"registry.terraform.io/hashicorp/aws\"]",
      "instances": [
        {
          "schema_version": 1,
          "attributes": {
            "arn": "arn:aws:ec2:ap-southeast-1:458889634459:subnet/subnet-0a88e73e696b3677d",
            "assign_ipv6_address_on_creation": false,
            "availability_zone": "ap-southeast-1b",
            "availability_zone_id": "apse1-az1",
            "cidr_block": "10.0.2.0/24",
            "customer_owned_ipv4_pool": "",
            "enable_dns64": false,
            "enable_lni_at_device_index": 0,
            "enable_resource_name_dns_a_record_on_launch": false,
            "enable_resource_name_dns_aaaa_record_on_launch": false,
            "id": "subnet-0a88e73e696b3677d",
            "ipv4_ipam_pool_id": null,
            "ipv4_netmask_length": null,
            "ipv6_cidr_block": "",
            "ipv6_cidr_block_association_id": "",
            "ipv6_ipam_pool_id": null,
            "ipv6_native": false,
            "ipv6_netmask_length": null,
            "map_customer_owned_ip_on_launch": false,
            "map_public_ip_on_launch": true,
            "outpost_arn": "",
            "owner_id": "458889634459",
            "private_dns_hostname_type_on_launch": "ip-name",
            "region": "ap-southeast-1",
            "tags": {
              "Name": "public-subnet-b"
            },
            "tags_all": {
              "Name": "public-subnet-b"
            },
            "timeouts": null,
            "vpc_id": "vpc-06551a6a393a2d80f"
          },
          "sensitive_attributes": [],
          "identity_schema_version": 0,
          "identity": {
            "account_id": "458889634459",
            "id": "subnet-0a88e73e696b3677d",
            "region": "ap-southeast-1"
          },
          "private": "eyJlMmJmYjczMC1lY2FhLTExZTYtOGY4OC0zNDM2M2JjN2M0YzAiOnsiY3JlYXRlIjo2MDAwMDAwMDAwMDAsImRlbGV0ZSI6MTIwMDAwMDAwMDAwMH0sInNjaGVtYV92ZXJzaW9uIjoiMSJ9",
          "dependencies": [
            "aws_vpc.my_vpc"
          ]
        }
      ]
    },
    {
      "mode": "managed",
      "type": "aws_vpc",
      "name": "my_vpc",
      "provider": "provider[\"registry.terraform.io/hashicorp/aws\"]",
      "instances": [
        {
          "schema_version": 1,
          "attributes": {
            "arn": "arn:aws:ec2:ap-southeast-1:458889634459:vpc/vpc-06551a6a393a2d80f",
            "assign_generated_ipv6_cidr_block": false,
            "cidr_block": "10.0.0.0/16",
            "default_network_acl_id": "acl-0ef79d28ecada7394",
            "default_route_table_id": "rtb-0d07a6a9efc09c783",
            "default_security_group_id": "sg-0bc3812f319fa1e1e",
            "dhcp_options_id": "dopt-083abece407099ef3",
            "enable_dns_hostnames": true,
            "enable_dns_support": true,
            "enable_network_address_usage_metrics": false,
            "id": "vpc-06551a6a393a2d80f",
            "instance_tenancy": "default",
            "ipv4_ipam_pool_id": null,
            "ipv4_netmask_length": null,
            "ipv6_association_id": "",
            "ipv6_cidr_block": "",
            "ipv6_cidr_block_network_border_group": "",
            "ipv6_ipam_pool_id": "",
            "ipv6_netmask_length": 0,
            "main_route_table_id": "rtb-0d07a6a9efc09c783",
            "owner_id": "458889634459",
            "region": "ap-southeast-1",
            "tags": {
              "Name": "domrov-vpc"
            },
            "tags_all": {
              "Name": "domrov-vpc"
            }
          },
          "sensitive_attributes": [],
          "identity_schema_version": 0,
          "identity": {
            "account_id": "458889634459",
            "id": "vpc-06551a6a393a2d80f",
            "region": "ap-southeast-1"
          },
          "private": "eyJzY2hlbWFfdmVyc2lvbiI6IjEifQ=="
        }
      ]
    },
    {
      "mode": "managed",
      "type": "aws_vpc_endpoint",
      "name": "ec2",
      "provider": "provider[\"registry.terraform.io/hashicorp/aws\"]",
      "instances": [
        {
          "schema_version": 0,
          "attributes": {
            "arn": "arn:aws:ec2:ap-southeast-1:458889634459:vpc-endpoint/vpce-0b875ef3ceda9f35e",
            "auto_accept": null,
            "cidr_blocks": [],
            "dns_entry": [
              {
                "dns_name": "vpce-0b875ef3ceda9f35e-f0zdqv2k.ec2.ap-southeast-1.vpce.amazonaws.com",
                "hosted_zone_id": "Z18LLCSTV4NVNL"
              },
              {
                "dns_name": "vpce-0b875ef3ceda9f35e-f0zdqv2k-ap-southeast-1b.ec2.ap-southeast-1.vpce.amazonaws.com",
                "hosted_zone_id": "Z18LLCSTV4NVNL"
              },
              {
                "dns_name": "vpce-0b875ef3ceda9f35e-f0zdqv2k-ap-southeast-1a.ec2.ap-southeast-1.vpce.amazonaws.com",
                "hosted_zone_id": "Z18LLCSTV4NVNL"
              },
              {
                "dns_name": "ec2.ap-southeast-1.amazonaws.com",
                "hosted_zone_id": "Z072436526XJ0MP27RD2Z"
              },
              {
                "dns_name": "ec2.ap-southeast-1.api.aws",
                "hosted_zone_id": "Z06822352H7N2L97V0HWI"
              }
            ],
            "dns_options": [
              {
                "dns_record_ip_type": "ipv4",
                "private_dns_only_for_inbound_resolver_endpoint": false,
                "private_dns_preference": "",
                "private_dns_specified_domains": []
              }
            ],
            "id": "vpce-0b875ef3ceda9f35e",
            "ip_address_type": "ipv4",
            "network_interface_ids": [
              "eni-082f4d2ed0fbe4a22",
              "eni-0a72b4596bd14ba2a"
            ],
            "owner_id": "458889634459",
            "policy": "{\"Statement\":[{\"Action\":\"*\",\"Effect\":\"Allow\",\"Principal\":\"*\",\"Resource\":\"*\"}]}",
            "prefix_list_id": null,
            "private_dns_enabled": true,
            "region": "ap-southeast-1",
            "requester_managed": false,
            "resource_configuration_arn": "",
            "route_table_ids": [],
            "security_group_ids": [
              "sg-0fbf3aa114c948066"
            ],
            "service_name": "com.amazonaws.ap-southeast-1.ec2",
            "service_network_arn": "",
            "service_region": "ap-southeast-1",
            "state": "available",
            "subnet_configuration": [
              {
                "ipv4": "10.0.10.196",
                "ipv6": "",
                "subnet_id": "subnet-04b9842e1f265c30f"
              },
              {
                "ipv4": "10.0.9.27",
                "ipv6": "",
                "subnet_id": "subnet-0dbdebadd3c56393e"
              }
            ],
            "subnet_ids": [
              "subnet-04b9842e1f265c30f",
              "subnet-0dbdebadd3c56393e"
            ],
            "tags": null,
            "tags_all": {},
            "timeouts": null,
            "vpc_endpoint_type": "Interface",
            "vpc_id": "vpc-06551a6a393a2d80f"
          },
          "sensitive_attributes": [],
          "identity_schema_version": 0,
          "identity": {
            "account_id": "458889634459",
            "id": "vpce-0b875ef3ceda9f35e",
            "region": "ap-southeast-1"
          },
          "private": "eyJlMmJmYjczMC1lY2FhLTExZTYtOGY4OC0zNDM2M2JjN2M0YzAiOnsiY3JlYXRlIjo2MDAwMDAwMDAwMDAsImRlbGV0ZSI6NjAwMDAwMDAwMDAwLCJ1cGRhdGUiOjYwMDAwMDAwMDAwMH19",
          "dependencies": [
            "aws_security_group.app_sg",
            "aws_security_group.lb_sg",
            "aws_subnet.private_a",
            "aws_subnet.private_b",
            "aws_vpc.my_vpc"
          ]
        }
      ]
    },
    {
      "mode": "managed",
      "type": "aws_vpc_endpoint",
      "name": "ec2messages",
      "provider": "provider[\"registry.terraform.io/hashicorp/aws\"]",
      "instances": [
        {
          "schema_version": 0,
          "attributes": {
            "arn": "arn:aws:ec2:ap-southeast-1:458889634459:vpc-endpoint/vpce-0368fe7d78df10e10",
            "auto_accept": null,
            "cidr_blocks": [],
            "dns_entry": [
              {
                "dns_name": "vpce-0368fe7d78df10e10-t1wt9p48.ec2messages.ap-southeast-1.vpce.amazonaws.com",
                "hosted_zone_id": "Z18LLCSTV4NVNL"
              },
              {
                "dns_name": "vpce-0368fe7d78df10e10-t1wt9p48-ap-southeast-1b.ec2messages.ap-southeast-1.vpce.amazonaws.com",
                "hosted_zone_id": "Z18LLCSTV4NVNL"
              },
              {
                "dns_name": "vpce-0368fe7d78df10e10-t1wt9p48-ap-southeast-1a.ec2messages.ap-southeast-1.vpce.amazonaws.com",
                "hosted_zone_id": "Z18LLCSTV4NVNL"
              },
              {
                "dns_name": "ec2messages.ap-southeast-1.amazonaws.com",
                "hosted_zone_id": "Z06815852H7UTXVLVCNKM"
              }
            ],
            "dns_options": [
              {
                "dns_record_ip_type": "ipv4",
                "private_dns_only_for_inbound_resolver_endpoint": false,
                "private_dns_preference": "",
                "private_dns_specified_domains": []
              }
            ],
            "id": "vpce-0368fe7d78df10e10",
            "ip_address_type": "ipv4",
            "network_interface_ids": [
              "eni-0af81ea2e18e41757",
              "eni-0e75042f2cd84f26c"
            ],
            "owner_id": "458889634459",
            "policy": "{\"Statement\":[{\"Action\":\"*\",\"Effect\":\"Allow\",\"Principal\":\"*\",\"Resource\":\"*\"}]}",
            "prefix_list_id": null,
            "private_dns_enabled": true,
            "region": "ap-southeast-1",
            "requester_managed": false,
            "resource_configuration_arn": "",
            "route_table_ids": [],
            "security_group_ids": [
              "sg-0fbf3aa114c948066"
            ],
            "service_name": "com.amazonaws.ap-southeast-1.ec2messages",
            "service_network_arn": "",
            "service_region": "ap-southeast-1",
            "state": "available",
            "subnet_configuration": [
              {
                "ipv4": "10.0.10.125",
                "ipv6": "",
                "subnet_id": "subnet-04b9842e1f265c30f"
              },
              {
                "ipv4": "10.0.9.93",
                "ipv6": "",
                "subnet_id": "subnet-0dbdebadd3c56393e"
              }
            ],
            "subnet_ids": [
              "subnet-04b9842e1f265c30f",
              "subnet-0dbdebadd3c56393e"
            ],
            "tags": null,
            "tags_all": {},
            "timeouts": null,
            "vpc_endpoint_type": "Interface",
            "vpc_id": "vpc-06551a6a393a2d80f"
          },
          "sensitive_attributes": [],
          "identity_schema_version": 0,
          "identity": {
            "account_id": "458889634459",
            "id": "vpce-0368fe7d78df10e10",
            "region": "ap-southeast-1"
          },
          "private": "eyJlMmJmYjczMC1lY2FhLTExZTYtOGY4OC0zNDM2M2JjN2M0YzAiOnsiY3JlYXRlIjo2MDAwMDAwMDAwMDAsImRlbGV0ZSI6NjAwMDAwMDAwMDAwLCJ1cGRhdGUiOjYwMDAwMDAwMDAwMH19",
          "dependencies": [
            "aws_security_group.app_sg",
            "aws_security_group.lb_sg",
            "aws_subnet.private_a",
            "aws_subnet.private_b",
            "aws_vpc.my_vpc"
          ]
        }
      ]
    },
    {
      "mode": "managed",
      "type": "aws_vpc_endpoint",
      "name": "secretsmanager",
      "provider": "provider[\"registry.terraform.io/hashicorp/aws\"]",
      "instances": [
        {
          "schema_version": 0,
          "attributes": {
            "arn": "arn:aws:ec2:ap-southeast-1:458889634459:vpc-endpoint/vpce-0574fbc85bd99711d",
            "auto_accept": null,
            "cidr_blocks": [],
            "dns_entry": [
              {
                "dns_name": "vpce-0574fbc85bd99711d-l4j3yjem.secretsmanager.ap-southeast-1.vpce.amazonaws.com",
                "hosted_zone_id": "Z18LLCSTV4NVNL"
              },
              {
                "dns_name": "vpce-0574fbc85bd99711d-l4j3yjem-ap-southeast-1b.secretsmanager.ap-southeast-1.vpce.amazonaws.com",
                "hosted_zone_id": "Z18LLCSTV4NVNL"
              },
              {
                "dns_name": "vpce-0574fbc85bd99711d-l4j3yjem-ap-southeast-1a.secretsmanager.ap-southeast-1.vpce.amazonaws.com",
                "hosted_zone_id": "Z18LLCSTV4NVNL"
              },
              {
                "dns_name": "secretsmanager.ap-southeast-1.amazonaws.com",
                "hosted_zone_id": "Z068707726XU3PTIQIUYH"
              }
            ],
            "dns_options": [
              {
                "dns_record_ip_type": "ipv4",
                "private_dns_only_for_inbound_resolver_endpoint": false,
                "private_dns_preference": "",
                "private_dns_specified_domains": []
              }
            ],
            "id": "vpce-0574fbc85bd99711d",
            "ip_address_type": "ipv4",
            "network_interface_ids": [
              "eni-0019a40038a620687",
              "eni-010b18a6e909f4563"
            ],
            "owner_id": "458889634459",
            "policy": "{\"Statement\":[{\"Action\":\"*\",\"Effect\":\"Allow\",\"Principal\":\"*\",\"Resource\":\"*\"}]}",
            "prefix_list_id": null,
            "private_dns_enabled": true,
            "region": "ap-southeast-1",
            "requester_managed": false,
            "resource_configuration_arn": "",
            "route_table_ids": [],
            "security_group_ids": [
              "sg-0fbf3aa114c948066"
            ],
            "service_name": "com.amazonaws.ap-southeast-1.secretsmanager",
            "service_network_arn": "",
            "service_region": "ap-southeast-1",
            "state": "available",
            "subnet_configuration": [
              {
                "ipv4": "10.0.10.215",
                "ipv6": "",
                "subnet_id": "subnet-04b9842e1f265c30f"
              },
              {
                "ipv4": "10.0.9.66",
                "ipv6": "",
                "subnet_id": "subnet-0dbdebadd3c56393e"
              }
            ],
            "subnet_ids": [
              "subnet-04b9842e1f265c30f",
              "subnet-0dbdebadd3c56393e"
            ],
            "tags": null,
            "tags_all": {},
            "timeouts": null,
            "vpc_endpoint_type": "Interface",
            "vpc_id": "vpc-06551a6a393a2d80f"
          },
          "sensitive_attributes": [],
          "identity_schema_version": 0,
          "identity": {
            "account_id": "458889634459",
            "id": "vpce-0574fbc85bd99711d",
            "region": "ap-southeast-1"
          },
          "private": "eyJlMmJmYjczMC1lY2FhLTExZTYtOGY4OC0zNDM2M2JjN2M0YzAiOnsiY3JlYXRlIjo2MDAwMDAwMDAwMDAsImRlbGV0ZSI6NjAwMDAwMDAwMDAwLCJ1cGRhdGUiOjYwMDAwMDAwMDAwMH19",
          "dependencies": [
            "aws_security_group.app_sg",
            "aws_security_group.lb_sg",
            "aws_subnet.private_a",
            "aws_subnet.private_b",
            "aws_vpc.my_vpc"
          ]
        }
      ]
    },
    {
      "mode": "managed",
      "type": "aws_vpc_endpoint",
      "name": "ssm",
      "provider": "provider[\"registry.terraform.io/hashicorp/aws\"]",
      "instances": [
        {
          "schema_version": 0,
          "attributes": {
            "arn": "arn:aws:ec2:ap-southeast-1:458889634459:vpc-endpoint/vpce-0501ee9212f9a7d34",
            "auto_accept": null,
            "cidr_blocks": [],
            "dns_entry": [
              {
                "dns_name": "vpce-0501ee9212f9a7d34-0re4bkp3.ssm.ap-southeast-1.vpce.amazonaws.com",
                "hosted_zone_id": "Z18LLCSTV4NVNL"
              },
              {
                "dns_name": "vpce-0501ee9212f9a7d34-0re4bkp3-ap-southeast-1b.ssm.ap-southeast-1.vpce.amazonaws.com",
                "hosted_zone_id": "Z18LLCSTV4NVNL"
              },
              {
                "dns_name": "vpce-0501ee9212f9a7d34-0re4bkp3-ap-southeast-1a.ssm.ap-southeast-1.vpce.amazonaws.com",
                "hosted_zone_id": "Z18LLCSTV4NVNL"
              },
              {
                "dns_name": "ssm.ap-southeast-1.amazonaws.com",
                "hosted_zone_id": "Z06804561LOTZXIFY2CFX"
              },
              {
                "dns_name": "ssm.ap-southeast-1.api.aws",
                "hosted_zone_id": "Z01178403328VZQENGHJY"
              }
            ],
            "dns_options": [
              {
                "dns_record_ip_type": "ipv4",
                "private_dns_only_for_inbound_resolver_endpoint": false,
                "private_dns_preference": "",
                "private_dns_specified_domains": []
              }
            ],
            "id": "vpce-0501ee9212f9a7d34",
            "ip_address_type": "ipv4",
            "network_interface_ids": [
              "eni-0633ac0e8e1cc000d",
              "eni-069c9ddc8dc6b2cb1"
            ],
            "owner_id": "458889634459",
            "policy": "{\"Statement\":[{\"Action\":\"*\",\"Effect\":\"Allow\",\"Principal\":\"*\",\"Resource\":\"*\"}]}",
            "prefix_list_id": null,
            "private_dns_enabled": true,
            "region": "ap-southeast-1",
            "requester_managed": false,
            "resource_configuration_arn": "",
            "route_table_ids": [],
            "security_group_ids": [
              "sg-0fbf3aa114c948066"
            ],
            "service_name": "com.amazonaws.ap-southeast-1.ssm",
            "service_network_arn": "",
            "service_region": "ap-southeast-1",
            "state": "available",
            "subnet_configuration": [
              {
                "ipv4": "10.0.10.117",
                "ipv6": "",
                "subnet_id": "subnet-04b9842e1f265c30f"
              },
              {
                "ipv4": "10.0.9.141",
                "ipv6": "",
                "subnet_id": "subnet-0dbdebadd3c56393e"
              }
            ],
            "subnet_ids": [
              "subnet-04b9842e1f265c30f",
              "subnet-0dbdebadd3c56393e"
            ],
            "tags": null,
            "tags_all": {},
            "timeouts": null,
            "vpc_endpoint_type": "Interface",
            "vpc_id": "vpc-06551a6a393a2d80f"
          },
          "sensitive_attributes": [],
          "identity_schema_version": 0,
          "identity": {
            "account_id": "458889634459",
            "id": "vpce-0501ee9212f9a7d34",
            "region": "ap-southeast-1"
          },
          "private": "eyJlMmJmYjczMC1lY2FhLTExZTYtOGY4OC0zNDM2M2JjN2M0YzAiOnsiY3JlYXRlIjo2MDAwMDAwMDAwMDAsImRlbGV0ZSI6NjAwMDAwMDAwMDAwLCJ1cGRhdGUiOjYwMDAwMDAwMDAwMH19",
          "dependencies": [
            "aws_security_group.app_sg",
            "aws_security_group.lb_sg",
            "aws_subnet.private_a",
            "aws_subnet.private_b",
            "aws_vpc.my_vpc"
          ]
        }
      ]
    },
    {
      "mode": "managed",
      "type": "aws_vpc_endpoint",
      "name": "ssmmessages",
      "provider": "provider[\"registry.terraform.io/hashicorp/aws\"]",
      "instances": [
        {
          "schema_version": 0,
          "attributes": {
            "arn": "arn:aws:ec2:ap-southeast-1:458889634459:vpc-endpoint/vpce-05a8a5e3243e1236c",
            "auto_accept": null,
            "cidr_blocks": [],
            "dns_entry": [
              {
                "dns_name": "vpce-05a8a5e3243e1236c-aph8htkx.ssmmessages.ap-southeast-1.vpce.amazonaws.com",
                "hosted_zone_id": "Z18LLCSTV4NVNL"
              },
              {
                "dns_name": "vpce-05a8a5e3243e1236c-aph8htkx-ap-southeast-1b.ssmmessages.ap-southeast-1.vpce.amazonaws.com",
                "hosted_zone_id": "Z18LLCSTV4NVNL"
              },
              {
                "dns_name": "vpce-05a8a5e3243e1236c-aph8htkx-ap-southeast-1a.ssmmessages.ap-southeast-1.vpce.amazonaws.com",
                "hosted_zone_id": "Z18LLCSTV4NVNL"
              },
              {
                "dns_name": "ssmmessages.ap-southeast-1.amazonaws.com",
                "hosted_zone_id": "Z072479816357X5WS0TT"
              },
              {
                "dns_name": "ssmmessages.ap-southeast-1.api.aws",
                "hosted_zone_id": "Z01178443LQ7I29JJV9PW"
              }
            ],
            "dns_options": [
              {
                "dns_record_ip_type": "ipv4",
                "private_dns_only_for_inbound_resolver_endpoint": false,
                "private_dns_preference": "",
                "private_dns_specified_domains": []
              }
            ],
            "id": "vpce-05a8a5e3243e1236c",
            "ip_address_type": "ipv4",
            "network_interface_ids": [
              "eni-0269acf59effa98b2",
              "eni-0658a04d576dbc2b3"
            ],
            "owner_id": "458889634459",
            "policy": "{\"Statement\":[{\"Action\":\"*\",\"Effect\":\"Allow\",\"Principal\":\"*\",\"Resource\":\"*\"}]}",
            "prefix_list_id": null,
            "private_dns_enabled": true,
            "region": "ap-southeast-1",
            "requester_managed": false,
            "resource_configuration_arn": "",
            "route_table_ids": [],
            "security_group_ids": [
              "sg-0fbf3aa114c948066"
            ],
            "service_name": "com.amazonaws.ap-southeast-1.ssmmessages",
            "service_network_arn": "",
            "service_region": "ap-southeast-1",
            "state": "available",
            "subnet_configuration": [
              {
                "ipv4": "10.0.10.137",
                "ipv6": "",
                "subnet_id": "subnet-04b9842e1f265c30f"
              },
              {
                "ipv4": "10.0.9.124",
                "ipv6": "",
                "subnet_id": "subnet-0dbdebadd3c56393e"
              }
            ],
            "subnet_ids": [
              "subnet-04b9842e1f265c30f",
              "subnet-0dbdebadd3c56393e"
            ],
            "tags": null,
            "tags_all": {},
            "timeouts": null,
            "vpc_endpoint_type": "Interface",
            "vpc_id": "vpc-06551a6a393a2d80f"
          },
          "sensitive_attributes": [],
          "identity_schema_version": 0,
          "identity": {
            "account_id": "458889634459",
            "id": "vpce-05a8a5e3243e1236c",
            "region": "ap-southeast-1"
          },
          "private": "eyJlMmJmYjczMC1lY2FhLTExZTYtOGY4OC0zNDM2M2JjN2M0YzAiOnsiY3JlYXRlIjo2MDAwMDAwMDAwMDAsImRlbGV0ZSI6NjAwMDAwMDAwMDAwLCJ1cGRhdGUiOjYwMDAwMDAwMDAwMH19",
          "dependencies": [
            "aws_security_group.app_sg",
            "aws_security_group.lb_sg",
            "aws_subnet.private_a",
            "aws_subnet.private_b",
            "aws_vpc.my_vpc"
          ]
        }
      ]
    }
  ],
  "check_results": null
}
