{
  "version": 4,
  "terraform_version": "1.14.7",
  "serial": 7,
  "lineage": "bfee5940-26ea-9b0f-47ac-c6dbe3f0920a",
  "outputs": {
    "launch_template_id": {
      "value": "lt-0593f92509342c426",
      "type": "string"
    },
    "launch_template_latest_version": {
      "value": 2,
      "type": "number"
    },
    "security_group_id": {
      "value": "sg-0ea890bcda962933f",
      "type": "string"
    }
  },
  "resources": [
    {
      "mode": "data",
      "type": "aws_subnets",
      "name": "all",
      "provider": "provider[\"registry.terraform.io/hashicorp/aws\"]",
      "instances": [
        {
          "schema_version": 0,
          "attributes": {
            "filter": [
              {
                "name": "vpc-id",
                "values": [
                  "vpc-0ebea11285d2e926b"
                ]
              }
            ],
            "id": "ap-southeast-1",
            "ids": [
              "subnet-05fcf84eb0584de84",
              "subnet-015aa541b11dc1c46",
              "subnet-0a8a61390c4c8e932"
            ],
            "region": "ap-southeast-1",
            "tags": null,
            "timeouts": null
          },
          "sensitive_attributes": [],
          "identity_schema_version": 0
        }
      ]
    },
    {
      "mode": "data",
      "type": "aws_vpc",
      "name": "selected",
      "provider": "provider[\"registry.terraform.io/hashicorp/aws\"]",
      "instances": [
        {
          "schema_version": 0,
          "attributes": {
            "arn": "arn:aws:ec2:ap-southeast-1:458889634459:vpc/vpc-0ebea11285d2e926b",
            "cidr_block": "172.31.0.0/16",
            "cidr_block_associations": [
              {
                "association_id": "vpc-cidr-assoc-0b164d9c2355eac2f",
                "cidr_block": "172.31.0.0/16",
                "state": "associated"
              }
            ],
            "default": true,
            "dhcp_options_id": "dopt-083abece407099ef3",
            "enable_dns_hostnames": true,
            "enable_dns_support": true,
            "enable_network_address_usage_metrics": false,
            "filter": null,
            "id": "vpc-0ebea11285d2e926b",
            "instance_tenancy": "default",
            "ipv6_association_id": "",
            "ipv6_cidr_block": "",
            "main_route_table_id": "rtb-0d84f14565ee8e02f",
            "owner_id": "458889634459",
            "region": "ap-southeast-1",
            "state": null,
            "tags": {},
            "timeouts": null
          },
          "sensitive_attributes": [],
          "identity_schema_version": 0
        }
      ]
    },
    {
      "mode": "managed",
      "type": "aws_instance",
      "name": "domrov_app_instance",
      "provider": "provider[\"registry.terraform.io/hashicorp/aws\"]",
      "instances": [
        {
          "schema_version": 2,
          "attributes": {
            "ami": "ami-0e7ff22101b84bcff",
            "arn": "arn:aws:ec2:ap-southeast-1:458889634459:instance/i-0431710ede854b36c",
            "associate_public_ip_address": true,
            "availability_zone": "ap-southeast-1a",
            "capacity_reservation_specification": [
              {
                "capacity_reservation_preference": "open",
                "capacity_reservation_target": []
              }
            ],
            "cpu_options": [
              {
                "amd_sev_snp": "",
                "core_count": 1,
                "nested_virtualization": "",
                "threads_per_core": 2
              }
            ],
            "credit_specification": [
              {
                "cpu_credits": "unlimited"
              }
            ],
            "disable_api_stop": false,
            "disable_api_termination": false,
            "ebs_block_device": [],
            "ebs_optimized": false,
            "enable_primary_ipv6": null,
            "enclave_options": [
              {
                "enabled": false
              }
            ],
            "ephemeral_block_device": [],
            "force_destroy": false,
            "get_password_data": false,
            "hibernation": false,
            "host_id": "",
            "host_resource_group_arn": null,
            "iam_instance_profile": "",
            "id": "i-0431710ede854b36c",
            "instance_initiated_shutdown_behavior": "stop",
            "instance_lifecycle": "",
            "instance_market_options": [],
            "instance_state": "running",
            "instance_type": "t3.small",
            "ipv6_address_count": 0,
            "ipv6_addresses": [],
            "key_name": "domrov",
            "launch_template": [
              {
                "id": "lt-0593f92509342c426",
                "name": "domrov-app-20260409053355331000000001",
                "version": "2"
              }
            ],
            "maintenance_options": [
              {
                "auto_recovery": "default"
              }
            ],
            "metadata_options": [
              {
                "http_endpoint": "enabled",
                "http_protocol_ipv6": "disabled",
                "http_put_response_hop_limit": 2,
                "http_tokens": "required",
                "instance_metadata_tags": "disabled"
              }
            ],
            "monitoring": false,
            "network_interface": [],
            "outpost_arn": "",
            "password_data": "",
            "placement_group": "",
            "placement_group_id": "",
            "placement_partition_number": 0,
            "primary_network_interface": [
              {
                "delete_on_termination": true,
                "network_interface_id": "eni-0730afb690da8c875"
              }
            ],
            "primary_network_interface_id": "eni-0730afb690da8c875",
            "private_dns": "ip-172-31-42-201.ap-southeast-1.compute.internal",
            "private_dns_name_options": [
              {
                "enable_resource_name_dns_a_record": false,
                "enable_resource_name_dns_aaaa_record": false,
                "hostname_type": "ip-name"
              }
            ],
            "private_ip": "172.31.42.201",
            "public_dns": "ec2-54-254-153-85.ap-southeast-1.compute.amazonaws.com",
            "public_ip": "54.254.153.85",
            "region": "ap-southeast-1",
            "root_block_device": [
              {
                "delete_on_termination": true,
                "device_name": "/dev/sda1",
                "encrypted": false,
                "iops": 3000,
                "kms_key_id": "",
                "tags": {},
                "tags_all": {},
                "throughput": 125,
                "volume_id": "vol-06d1016cffdc47c7d",
                "volume_size": 8,
                "volume_type": "gp3"
              }
            ],
            "secondary_network_interface": [],
            "secondary_private_ips": [],
            "security_groups": [
              "domrov-app-sg"
            ],
            "source_dest_check": true,
            "spot_instance_request_id": "",
            "subnet_id": "subnet-05fcf84eb0584de84",
            "tags": {
              "Name": "Domrov-App-Instance"
            },
            "tags_all": {
              "Name": "Domrov-App-Instance"
            },
            "tenancy": "default",
            "timeouts": null,
            "user_data": "#!/bin/bash\n# Update \u0026 install Docker\napt-get update -y\napt-get install -y docker.io curl unzip jq\nsystemctl start docker\nsystemctl enable docker\n\n# Install Docker Compose CLI plugin (v2)\nmkdir -p /usr/local/lib/docker/cli-plugins/\ncurl -SL https://github.com/docker/compose/releases/latest/download/docker-compose-linux-x86_64 \\\n  -o /usr/local/lib/docker/cli-plugins/docker-compose\nchmod +x /usr/local/lib/docker/cli-plugins/docker-compose\n\n# Add 2GB swap\nfallocate -l 2G /swapfile\nchmod 600 /swapfile\nmkswap /swapfile\nswapon /swapfile\necho '/swapfile none swap sw 0 0' \u003e\u003e /etc/fstab\n\n# Set timezone\ntimedatectl set-timezone Asia/Phnom_Penh\n\n# Pull all env variables from SSM\nENV_FILE=/home/ubuntu/.env\n\u003e $$ENV_FILE\n\nfor PARAM in /domrov/backend/POSTGRES_URL /domrov/backend/JWT_SECRET /domrov/backend/JWT_ACCESS_TOKEN_EXPIRE /domrov/backend/JWT_REFRESH_TOKEN_EXPIRE /domrov/backend/JWT_REFRESH_TOKEN_SECRET /domrov/backend/SMTP_HOST /domrov/backend/SMTP_PORT /domrov/backend/SMTP_SECURE /domrov/backend/SMTP_USER /domrov/backend/SMTP_PASS /domrov/backend/SMTP_FROM /domrov/backend/GOOGLE_CLIENT_ID /domrov/backend/GOOGLE_CLIENT_SECRET /domrov/backend/GOOGLE_CALLBACK_URL /domrov/backend/GIT_HUB_CLIENT_ID /domrov/backend/GIT_HUB_CLIENT_SECRET /domrov/backend/GIT_HUB_CALLBACK_URL /domrov/backend/BASE_URL /domrov/backend/JWT_INVITE_SECRET /domrov/backend/BAKONG_TOKEN /domrov/backend/BAKONG_API /domrov/backend/BAKONG_BANK_ACCOUNT /domrov/backend/MERCHANT_NAME /domrov/backend/MERCHANT_CITY /domrov/backend/PHONE_NUMBER /domrov/backend/CODE_EVAL_GRPC_CLIENT_HOST /domrov/backend/CODE_EVAL_GRPC_CLIENT_PORT /domrov/backend/REDIS_URL /domrov/backend/R2_ACCOUNT_ID /domrov/backend/R2_TOKEN /domrov/backend/R2_SECRET_KEY /domrov/backend/R2_BUCKET /domrov/backend/AI_KEY_MASTER_SECRET /domrov/backend/CACHE_TYPE /domrov/backend/SENTRY_DSN /domrov/backend/CLOUDINARY_CLOUD_NAME /domrov/backend/CLOUDINARY_API_KEY /domrov/backend/CLOUDINARY_API_SECRET /domrov/backend/DOMROV_SECRET_KEY /domrov/backend/FRONTEND_URL /domrov/backend/GEMINI_KEY /domrov/backend/OLLAMA_API_KEY /domrov/backend/GPT_KEY /domrov/backend/DEEPSEEK_API_KEY /domrov/backend/OPENROUTER_API_KEY; do\n  KEY=$(basename $PARAM)\n  VALUE=$(aws ssm get-parameter --name \"$PARAM\" --with-decryption --query Parameter.Value --output text)\n  echo \"$KEY=$VALUE\" \u003e\u003e $ENV_FILE\ndone\n\n# Add NODE_ENV and TZ\necho \"NODE_ENV=production\" \u003e\u003e $ENV_FILE\necho \"TZ=Asia/Phnom_Penh\" \u003e\u003e $ENV_FILE\n\n# Create docker-compose.yml\ncat \u003e /home/ubuntu/docker-compose.yml \u003c\u003c 'EOL'\nversion: \"3.9\"\n\nservices:\n  backend:\n    image: phyvathanak/nestjs-backend:latest\n    container_name: domrov_backend\n    restart: always\n    ports:\n      - \"3000:3000\"\n    env_file:\n      - .env\n\n  code_eval:\n    image: phyvathanak/code_eval:latest\n    container_name: domrov_code_eval\n    restart: always\n    env_file:\n      - .env\n\nnetworks:\n  default:\n    name: domrov_network\nEOL\n\n# Start Docker Compose\ncd /home/ubuntu\ndocker compose --env-file .env -f docker-compose.yml up -d\n",
            "user_data_base64": null,
            "user_data_replace_on_change": false,
            "volume_tags": null,
            "vpc_security_group_ids": [
              "sg-0ea890bcda962933f"
            ]
          },
          "sensitive_attributes": [],
          "identity_schema_version": 0,
          "identity": {
            "account_id": "458889634459",
            "id": "i-0431710ede854b36c",
            "region": "ap-southeast-1"
          },
          "private": "eyJlMmJmYjczMC1lY2FhLTExZTYtOGY4OC0zNDM2M2JjN2M0YzAiOnsiY3JlYXRlIjo2MDAwMDAwMDAwMDAsImRlbGV0ZSI6MTIwMDAwMDAwMDAwMCwicmVhZCI6OTAwMDAwMDAwMDAwLCJ1cGRhdGUiOjYwMDAwMDAwMDAwMH0sInNjaGVtYV92ZXJzaW9uIjoiMiJ9",
          "dependencies": [
            "aws_launch_template.domrov_app",
            "aws_security_group.app_sg",
            "data.aws_vpc.selected"
          ]
        }
      ]
    },
    {
      "mode": "managed",
      "type": "aws_launch_template",
      "name": "domrov_app",
      "provider": "provider[\"registry.terraform.io/hashicorp/aws\"]",
      "instances": [
        {
          "schema_version": 1,
          "attributes": {
            "arn": "arn:aws:ec2:ap-southeast-1:458889634459:launch-template/lt-0593f92509342c426",
            "block_device_mappings": [],
            "capacity_reservation_specification": [],
            "cpu_options": [],
            "credit_specification": [],
            "default_version": 1,
            "description": "",
            "disable_api_stop": false,
            "disable_api_termination": false,
            "ebs_optimized": "",
            "enclave_options": [],
            "hibernation_options": [],
            "iam_instance_profile": [],
            "id": "lt-0593f92509342c426",
            "image_id": "ami-0e7ff22101b84bcff",
            "instance_initiated_shutdown_behavior": "",
            "instance_market_options": [],
            "instance_requirements": [],
            "instance_type": "t3.small",
            "kernel_id": "",
            "key_name": "domrov",
            "latest_version": 2,
            "license_specification": [],
            "maintenance_options": [],
            "metadata_options": [],
            "monitoring": [],
            "name": "domrov-app-20260409053355331000000001",
            "name_prefix": "domrov-app-",
            "network_interfaces": [
              {
                "associate_carrier_ip_address": "",
                "associate_public_ip_address": "true",
                "connection_tracking_specification": [],
                "delete_on_termination": "",
                "description": "",
                "device_index": 0,
                "ena_srd_specification": [],
                "interface_type": "",
                "ipv4_address_count": 0,
                "ipv4_addresses": [],
                "ipv4_prefix_count": 0,
                "ipv4_prefixes": [],
                "ipv6_address_count": 0,
                "ipv6_addresses": [],
                "ipv6_prefix_count": 0,
                "ipv6_prefixes": [],
                "network_card_index": 0,
                "network_interface_id": "",
                "primary_ipv6": "",
                "private_ip_address": "",
                "security_groups": [
                  "sg-0ea890bcda962933f"
                ],
                "subnet_id": ""
              }
            ],
            "network_performance_options": [],
            "placement": [],
            "private_dns_name_options": [],
            "ram_disk_id": "",
            "region": "ap-southeast-1",
            "secondary_interfaces": [],
            "security_group_names": [],
            "tag_specifications": [
              {
                "resource_type": "instance",
                "tags": {
                  "Name": "Domrov-App"
                }
              }
            ],
            "tags": {},
            "tags_all": {},
            "update_default_version": null,
            "user_data": "IyEvYmluL2Jhc2gKIyBVcGRhdGUgJiBpbnN0YWxsIERvY2tlcgphcHQtZ2V0IHVwZGF0ZSAteQphcHQtZ2V0IGluc3RhbGwgLXkgZG9ja2VyLmlvIGN1cmwgdW56aXAganEKc3lzdGVtY3RsIHN0YXJ0IGRvY2tlcgpzeXN0ZW1jdGwgZW5hYmxlIGRvY2tlcgoKIyBJbnN0YWxsIERvY2tlciBDb21wb3NlIENMSSBwbHVnaW4gKHYyKQpta2RpciAtcCAvdXNyL2xvY2FsL2xpYi9kb2NrZXIvY2xpLXBsdWdpbnMvCmN1cmwgLVNMIGh0dHBzOi8vZ2l0aHViLmNvbS9kb2NrZXIvY29tcG9zZS9yZWxlYXNlcy9sYXRlc3QvZG93bmxvYWQvZG9ja2VyLWNvbXBvc2UtbGludXgteDg2XzY0IFwKICAtbyAvdXNyL2xvY2FsL2xpYi9kb2NrZXIvY2xpLXBsdWdpbnMvZG9ja2VyLWNvbXBvc2UKY2htb2QgK3ggL3Vzci9sb2NhbC9saWIvZG9ja2VyL2NsaS1wbHVnaW5zL2RvY2tlci1jb21wb3NlCgojIEFkZCAyR0Igc3dhcApmYWxsb2NhdGUgLWwgMkcgL3N3YXBmaWxlCmNobW9kIDYwMCAvc3dhcGZpbGUKbWtzd2FwIC9zd2FwZmlsZQpzd2Fwb24gL3N3YXBmaWxlCmVjaG8gJy9zd2FwZmlsZSBub25lIHN3YXAgc3cgMCAwJyA+PiAvZXRjL2ZzdGFiCgojIFNldCB0aW1lem9uZQp0aW1lZGF0ZWN0bCBzZXQtdGltZXpvbmUgQXNpYS9QaG5vbV9QZW5oCgojIFB1bGwgYWxsIGVudiB2YXJpYWJsZXMgZnJvbSBTU00KRU5WX0ZJTEU9L2hvbWUvdWJ1bnR1Ly5lbnYKPiAkJEVOVl9GSUxFCgpmb3IgUEFSQU0gaW4gL2RvbXJvdi9iYWNrZW5kL1BPU1RHUkVTX1VSTCAvZG9tcm92L2JhY2tlbmQvSldUX1NFQ1JFVCAvZG9tcm92L2JhY2tlbmQvSldUX0FDQ0VTU19UT0tFTl9FWFBJUkUgL2RvbXJvdi9iYWNrZW5kL0pXVF9SRUZSRVNIX1RPS0VOX0VYUElSRSAvZG9tcm92L2JhY2tlbmQvSldUX1JFRlJFU0hfVE9LRU5fU0VDUkVUIC9kb21yb3YvYmFja2VuZC9TTVRQX0hPU1QgL2RvbXJvdi9iYWNrZW5kL1NNVFBfUE9SVCAvZG9tcm92L2JhY2tlbmQvU01UUF9TRUNVUkUgL2RvbXJvdi9iYWNrZW5kL1NNVFBfVVNFUiAvZG9tcm92L2JhY2tlbmQvU01UUF9QQVNTIC9kb21yb3YvYmFja2VuZC9TTVRQX0ZST00gL2RvbXJvdi9iYWNrZW5kL0dPT0dMRV9DTElFTlRfSUQgL2RvbXJvdi9iYWNrZW5kL0dPT0dMRV9DTElFTlRfU0VDUkVUIC9kb21yb3YvYmFja2VuZC9HT09HTEVfQ0FMTEJBQ0tfVVJMIC9kb21yb3YvYmFja2VuZC9HSVRfSFVCX0NMSUVOVF9JRCAvZG9tcm92L2JhY2tlbmQvR0lUX0hVQl9DTElFTlRfU0VDUkVUIC9kb21yb3YvYmFja2VuZC9HSVRfSFVCX0NBTExCQUNLX1VSTCAvZG9tcm92L2JhY2tlbmQvQkFTRV9VUkwgL2RvbXJvdi9iYWNrZW5kL0pXVF9JTlZJVEVfU0VDUkVUIC9kb21yb3YvYmFja2VuZC9CQUtPTkdfVE9LRU4gL2RvbXJvdi9iYWNrZW5kL0JBS09OR19BUEkgL2RvbXJvdi9iYWNrZW5kL0JBS09OR19CQU5LX0FDQ09VTlQgL2RvbXJvdi9iYWNrZW5kL01FUkNIQU5UX05BTUUgL2RvbXJvdi9iYWNrZW5kL01FUkNIQU5UX0NJVFkgL2RvbXJvdi9iYWNrZW5kL1BIT05FX05VTUJFUiAvZG9tcm92L2JhY2tlbmQvQ09ERV9FVkFMX0dSUENfQ0xJRU5UX0hPU1QgL2RvbXJvdi9iYWNrZW5kL0NPREVfRVZBTF9HUlBDX0NMSUVOVF9QT1JUIC9kb21yb3YvYmFja2VuZC9SRURJU19VUkwgL2RvbXJvdi9iYWNrZW5kL1IyX0FDQ09VTlRfSUQgL2RvbXJvdi9iYWNrZW5kL1IyX1RPS0VOIC9kb21yb3YvYmFja2VuZC9SMl9TRUNSRVRfS0VZIC9kb21yb3YvYmFja2VuZC9SMl9CVUNLRVQgL2RvbXJvdi9iYWNrZW5kL0FJX0tFWV9NQVNURVJfU0VDUkVUIC9kb21yb3YvYmFja2VuZC9DQUNIRV9UWVBFIC9kb21yb3YvYmFja2VuZC9TRU5UUllfRFNOIC9kb21yb3YvYmFja2VuZC9DTE9VRElOQVJZX0NMT1VEX05BTUUgL2RvbXJvdi9iYWNrZW5kL0NMT1VESU5BUllfQVBJX0tFWSAvZG9tcm92L2JhY2tlbmQvQ0xPVURJTkFSWV9BUElfU0VDUkVUIC9kb21yb3YvYmFja2VuZC9ET01ST1ZfU0VDUkVUX0tFWSAvZG9tcm92L2JhY2tlbmQvRlJPTlRFTkRfVVJMIC9kb21yb3YvYmFja2VuZC9HRU1JTklfS0VZIC9kb21yb3YvYmFja2VuZC9PTExBTUFfQVBJX0tFWSAvZG9tcm92L2JhY2tlbmQvR1BUX0tFWSAvZG9tcm92L2JhY2tlbmQvREVFUFNFRUtfQVBJX0tFWSAvZG9tcm92L2JhY2tlbmQvT1BFTlJPVVRFUl9BUElfS0VZOyBkbwogIEtFWT0kKGJhc2VuYW1lICRQQVJBTSkKICBWQUxVRT0kKGF3cyBzc20gZ2V0LXBhcmFtZXRlciAtLW5hbWUgIiRQQVJBTSIgLS13aXRoLWRlY3J5cHRpb24gLS1xdWVyeSBQYXJhbWV0ZXIuVmFsdWUgLS1vdXRwdXQgdGV4dCkKICBlY2hvICIkS0VZPSRWQUxVRSIgPj4gJEVOVl9GSUxFCmRvbmUKCiMgQWRkIE5PREVfRU5WIGFuZCBUWgplY2hvICJOT0RFX0VOVj1wcm9kdWN0aW9uIiA+PiAkRU5WX0ZJTEUKZWNobyAiVFo9QXNpYS9QaG5vbV9QZW5oIiA+PiAkRU5WX0ZJTEUKCiMgQ3JlYXRlIGRvY2tlci1jb21wb3NlLnltbApjYXQgPiAvaG9tZS91YnVudHUvZG9ja2VyLWNvbXBvc2UueW1sIDw8ICdFT0wnCnZlcnNpb246ICIzLjkiCgpzZXJ2aWNlczoKICBiYWNrZW5kOgogICAgaW1hZ2U6IHBoeXZhdGhhbmFrL25lc3Rqcy1iYWNrZW5kOmxhdGVzdAogICAgY29udGFpbmVyX25hbWU6IGRvbXJvdl9iYWNrZW5kCiAgICByZXN0YXJ0OiBhbHdheXMKICAgIHBvcnRzOgogICAgICAtICIzMDAwOjMwMDAiCiAgICBlbnZfZmlsZToKICAgICAgLSAuZW52CgogIGNvZGVfZXZhbDoKICAgIGltYWdlOiBwaHl2YXRoYW5hay9jb2RlX2V2YWw6bGF0ZXN0CiAgICBjb250YWluZXJfbmFtZTogZG9tcm92X2NvZGVfZXZhbAogICAgcmVzdGFydDogYWx3YXlzCiAgICBlbnZfZmlsZToKICAgICAgLSAuZW52CgpuZXR3b3JrczoKICBkZWZhdWx0OgogICAgbmFtZTogZG9tcm92X25ldHdvcmsKRU9MCgojIFN0YXJ0IERvY2tlciBDb21wb3NlCmNkIC9ob21lL3VidW50dQpkb2NrZXIgY29tcG9zZSAtLWVudi1maWxlIC5lbnYgLWYgZG9ja2VyLWNvbXBvc2UueW1sIHVwIC1kCg==",
            "vpc_security_group_ids": []
          },
          "sensitive_attributes": [],
          "identity_schema_version": 0,
          "private": "eyJzY2hlbWFfdmVyc2lvbiI6IjEifQ==",
          "dependencies": [
            "aws_security_group.app_sg",
            "data.aws_vpc.selected"
          ]
        }
      ]
    },
    {
      "mode": "managed",
      "type": "aws_security_group",
      "name": "app_sg",
      "provider": "provider[\"registry.terraform.io/hashicorp/aws\"]",
      "instances": [
        {
          "schema_version": 1,
          "attributes": {
            "arn": "arn:aws:ec2:ap-southeast-1:458889634459:security-group/sg-0ea890bcda962933f",
            "description": "Allow SSH and App traffic",
            "egress": [
              {
                "cidr_blocks": [
                  "0.0.0.0/0"
                ],
                "description": "",
                "from_port": 0,
                "ipv6_cidr_blocks": [],
                "prefix_list_ids": [],
                "protocol": "-1",
                "security_groups": [],
                "self": false,
                "to_port": 0
              }
            ],
            "id": "sg-0ea890bcda962933f",
            "ingress": [
              {
                "cidr_blocks": [
                  "0.0.0.0/0"
                ],
                "description": "App traffic",
                "from_port": 3000,
                "ipv6_cidr_blocks": [],
                "prefix_list_ids": [],
                "protocol": "tcp",
                "security_groups": [],
                "self": false,
                "to_port": 3000
              },
              {
                "cidr_blocks": [
                  "0.0.0.0/0"
                ],
                "description": "SSH from your IP only",
                "from_port": 22,
                "ipv6_cidr_blocks": [],
                "prefix_list_ids": [],
                "protocol": "tcp",
                "security_groups": [],
                "self": false,
                "to_port": 22
              }
            ],
            "name": "domrov-app-sg",
            "name_prefix": "",
            "owner_id": "458889634459",
            "region": "ap-southeast-1",
            "revoke_rules_on_delete": false,
            "tags": {
              "Name": "domrov-app-sg"
            },
            "tags_all": {
              "Name": "domrov-app-sg"
            },
            "timeouts": null,
            "vpc_id": "vpc-0ebea11285d2e926b"
          },
          "sensitive_attributes": [],
          "identity_schema_version": 0,
          "identity": {
            "account_id": "458889634459",
            "id": "sg-0ea890bcda962933f",
            "region": "ap-southeast-1"
          },
          "private": "eyJlMmJmYjczMC1lY2FhLTExZTYtOGY4OC0zNDM2M2JjN2M0YzAiOnsiY3JlYXRlIjo2MDAwMDAwMDAwMDAsImRlbGV0ZSI6OTAwMDAwMDAwMDAwfSwic2NoZW1hX3ZlcnNpb24iOiIxIn0=",
          "dependencies": [
            "data.aws_vpc.selected"
          ]
        }
      ]
    }
  ],
  "check_results": null
}
