{
  "version": 4,
  "terraform_version": "1.14.7",
  "serial": 778,
  "lineage": "bbba8034-0b6d-8fc7-471e-bfcdfaef1afc",
  "outputs": {
    "alb_dns_name": {
      "value": "domrov-app-lb-1762068952.ap-southeast-1.elb.amazonaws.com",
      "type": "string"
    },
    "alb_url": {
      "value": "http://domrov-app-lb-1762068952.ap-southeast-1.elb.amazonaws.com",
      "type": "string"
    },
    "cloudwatch_dashboard_url": {
      "value": "https://console.aws.amazon.com/cloudwatch/home?region=ap-southeast-1#dashboards:name=domrov-dashboard",
      "type": "string"
    },
    "launch_template_id": {
      "value": "lt-0398a81c64407e33f",
      "type": "string"
    },
    "launch_template_latest_version": {
      "value": 2,
      "type": "number"
    },
    "nat_gateway_ip": {
      "value": "13.215.182.154",
      "type": "string"
    },
    "rds_address": {
      "value": "domrov-db.cb4ggkcg2ald.ap-southeast-1.rds.amazonaws.com",
      "type": "string",
      "sensitive": true
    },
    "rds_database_name": {
      "value": "domrov",
      "type": "string"
    },
    "rds_database_user": {
      "value": "domrovadmin",
      "type": "string"
    },
    "rds_endpoint": {
      "value": "domrov-db.cb4ggkcg2ald.ap-southeast-1.rds.amazonaws.com:5432",
      "type": "string",
      "sensitive": true
    },
    "security_group_id": {
      "value": "sg-02d764ff18bb0be02",
      "type": "string"
    }
  },
  "resources": [
    {
      "mode": "data",
      "type": "aws_caller_identity",
      "name": "current",
      "provider": "provider[\"registry.terraform.io/hashicorp/aws\"]",
      "instances": [
        {
          "schema_version": 0,
          "attributes": {
            "account_id": "458889634459",
            "arn": "arn:aws:iam::458889634459:user/admin@vathanak",
            "id": "458889634459",
            "user_id": "AIDAWVV7UEKN4URAUPSWB"
          },
          "sensitive_attributes": [],
          "identity_schema_version": 0
        }
      ]
    },
    {
      "mode": "data",
      "type": "aws_region",
      "name": "current",
      "provider": "provider[\"registry.terraform.io/hashicorp/aws\"]",
      "instances": [
        {
          "schema_version": 0,
          "attributes": {
            "description": "Asia Pacific (Singapore)",
            "endpoint": "ec2.ap-southeast-1.amazonaws.com",
            "id": "ap-southeast-1",
            "name": "ap-southeast-1",
            "region": "ap-southeast-1"
          },
          "sensitive_attributes": [],
          "identity_schema_version": 0
        }
      ]
    },
    {
      "mode": "data",
      "type": "cloudflare_zone",
      "name": "main",
      "provider": "provider[\"registry.terraform.io/cloudflare/cloudflare\"]",
      "instances": [
        {
          "schema_version": 0,
          "attributes": {
            "account_id": "5a616508dd1dcafec08b391ee322fdd9",
            "id": "185e82648c5623c24621cf9a73646a59",
            "name": "domrov.app",
            "name_servers": [
              "elle.ns.cloudflare.com",
              "harlan.ns.cloudflare.com"
            ],
            "paused": false,
            "plan": "Free Website",
            "status": "active",
            "vanity_name_servers": [],
            "zone_id": "185e82648c5623c24621cf9a73646a59"
          },
          "sensitive_attributes": [],
          "identity_schema_version": 0
        }
      ]
    },
    {
      "mode": "data",
      "type": "local_file",
      "name": "db_password_read",
      "provider": "provider[\"registry.terraform.io/hashicorp/local\"]",
      "instances": [
        {
          "schema_version": 0,
          "attributes": {
            "content": "3923pWPtYqBeONhp",
            "content_base64": "MzkyM3BXUHRZcUJlT05ocA==",
            "content_base64sha256": "nepZhIobjzwpI+B8SMUgLRzRwaMCxaS/HnRNmWkNVuA=",
            "content_base64sha512": "VEED9pP4lz3z1wDR8D9haduHMkDZe42C2l82DZ5oVmib1mfjcflauudb9F8uF4jsRPBCm+7imI6PySDtiy/m5Q==",
            "content_md5": "04d67872593d19c21d4be37393694d52",
            "content_sha1": "9421a1f03564629b1a7f3737de3fa74778304fa7",
            "content_sha256": "9dea59848a1b8f3c2923e07c48c5202d1cd1c1a302c5a4bf1e744d99690d56e0",
            "content_sha512": "544103f693f8973df3d700d1f03f6169db873240d97b8d82da5f360d9e6856689bd667e371f95abae75bf45f2e1788ec44f0429beee2988e8fc920ed8b2fe6e5",
            "filename": "./.db_password",
            "id": "9421a1f03564629b1a7f3737de3fa74778304fa7"
          },
          "sensitive_attributes": [],
          "identity_schema_version": 0
        }
      ]
    },
    {
      "mode": "managed",
      "type": "aws_acm_certificate",
      "name": "api",
      "provider": "provider[\"registry.terraform.io/hashicorp/aws\"]",
      "instances": [
        {
          "schema_version": 0,
          "attributes": {
            "arn": "arn:aws:acm:ap-southeast-1:458889634459:certificate/483559e1-79e5-47f0-8507-7b8af6792974",
            "certificate_authority_arn": "",
            "certificate_body": null,
            "certificate_chain": null,
            "domain_name": "api.domrov.app",
            "domain_validation_options": [
              {
                "domain_name": "api.domrov.app",
                "resource_record_name": "_6c1bc9693f53556a4aa63c1d19808333.api.domrov.app.",
                "resource_record_type": "CNAME",
                "resource_record_value": "_d3ee075a6f70f60893f474e2176e342a.jkddzztszm.acm-validations.aws."
              }
            ],
            "early_renewal_duration": "",
            "id": "arn:aws:acm:ap-southeast-1:458889634459:certificate/483559e1-79e5-47f0-8507-7b8af6792974",
            "key_algorithm": "RSA_2048",
            "not_after": "2026-10-23T23:59:59Z",
            "not_before": "2026-04-09T00:00:00Z",
            "options": [
              {
                "certificate_transparency_logging_preference": "ENABLED",
                "export": "DISABLED"
              }
            ],
            "pending_renewal": false,
            "private_key": null,
            "region": "ap-southeast-1",
            "renewal_eligibility": "ELIGIBLE",
            "renewal_summary": [],
            "status": "ISSUED",
            "subject_alternative_names": [
              "api.domrov.app"
            ],
            "tags": {
              "Name": "domrov-api-cert"
            },
            "tags_all": {
              "Name": "domrov-api-cert"
            },
            "type": "AMAZON_ISSUED",
            "validation_emails": [],
            "validation_method": "DNS",
            "validation_option": []
          },
          "sensitive_attributes": [
            [
              {
                "type": "get_attr",
                "value": "private_key"
              }
            ]
          ],
          "identity_schema_version": 0,
          "identity": {
            "arn": "arn:aws:acm:ap-southeast-1:458889634459:certificate/483559e1-79e5-47f0-8507-7b8af6792974"
          },
          "private": "bnVsbA==",
          "create_before_destroy": true
        }
      ]
    },
    {
      "mode": "managed",
      "type": "aws_acm_certificate_validation",
      "name": "api",
      "provider": "provider[\"registry.terraform.io/hashicorp/aws\"]",
      "instances": [
        {
          "schema_version": 0,
          "attributes": {
            "certificate_arn": "arn:aws:acm:ap-southeast-1:458889634459:certificate/483559e1-79e5-47f0-8507-7b8af6792974",
            "id": "0001-01-01 00:00:00 +0000 UTC",
            "region": "ap-southeast-1",
            "timeouts": null,
            "validation_record_fqdns": null
          },
          "sensitive_attributes": [],
          "identity_schema_version": 0,
          "private": "eyJlMmJmYjczMC1lY2FhLTExZTYtOGY4OC0zNDM2M2JjN2M0YzAiOnsiY3JlYXRlIjo0NTAwMDAwMDAwMDAwfX0=",
          "dependencies": [
            "aws_acm_certificate.api",
            "cloudflare_record.api_validation",
            "data.cloudflare_zone.main"
          ]
        }
      ]
    },
    {
      "mode": "managed",
      "type": "aws_autoscaling_group",
      "name": "app_asg",
      "provider": "provider[\"registry.terraform.io/hashicorp/aws\"]",
      "instances": [
        {
          "schema_version": 1,
          "attributes": {
            "arn": "arn:aws:autoscaling:ap-southeast-1:458889634459:autoScalingGroup:c5853b0a-d7a4-4062-8f1b-fb1f16a2ee8f:autoScalingGroupName/domrov-app-asg",
            "availability_zone_distribution": [
              {
                "capacity_distribution_strategy": "balanced-best-effort"
              }
            ],
            "availability_zones": [
              "ap-southeast-1a",
              "ap-southeast-1b"
            ],
            "capacity_rebalance": false,
            "capacity_reservation_specification": [
              {
                "capacity_reservation_preference": "default",
                "capacity_reservation_target": []
              }
            ],
            "context": "",
            "default_cooldown": 300,
            "default_instance_warmup": 0,
            "desired_capacity": 1,
            "desired_capacity_type": "",
            "enabled_metrics": [],
            "force_delete": false,
            "force_delete_warm_pool": false,
            "health_check_grace_period": 600,
            "health_check_type": "ELB",
            "id": "domrov-app-asg",
            "ignore_failed_scaling_activities": false,
            "initial_lifecycle_hook": [],
            "instance_maintenance_policy": [],
            "instance_refresh": [],
            "launch_configuration": "",
            "launch_template": [
              {
                "id": "lt-0398a81c64407e33f",
                "name": "domrov-app-2026040918182210530000000d",
                "version": "$Latest"
              }
            ],
            "load_balancers": [],
            "max_instance_lifetime": 0,
            "max_size": 4,
            "metrics_granularity": "1Minute",
            "min_elb_capacity": null,
            "min_size": 1,
            "mixed_instances_policy": [],
            "name": "domrov-app-asg",
            "name_prefix": "",
            "placement_group": "",
            "predicted_capacity": 0,
            "protect_from_scale_in": false,
            "region": "ap-southeast-1",
            "service_linked_role_arn": "arn:aws:iam::458889634459:role/aws-service-role/autoscaling.amazonaws.com/AWSServiceRoleForAutoScaling",
            "suspended_processes": [],
            "tag": [
              {
                "key": "Name",
                "propagate_at_launch": true,
                "value": "domrov-app-instance"
              }
            ],
            "target_group_arns": [
              "arn:aws:elasticloadbalancing:ap-southeast-1:458889634459:targetgroup/domrov-app-tg/4bd1d5ca9bbd6a1e"
            ],
            "termination_policies": [],
            "timeouts": null,
            "traffic_source": [
              {
                "identifier": "arn:aws:elasticloadbalancing:ap-southeast-1:458889634459:targetgroup/domrov-app-tg/4bd1d5ca9bbd6a1e",
                "type": "elbv2"
              }
            ],
            "vpc_zone_identifier": [
              "subnet-003fb8c0e2e6f1f1a",
              "subnet-0a96819b3bf99be07"
            ],
            "wait_for_capacity_timeout": "10m",
            "wait_for_elb_capacity": null,
            "warm_pool": [],
            "warm_pool_size": 0
          },
          "sensitive_attributes": [],
          "identity_schema_version": 0,
          "private": "eyJlMmJmYjczMC1lY2FhLTExZTYtOGY4OC0zNDM2M2JjN2M0YzAiOnsiZGVsZXRlIjo2MDAwMDAwMDAwMDAsInVwZGF0ZSI6NjAwMDAwMDAwMDAwfSwic2NoZW1hX3ZlcnNpb24iOiIxIn0=",
          "dependencies": [
            "aws_iam_instance_profile.ec2_instance_profile",
            "aws_iam_role.ec2_instance_role",
            "aws_launch_template.app_launch_template",
            "aws_lb_target_group.app_tg",
            "aws_security_group.app_sg",
            "aws_security_group.lb_sg",
            "aws_subnet.private_a",
            "aws_subnet.private_b",
            "aws_vpc.my_vpc"
          ]
        }
      ]
    },
    {
      "mode": "managed",
      "type": "aws_autoscaling_policy",
      "name": "app_scaling",
      "provider": "provider[\"registry.terraform.io/hashicorp/aws\"]",
      "instances": [
        {
          "schema_version": 0,
          "attributes": {
            "adjustment_type": "",
            "arn": "arn:aws:autoscaling:ap-southeast-1:458889634459:scalingPolicy:2b5f43ba-71a6-42b0-93f1-f4aa755cc178:autoScalingGroupName/domrov-app-asg:policyName/domrov-app-cpu-scaling",
            "autoscaling_group_name": "domrov-app-asg",
            "cooldown": 0,
            "enabled": true,
            "estimated_instance_warmup": 60,
            "id": "domrov-app-cpu-scaling",
            "metric_aggregation_type": "",
            "min_adjustment_magnitude": 0,
            "name": "domrov-app-cpu-scaling",
            "policy_type": "TargetTrackingScaling",
            "predictive_scaling_configuration": [],
            "region": "ap-southeast-1",
            "scaling_adjustment": 0,
            "step_adjustment": [],
            "target_tracking_configuration": [
              {
                "customized_metric_specification": [],
                "disable_scale_in": false,
                "predefined_metric_specification": [
                  {
                    "predefined_metric_type": "ASGAverageCPUUtilization",
                    "resource_label": ""
                  }
                ],
                "target_value": 70
              }
            ]
          },
          "sensitive_attributes": [],
          "identity_schema_version": 0,
          "private": "bnVsbA==",
          "dependencies": [
            "aws_autoscaling_group.app_asg",
            "aws_iam_instance_profile.ec2_instance_profile",
            "aws_iam_role.ec2_instance_role",
            "aws_launch_template.app_launch_template",
            "aws_lb_target_group.app_tg",
            "aws_security_group.app_sg",
            "aws_security_group.lb_sg",
            "aws_subnet.private_a",
            "aws_subnet.private_b",
            "aws_vpc.my_vpc"
          ]
        }
      ]
    },
    {
      "mode": "managed",
      "type": "aws_cloudwatch_dashboard",
      "name": "main",
      "provider": "provider[\"registry.terraform.io/hashicorp/aws\"]",
      "instances": [
        {
          "schema_version": 0,
          "attributes": {
            "dashboard_arn": "arn:aws:cloudwatch::458889634459:dashboard/domrov-dashboard",
            "dashboard_body": "{\"widgets\":[{\"properties\":{\"metrics\":[[\"AWS/EC2\",\"CPUUtilization\",{\"label\":\"CPU Usage\",\"stat\":\"Average\"}]],\"period\":300,\"region\":\"ap-southeast-1\",\"stat\":\"Average\",\"title\":\"EC2 CPU Utilization\",\"yAxis\":{\"left\":{\"max\":100,\"min\":0}}},\"type\":\"metric\"},{\"properties\":{\"metrics\":[[\"AWS/ApplicationELB\",\"TargetResponseTime\",{\"stat\":\"Average\"}],[\".\",\"RequestCount\",{\"stat\":\"Sum\"}]],\"period\":300,\"region\":\"ap-southeast-1\",\"title\":\"Load Balancer Metrics\"},\"type\":\"metric\"},{\"properties\":{\"metrics\":[[\"AWS/RDS\",\"CPUUtilization\",{\"stat\":\"Average\"}],[\".\",\"DatabaseConnections\",{\"stat\":\"Average\"}]],\"period\":300,\"region\":\"ap-southeast-1\",\"title\":\"RDS Performance\"},\"type\":\"metric\"},{\"properties\":{\"metrics\":[[\"AWS/AutoScaling\",\"GroupDesiredCapacity\",{\"stat\":\"Average\"}],[\".\",\"GroupInServiceInstances\",{\"stat\":\"Average\"}]],\"period\":300,\"region\":\"ap-southeast-1\",\"title\":\"Auto Scaling Group\"},\"type\":\"metric\"}]}",
            "dashboard_name": "domrov-dashboard",
            "id": "domrov-dashboard",
            "region": "ap-southeast-1"
          },
          "sensitive_attributes": [],
          "identity_schema_version": 0,
          "private": "bnVsbA=="
        }
      ]
    },
    {
      "mode": "managed",
      "type": "aws_cloudwatch_log_group",
      "name": "app_logs",
      "provider": "provider[\"registry.terraform.io/hashicorp/aws\"]",
      "instances": [
        {
          "schema_version": 0,
          "attributes": {
            "arn": "arn:aws:logs:ap-southeast-1:458889634459:log-group:/domrov/app",
            "deletion_protection_enabled": false,
            "id": "/domrov/app",
            "kms_key_id": "",
            "log_group_class": "STANDARD",
            "name": "/domrov/app",
            "name_prefix": "",
            "region": "ap-southeast-1",
            "retention_in_days": 7,
            "skip_destroy": false,
            "tags": {
              "Name": "domrov-app-log-group"
            },
            "tags_all": {
              "Name": "domrov-app-log-group"
            }
          },
          "sensitive_attributes": [],
          "identity_schema_version": 0,
          "identity": {
            "account_id": "458889634459",
            "name": "/domrov/app",
            "region": "ap-southeast-1"
          },
          "private": "bnVsbA=="
        }
      ]
    },
    {
      "mode": "managed",
      "type": "aws_cloudwatch_metric_alarm",
      "name": "high_cpu",
      "provider": "provider[\"registry.terraform.io/hashicorp/aws\"]",
      "instances": [
        {
          "schema_version": 1,
          "attributes": {
            "actions_enabled": true,
            "alarm_actions": [
              "arn:aws:sns:ap-southeast-1:458889634459:domrov-alarms"
            ],
            "alarm_description": "This metric monitors ec2 cpu utilization",
            "alarm_name": "domrov-high-cpu",
            "arn": "arn:aws:cloudwatch:ap-southeast-1:458889634459:alarm:domrov-high-cpu",
            "comparison_operator": "GreaterThanOrEqualToThreshold",
            "datapoints_to_alarm": 0,
            "dimensions": {
              "AutoScalingGroupName": "domrov-app-asg"
            },
            "evaluate_low_sample_count_percentiles": "",
            "evaluation_periods": 2,
            "extended_statistic": "",
            "id": "domrov-high-cpu",
            "insufficient_data_actions": [],
            "metric_name": "CPUUtilization",
            "metric_query": [],
            "namespace": "AWS/EC2",
            "ok_actions": [],
            "period": 120,
            "region": "ap-southeast-1",
            "statistic": "Average",
            "tags": {},
            "tags_all": {},
            "threshold": 80,
            "threshold_metric_id": "",
            "treat_missing_data": "missing",
            "unit": ""
          },
          "sensitive_attributes": [],
          "identity_schema_version": 0,
          "identity": {
            "account_id": "458889634459",
            "alarm_name": "domrov-high-cpu",
            "region": "ap-southeast-1"
          },
          "private": "eyJzY2hlbWFfdmVyc2lvbiI6IjEifQ==",
          "dependencies": [
            "aws_autoscaling_group.app_asg",
            "aws_iam_instance_profile.ec2_instance_profile",
            "aws_iam_role.ec2_instance_role",
            "aws_launch_template.app_launch_template",
            "aws_lb_target_group.app_tg",
            "aws_security_group.app_sg",
            "aws_security_group.lb_sg",
            "aws_sns_topic.alarms",
            "aws_subnet.private_a",
            "aws_subnet.private_b",
            "aws_vpc.my_vpc"
          ]
        }
      ]
    },
    {
      "mode": "managed",
      "type": "aws_cloudwatch_metric_alarm",
      "name": "low_cpu",
      "provider": "provider[\"registry.terraform.io/hashicorp/aws\"]",
      "instances": [
        {
          "schema_version": 1,
          "attributes": {
            "actions_enabled": true,
            "alarm_actions": [
              "arn:aws:sns:ap-southeast-1:458889634459:domrov-alarms"
            ],
            "alarm_description": "This metric monitors ec2 cpu utilization",
            "alarm_name": "domrov-low-cpu",
            "arn": "arn:aws:cloudwatch:ap-southeast-1:458889634459:alarm:domrov-low-cpu",
            "comparison_operator": "LessThanOrEqualToThreshold",
            "datapoints_to_alarm": 0,
            "dimensions": {
              "AutoScalingGroupName": "domrov-app-asg"
            },
            "evaluate_low_sample_count_percentiles": "",
            "evaluation_periods": 2,
            "extended_statistic": "",
            "id": "domrov-low-cpu",
            "insufficient_data_actions": [],
            "metric_name": "CPUUtilization",
            "metric_query": [],
            "namespace": "AWS/EC2",
            "ok_actions": [],
            "period": 120,
            "region": "ap-southeast-1",
            "statistic": "Average",
            "tags": {},
            "tags_all": {},
            "threshold": 20,
            "threshold_metric_id": "",
            "treat_missing_data": "missing",
            "unit": ""
          },
          "sensitive_attributes": [],
          "identity_schema_version": 0,
          "identity": {
            "account_id": "458889634459",
            "alarm_name": "domrov-low-cpu",
            "region": "ap-southeast-1"
          },
          "private": "eyJzY2hlbWFfdmVyc2lvbiI6IjEifQ==",
          "dependencies": [
            "aws_autoscaling_group.app_asg",
            "aws_iam_instance_profile.ec2_instance_profile",
            "aws_iam_role.ec2_instance_role",
            "aws_launch_template.app_launch_template",
            "aws_lb_target_group.app_tg",
            "aws_security_group.app_sg",
            "aws_security_group.lb_sg",
            "aws_sns_topic.alarms",
            "aws_subnet.private_a",
            "aws_subnet.private_b",
            "aws_vpc.my_vpc"
          ]
        }
      ]
    },
    {
      "mode": "managed",
      "type": "aws_cloudwatch_metric_alarm",
      "name": "rds_high_cpu",
      "provider": "provider[\"registry.terraform.io/hashicorp/aws\"]",
      "instances": [
        {
          "schema_version": 1,
          "attributes": {
            "actions_enabled": true,
            "alarm_actions": [
              "arn:aws:sns:ap-southeast-1:458889634459:domrov-alarms"
            ],
            "alarm_description": "RDS CPU utilization is too high",
            "alarm_name": "domrov-rds-high-cpu",
            "arn": "arn:aws:cloudwatch:ap-southeast-1:458889634459:alarm:domrov-rds-high-cpu",
            "comparison_operator": "GreaterThanThreshold",
            "datapoints_to_alarm": 0,
            "dimensions": {
              "DBInstanceIdentifier": "db-Y6PVJ3DY6LVMQ5VMAO7GFGV5YM"
            },
            "evaluate_low_sample_count_percentiles": "",
            "evaluation_periods": 2,
            "extended_statistic": "",
            "id": "domrov-rds-high-cpu",
            "insufficient_data_actions": [],
            "metric_name": "CPUUtilization",
            "metric_query": [],
            "namespace": "AWS/RDS",
            "ok_actions": [],
            "period": 300,
            "region": "ap-southeast-1",
            "statistic": "Average",
            "tags": {},
            "tags_all": {},
            "threshold": 80,
            "threshold_metric_id": "",
            "treat_missing_data": "missing",
            "unit": ""
          },
          "sensitive_attributes": [],
          "identity_schema_version": 0,
          "identity": {
            "account_id": "458889634459",
            "alarm_name": "domrov-rds-high-cpu",
            "region": "ap-southeast-1"
          },
          "private": "eyJzY2hlbWFfdmVyc2lvbiI6IjEifQ==",
          "dependencies": [
            "aws_db_instance.default",
            "aws_db_subnet_group.db_subnet_group",
            "aws_kms_key.domrov",
            "aws_security_group.app_sg",
            "aws_security_group.db_sg",
            "aws_security_group.lb_sg",
            "aws_sns_topic.alarms",
            "aws_subnet.private_a",
            "aws_subnet.private_b",
            "aws_vpc.my_vpc",
            "data.local_file.db_password_read",
            "local_file.db_password_file",
            "random_password.db_password"
          ]
        }
      ]
    },
    {
      "mode": "managed",
      "type": "aws_cloudwatch_metric_alarm",
      "name": "unhealthy_targets",
      "provider": "provider[\"registry.terraform.io/hashicorp/aws\"]",
      "instances": [
        {
          "schema_version": 1,
          "attributes": {
            "actions_enabled": true,
            "alarm_actions": [
              "arn:aws:sns:ap-southeast-1:458889634459:domrov-alarms"
            ],
            "alarm_description": "Alert when targets are unhealthy",
            "alarm_name": "domrov-unhealthy-targets",
            "arn": "arn:aws:cloudwatch:ap-southeast-1:458889634459:alarm:domrov-unhealthy-targets",
            "comparison_operator": "GreaterThanThreshold",
            "datapoints_to_alarm": 0,
            "dimensions": {
              "LoadBalancer": "app/domrov-app-lb/9ea5d96adec4fbb4",
              "TargetGroup": "targetgroup/domrov-app-tg/4bd1d5ca9bbd6a1e"
            },
            "evaluate_low_sample_count_percentiles": "",
            "evaluation_periods": 2,
            "extended_statistic": "",
            "id": "domrov-unhealthy-targets",
            "insufficient_data_actions": [],
            "metric_name": "UnHealthyHostCount",
            "metric_query": [],
            "namespace": "AWS/ApplicationELB",
            "ok_actions": [],
            "period": 60,
            "region": "ap-southeast-1",
            "statistic": "Average",
            "tags": {},
            "tags_all": {},
            "threshold": 0,
            "threshold_metric_id": "",
            "treat_missing_data": "missing",
            "unit": ""
          },
          "sensitive_attributes": [],
          "identity_schema_version": 0,
          "identity": {
            "account_id": "458889634459",
            "alarm_name": "domrov-unhealthy-targets",
            "region": "ap-southeast-1"
          },
          "private": "eyJzY2hlbWFfdmVyc2lvbiI6IjEifQ==",
          "dependencies": [
            "aws_lb.app_lb",
            "aws_lb_target_group.app_tg",
            "aws_security_group.lb_sg",
            "aws_sns_topic.alarms",
            "aws_subnet.public_a",
            "aws_subnet.public_b",
            "aws_vpc.my_vpc"
          ]
        }
      ]
    },
    {
      "mode": "managed",
      "type": "aws_db_instance",
      "name": "default",
      "provider": "provider[\"registry.terraform.io/hashicorp/aws\"]",
      "instances": [
        {
          "schema_version": 2,
          "attributes": {
            "address": "domrov-db.cb4ggkcg2ald.ap-southeast-1.rds.amazonaws.com",
            "allocated_storage": 20,
            "allow_major_version_upgrade": null,
            "apply_immediately": false,
            "arn": "arn:aws:rds:ap-southeast-1:458889634459:db:domrov-db",
            "auto_minor_version_upgrade": true,
            "availability_zone": "ap-southeast-1a",
            "backup_retention_period": 1,
            "backup_target": "region",
            "backup_window": "03:00-04:00",
            "blue_green_update": [],
            "ca_cert_identifier": "rds-ca-rsa2048-g1",
            "character_set_name": "",
            "copy_tags_to_snapshot": false,
            "custom_iam_instance_profile": "",
            "customer_owned_ip_enabled": false,
            "database_insights_mode": "standard",
            "db_name": "",
            "db_subnet_group_name": "domrov-db-subnet-group",
            "dedicated_log_volume": false,
            "delete_automated_backups": true,
            "deletion_protection": false,
            "domain": "",
            "domain_auth_secret_arn": "",
            "domain_dns_ips": [],
            "domain_fqdn": "",
            "domain_iam_role_name": "",
            "domain_ou": "",
            "enabled_cloudwatch_logs_exports": [
              "postgresql"
            ],
            "endpoint": "domrov-db.cb4ggkcg2ald.ap-southeast-1.rds.amazonaws.com:5432",
            "engine": "postgres",
            "engine_lifecycle_support": "open-source-rds-extended-support",
            "engine_version": "16",
            "engine_version_actual": "16.10",
            "final_snapshot_identifier": null,
            "hosted_zone_id": "Z2G0U3KFCY8NZ5",
            "iam_database_authentication_enabled": false,
            "id": "db-Y6PVJ3DY6LVMQ5VMAO7GFGV5YM",
            "identifier": "domrov-db",
            "identifier_prefix": "",
            "instance_class": "db.t3.micro",
            "iops": 0,
            "kms_key_id": "arn:aws:kms:ap-southeast-1:458889634459:key/0493fffb-f792-4390-a6e2-4702adaeab0d",
            "latest_restorable_time": "2026-04-09T18:49:30Z",
            "license_model": "postgresql-license",
            "listener_endpoint": [],
            "maintenance_window": "mon:04:00-mon:05:00",
            "manage_master_user_password": null,
            "master_user_secret": [],
            "master_user_secret_kms_key_id": null,
            "max_allocated_storage": 0,
            "monitoring_interval": 0,
            "monitoring_role_arn": "",
            "multi_az": true,
            "nchar_character_set_name": "",
            "network_type": "IPV4",
            "option_group_name": "default:postgres-16",
            "parameter_group_name": "default.postgres16",
            "password": "3923pWPtYqBeONhp",
            "password_wo": null,
            "password_wo_version": null,
            "performance_insights_enabled": false,
            "performance_insights_kms_key_id": "",
            "performance_insights_retention_period": 0,
            "port": 5432,
            "publicly_accessible": false,
            "region": "ap-southeast-1",
            "replica_mode": "",
            "replicas": [],
            "replicate_source_db": "",
            "resource_id": "db-Y6PVJ3DY6LVMQ5VMAO7GFGV5YM",
            "restore_to_point_in_time": [],
            "s3_import": [],
            "skip_final_snapshot": true,
            "snapshot_identifier": null,
            "status": "available",
            "storage_encrypted": true,
            "storage_throughput": 0,
            "storage_type": "gp2",
            "tags": {
              "Name": "domrov-database"
            },
            "tags_all": {
              "Name": "domrov-database"
            },
            "timeouts": null,
            "timezone": "",
            "upgrade_rollout_order": "second",
            "upgrade_storage_config": null,
            "username": "domrovadmin",
            "vpc_security_group_ids": [
              "sg-0cdcb2ab6baabde2b"
            ]
          },
          "sensitive_attributes": [
            [
              {
                "type": "get_attr",
                "value": "password"
              }
            ],
            [
              {
                "type": "get_attr",
                "value": "password_wo"
              }
            ]
          ],
          "identity_schema_version": 0,
          "private": "eyJlMmJmYjczMC1lY2FhLTExZTYtOGY4OC0zNDM2M2JjN2M0YzAiOnsiY3JlYXRlIjozMDAwMDAwMDAwMDAwLCJkZWxldGUiOjM2MDAwMDAwMDAwMDAsInVwZGF0ZSI6NDgwMDAwMDAwMDAwMH0sInNjaGVtYV92ZXJzaW9uIjoiMiJ9",
          "dependencies": [
            "aws_db_subnet_group.db_subnet_group",
            "aws_kms_key.domrov",
            "aws_security_group.app_sg",
            "aws_security_group.db_sg",
            "aws_security_group.lb_sg",
            "aws_subnet.private_a",
            "aws_subnet.private_b",
            "aws_vpc.my_vpc",
            "data.local_file.db_password_read",
            "local_file.db_password_file",
            "random_password.db_password"
          ]
        }
      ]
    },
    {
      "mode": "managed",
      "type": "aws_db_subnet_group",
      "name": "db_subnet_group",
      "provider": "provider[\"registry.terraform.io/hashicorp/aws\"]",
      "instances": [
        {
          "schema_version": 0,
          "attributes": {
            "arn": "arn:aws:rds:ap-southeast-1:458889634459:subgrp:domrov-db-subnet-group",
            "description": "Managed by Terraform",
            "id": "domrov-db-subnet-group",
            "name": "domrov-db-subnet-group",
            "name_prefix": "",
            "region": "ap-southeast-1",
            "subnet_ids": [
              "subnet-003fb8c0e2e6f1f1a",
              "subnet-0a96819b3bf99be07"
            ],
            "supported_network_types": [
              "IPV4"
            ],
            "tags": {
              "Name": "domrov-db-subnet-group"
            },
            "tags_all": {
              "Name": "domrov-db-subnet-group"
            },
            "vpc_id": "vpc-0a3253be8a980f6e7"
          },
          "sensitive_attributes": [],
          "identity_schema_version": 0,
          "private": "bnVsbA==",
          "dependencies": [
            "aws_subnet.private_a",
            "aws_subnet.private_b",
            "aws_vpc.my_vpc"
          ]
        }
      ]
    },
    {
      "mode": "managed",
      "type": "aws_eip",
      "name": "nat",
      "provider": "provider[\"registry.terraform.io/hashicorp/aws\"]",
      "instances": [
        {
          "schema_version": 0,
          "attributes": {
            "address": null,
            "allocation_id": "eipalloc-063d9d4bf5327fe05",
            "arn": "arn:aws:ec2:ap-southeast-1:458889634459:elastic-ip/eipalloc-063d9d4bf5327fe05",
            "associate_with_private_ip": null,
            "association_id": "eipassoc-0f3143507525c2bb2",
            "carrier_ip": "",
            "customer_owned_ip": "",
            "customer_owned_ipv4_pool": "",
            "domain": "vpc",
            "id": "eipalloc-063d9d4bf5327fe05",
            "instance": "",
            "ipam_pool_id": null,
            "network_border_group": "ap-southeast-1",
            "network_interface": "eni-07a7e43e38e25ec0a",
            "private_dns": "ip-10-0-1-90.ap-southeast-1.compute.internal",
            "private_ip": "10.0.1.90",
            "ptr_record": "",
            "public_dns": "ec2-13-215-182-154.ap-southeast-1.compute.amazonaws.com",
            "public_ip": "13.215.182.154",
            "public_ipv4_pool": "amazon",
            "region": "ap-southeast-1",
            "tags": {
              "Name": "domrov-nat-eip"
            },
            "tags_all": {
              "Name": "domrov-nat-eip"
            },
            "timeouts": null
          },
          "sensitive_attributes": [],
          "identity_schema_version": 0,
          "private": "eyJlMmJmYjczMC1lY2FhLTExZTYtOGY4OC0zNDM2M2JjN2M0YzAiOnsiZGVsZXRlIjoxODAwMDAwMDAwMDAsInJlYWQiOjkwMDAwMDAwMDAwMCwidXBkYXRlIjozMDAwMDAwMDAwMDB9fQ==",
          "dependencies": [
            "aws_internet_gateway.igw",
            "aws_vpc.my_vpc"
          ]
        }
      ]
    },
    {
      "mode": "managed",
      "type": "aws_iam_instance_profile",
      "name": "ec2_instance_profile",
      "provider": "provider[\"registry.terraform.io/hashicorp/aws\"]",
      "instances": [
        {
          "schema_version": 0,
          "attributes": {
            "arn": "arn:aws:iam::458889634459:instance-profile/domrov-ec2-instance-profile-20260409181814079800000002",
            "create_date": "2026-04-09T18:18:14Z",
            "id": "domrov-ec2-instance-profile-20260409181814079800000002",
            "name": "domrov-ec2-instance-profile-20260409181814079800000002",
            "name_prefix": "domrov-ec2-instance-profile-",
            "path": "/",
            "role": "domrov-ec2-role-20260409181812053000000001",
            "tags": {
              "Name": "domrov-ec2-instance-profile"
            },
            "tags_all": {
              "Name": "domrov-ec2-instance-profile"
            },
            "unique_id": "AIPAWVV7UEKNWJVCEAT6D"
          },
          "sensitive_attributes": [],
          "identity_schema_version": 0,
          "identity": {
            "account_id": "458889634459",
            "name": "domrov-ec2-instance-profile-20260409181814079800000002"
          },
          "private": "bnVsbA==",
          "dependencies": [
            "aws_iam_role.ec2_instance_role"
          ]
        }
      ]
    },
    {
      "mode": "managed",
      "type": "aws_iam_policy",
      "name": "secrets_manager_policy",
      "provider": "provider[\"registry.terraform.io/hashicorp/aws\"]",
      "instances": [
        {
          "schema_version": 0,
          "attributes": {
            "arn": "arn:aws:iam::458889634459:policy/SecretsManagerReadAccess",
            "attachment_count": 1,
            "delay_after_policy_creation_in_ms": null,
            "description": "Allows read-only access to specific secrets in AWS Secrets Manager",
            "id": "arn:aws:iam::458889634459:policy/SecretsManagerReadAccess",
            "name": "SecretsManagerReadAccess",
            "name_prefix": "",
            "path": "/",
            "policy": "{\"Statement\":[{\"Action\":\"secretsmanager:GetSecretValue\",\"Effect\":\"Allow\",\"Resource\":\"arn:aws:secretsmanager:ap-southeast-1:458889634459:secret:/domrov/*\"}],\"Version\":\"2012-10-17\"}",
            "policy_id": "ANPAWVV7UEKNWOIPU5O6W",
            "tags": {},
            "tags_all": {}
          },
          "sensitive_attributes": [],
          "identity_schema_version": 0,
          "identity": {
            "arn": "arn:aws:iam::458889634459:policy/SecretsManagerReadAccess"
          },
          "private": "bnVsbA=="
        }
      ]
    },
    {
      "mode": "managed",
      "type": "aws_iam_role",
      "name": "ec2_instance_role",
      "provider": "provider[\"registry.terraform.io/hashicorp/aws\"]",
      "instances": [
        {
          "schema_version": 0,
          "attributes": {
            "arn": "arn:aws:iam::458889634459:role/domrov-ec2-role-20260409181812053000000001",
            "assume_role_policy": "{\"Statement\":[{\"Action\":\"sts:AssumeRole\",\"Effect\":\"Allow\",\"Principal\":{\"Service\":\"ec2.amazonaws.com\"}}],\"Version\":\"2012-10-17\"}",
            "create_date": "2026-04-09T18:18:13Z",
            "description": "",
            "force_detach_policies": false,
            "id": "domrov-ec2-role-20260409181812053000000001",
            "inline_policy": [
              {
                "name": "domrov-ec2-ssm-policy-20260409181814921600000003",
                "policy": "{\"Version\":\"2012-10-17\",\"Statement\":[{\"Action\":[\"ssm:GetParameter\",\"ssm:GetParameters\"],\"Effect\":\"Allow\",\"Resource\":[\"arn:aws:ssm:ap-southeast-1:458889634459:parameter/domrov/backend/POSTGRES_URL\",\"arn:aws:ssm:ap-southeast-1:458889634459:parameter/domrov/backend/POSTGRES_HOST\",\"arn:aws:ssm:ap-southeast-1:458889634459:parameter/domrov/backend/POSTGRES_PORT\",\"arn:aws:ssm:ap-southeast-1:458889634459:parameter/domrov/backend/JWT_SECRET\",\"arn:aws:ssm:ap-southeast-1:458889634459:parameter/domrov/backend/JWT_ACCESS_TOKEN_EXPIRE\",\"arn:aws:ssm:ap-southeast-1:458889634459:parameter/domrov/backend/JWT_REFRESH_TOKEN_EXPIRE\",\"arn:aws:ssm:ap-southeast-1:458889634459:parameter/domrov/backend/JWT_REFRESH_TOKEN_SECRET\",\"arn:aws:ssm:ap-southeast-1:458889634459:parameter/domrov/backend/SMTP_HOST\",\"arn:aws:ssm:ap-southeast-1:458889634459:parameter/domrov/backend/SMTP_PORT\",\"arn:aws:ssm:ap-southeast-1:458889634459:parameter/domrov/backend/SMTP_SECURE\",\"arn:aws:ssm:ap-southeast-1:458889634459:parameter/domrov/backend/SMTP_USER\",\"arn:aws:ssm:ap-southeast-1:458889634459:parameter/domrov/backend/SMTP_PASS\",\"arn:aws:ssm:ap-southeast-1:458889634459:parameter/domrov/backend/SMTP_FROM\",\"arn:aws:ssm:ap-southeast-1:458889634459:parameter/domrov/backend/GOOGLE_CLIENT_ID\",\"arn:aws:ssm:ap-southeast-1:458889634459:parameter/domrov/backend/GOOGLE_CLIENT_SECRET\",\"arn:aws:ssm:ap-southeast-1:458889634459:parameter/domrov/backend/GOOGLE_CALLBACK_URL\",\"arn:aws:ssm:ap-southeast-1:458889634459:parameter/domrov/backend/GIT_HUB_CLIENT_ID\",\"arn:aws:ssm:ap-southeast-1:458889634459:parameter/domrov/backend/GIT_HUB_CLIENT_SECRET\",\"arn:aws:ssm:ap-southeast-1:458889634459:parameter/domrov/backend/GIT_HUB_CALLBACK_URL\",\"arn:aws:ssm:ap-southeast-1:458889634459:parameter/domrov/backend/BASE_URL\",\"arn:aws:ssm:ap-southeast-1:458889634459:parameter/domrov/backend/JWT_INVITE_SECRET\",\"arn:aws:ssm:ap-southeast-1:458889634459:parameter/domrov/backend/BAKONG_TOKEN\",\"arn:aws:ssm:ap-southeast-1:458889634459:parameter/domrov/backend/BAKONG_API\",\"arn:aws:ssm:ap-southeast-1:458889634459:parameter/domrov/backend/BAKONG_BANK_ACCOUNT\",\"arn:aws:ssm:ap-southeast-1:458889634459:parameter/domrov/backend/MERCHANT_NAME\",\"arn:aws:ssm:ap-southeast-1:458889634459:parameter/domrov/backend/MERCHANT_CITY\",\"arn:aws:ssm:ap-southeast-1:458889634459:parameter/domrov/backend/PHONE_NUMBER\",\"arn:aws:ssm:ap-southeast-1:458889634459:parameter/domrov/backend/CODE_EVAL_GRPC_CLIENT_HOST\",\"arn:aws:ssm:ap-southeast-1:458889634459:parameter/domrov/backend/CODE_EVAL_GRPC_CLIENT_PORT\",\"arn:aws:ssm:ap-southeast-1:458889634459:parameter/domrov/backend/REDIS_URL\",\"arn:aws:ssm:ap-southeast-1:458889634459:parameter/domrov/backend/R2_ACCOUNT_ID\",\"arn:aws:ssm:ap-southeast-1:458889634459:parameter/domrov/backend/R2_TOKEN\",\"arn:aws:ssm:ap-southeast-1:458889634459:parameter/domrov/backend/R2_SECRET_KEY\",\"arn:aws:ssm:ap-southeast-1:458889634459:parameter/domrov/backend/R2_BUCKET\",\"arn:aws:ssm:ap-southeast-1:458889634459:parameter/domrov/backend/AI_KEY_MASTER_SECRET\",\"arn:aws:ssm:ap-southeast-1:458889634459:parameter/domrov/backend/CACHE_TYPE\",\"arn:aws:ssm:ap-southeast-1:458889634459:parameter/domrov/backend/SENTRY_DSN\",\"arn:aws:ssm:ap-southeast-1:458889634459:parameter/domrov/backend/CLOUDINARY_CLOUD_NAME\",\"arn:aws:ssm:ap-southeast-1:458889634459:parameter/domrov/backend/CLOUDINARY_API_KEY\",\"arn:aws:ssm:ap-southeast-1:458889634459:parameter/domrov/backend/CLOUDINARY_API_SECRET\",\"arn:aws:ssm:ap-southeast-1:458889634459:parameter/domrov/backend/DOMROV_SECRET_KEY\",\"arn:aws:ssm:ap-southeast-1:458889634459:parameter/domrov/backend/FRONTEND_URL\",\"arn:aws:ssm:ap-southeast-1:458889634459:parameter/domrov/backend/GEMINI_KEY\",\"arn:aws:ssm:ap-southeast-1:458889634459:parameter/domrov/backend/OLLAMA_API_KEY\",\"arn:aws:ssm:ap-southeast-1:458889634459:parameter/domrov/backend/GPT_KEY\",\"arn:aws:ssm:ap-southeast-1:458889634459:parameter/domrov/backend/DEEPSEEK_API_KEY\",\"arn:aws:ssm:ap-southeast-1:458889634459:parameter/domrov/backend/OPENROUTER_API_KEY\"]},{\"Action\":[\"ssm:GetParametersByPath\"],\"Effect\":\"Allow\",\"Resource\":\"arn:aws:ssm:ap-southeast-1:458889634459:parameter/domrov/*\"},{\"Action\":[\"kms:Decrypt\"],\"Condition\":{\"StringEquals\":{\"kms:ViaService\":\"ssm.ap-southeast-1.amazonaws.com\"}},\"Effect\":\"Allow\",\"Resource\":\"*\"}]}"
              }
            ],
            "managed_policy_arns": [
              "arn:aws:iam::458889634459:policy/SecretsManagerReadAccess",
              "arn:aws:iam::aws:policy/AmazonSSMManagedInstanceCore"
            ],
            "max_session_duration": 3600,
            "name": "domrov-ec2-role-20260409181812053000000001",
            "name_prefix": "domrov-ec2-role-",
            "path": "/",
            "permissions_boundary": "",
            "tags": {
              "Name": "domrov-ec2-role"
            },
            "tags_all": {
              "Name": "domrov-ec2-role"
            },
            "unique_id": "AROAWVV7UEKNT2FXZNOQH"
          },
          "sensitive_attributes": [],
          "identity_schema_version": 0,
          "identity": {
            "account_id": "458889634459",
            "name": "domrov-ec2-role-20260409181812053000000001"
          },
          "private": "bnVsbA=="
        }
      ]
    },
    {
      "mode": "managed",
      "type": "aws_iam_role_policy",
      "name": "ec2_ssm_policy",
      "provider": "provider[\"registry.terraform.io/hashicorp/aws\"]",
      "instances": [
        {
          "schema_version": 0,
          "attributes": {
            "id": "domrov-ec2-role-20260409181812053000000001:domrov-ec2-ssm-policy-20260409181814921600000003",
            "name": "domrov-ec2-ssm-policy-20260409181814921600000003",
            "name_prefix": "domrov-ec2-ssm-policy-",
            "policy": "{\"Version\":\"2012-10-17\",\"Statement\":[{\"Action\":[\"ssm:GetParameter\",\"ssm:GetParameters\"],\"Effect\":\"Allow\",\"Resource\":[\"arn:aws:ssm:ap-southeast-1:458889634459:parameter/domrov/backend/POSTGRES_URL\",\"arn:aws:ssm:ap-southeast-1:458889634459:parameter/domrov/backend/POSTGRES_HOST\",\"arn:aws:ssm:ap-southeast-1:458889634459:parameter/domrov/backend/POSTGRES_PORT\",\"arn:aws:ssm:ap-southeast-1:458889634459:parameter/domrov/backend/JWT_SECRET\",\"arn:aws:ssm:ap-southeast-1:458889634459:parameter/domrov/backend/JWT_ACCESS_TOKEN_EXPIRE\",\"arn:aws:ssm:ap-southeast-1:458889634459:parameter/domrov/backend/JWT_REFRESH_TOKEN_EXPIRE\",\"arn:aws:ssm:ap-southeast-1:458889634459:parameter/domrov/backend/JWT_REFRESH_TOKEN_SECRET\",\"arn:aws:ssm:ap-southeast-1:458889634459:parameter/domrov/backend/SMTP_HOST\",\"arn:aws:ssm:ap-southeast-1:458889634459:parameter/domrov/backend/SMTP_PORT\",\"arn:aws:ssm:ap-southeast-1:458889634459:parameter/domrov/backend/SMTP_SECURE\",\"arn:aws:ssm:ap-southeast-1:458889634459:parameter/domrov/backend/SMTP_USER\",\"arn:aws:ssm:ap-southeast-1:458889634459:parameter/domrov/backend/SMTP_PASS\",\"arn:aws:ssm:ap-southeast-1:458889634459:parameter/domrov/backend/SMTP_FROM\",\"arn:aws:ssm:ap-southeast-1:458889634459:parameter/domrov/backend/GOOGLE_CLIENT_ID\",\"arn:aws:ssm:ap-southeast-1:458889634459:parameter/domrov/backend/GOOGLE_CLIENT_SECRET\",\"arn:aws:ssm:ap-southeast-1:458889634459:parameter/domrov/backend/GOOGLE_CALLBACK_URL\",\"arn:aws:ssm:ap-southeast-1:458889634459:parameter/domrov/backend/GIT_HUB_CLIENT_ID\",\"arn:aws:ssm:ap-southeast-1:458889634459:parameter/domrov/backend/GIT_HUB_CLIENT_SECRET\",\"arn:aws:ssm:ap-southeast-1:458889634459:parameter/domrov/backend/GIT_HUB_CALLBACK_URL\",\"arn:aws:ssm:ap-southeast-1:458889634459:parameter/domrov/backend/BASE_URL\",\"arn:aws:ssm:ap-southeast-1:458889634459:parameter/domrov/backend/JWT_INVITE_SECRET\",\"arn:aws:ssm:ap-southeast-1:458889634459:parameter/domrov/backend/BAKONG_TOKEN\",\"arn:aws:ssm:ap-southeast-1:458889634459:parameter/domrov/backend/BAKONG_API\",\"arn:aws:ssm:ap-southeast-1:458889634459:parameter/domrov/backend/BAKONG_BANK_ACCOUNT\",\"arn:aws:ssm:ap-southeast-1:458889634459:parameter/domrov/backend/MERCHANT_NAME\",\"arn:aws:ssm:ap-southeast-1:458889634459:parameter/domrov/backend/MERCHANT_CITY\",\"arn:aws:ssm:ap-southeast-1:458889634459:parameter/domrov/backend/PHONE_NUMBER\",\"arn:aws:ssm:ap-southeast-1:458889634459:parameter/domrov/backend/CODE_EVAL_GRPC_CLIENT_HOST\",\"arn:aws:ssm:ap-southeast-1:458889634459:parameter/domrov/backend/CODE_EVAL_GRPC_CLIENT_PORT\",\"arn:aws:ssm:ap-southeast-1:458889634459:parameter/domrov/backend/REDIS_URL\",\"arn:aws:ssm:ap-southeast-1:458889634459:parameter/domrov/backend/R2_ACCOUNT_ID\",\"arn:aws:ssm:ap-southeast-1:458889634459:parameter/domrov/backend/R2_TOKEN\",\"arn:aws:ssm:ap-southeast-1:458889634459:parameter/domrov/backend/R2_SECRET_KEY\",\"arn:aws:ssm:ap-southeast-1:458889634459:parameter/domrov/backend/R2_BUCKET\",\"arn:aws:ssm:ap-southeast-1:458889634459:parameter/domrov/backend/AI_KEY_MASTER_SECRET\",\"arn:aws:ssm:ap-southeast-1:458889634459:parameter/domrov/backend/CACHE_TYPE\",\"arn:aws:ssm:ap-southeast-1:458889634459:parameter/domrov/backend/SENTRY_DSN\",\"arn:aws:ssm:ap-southeast-1:458889634459:parameter/domrov/backend/CLOUDINARY_CLOUD_NAME\",\"arn:aws:ssm:ap-southeast-1:458889634459:parameter/domrov/backend/CLOUDINARY_API_KEY\",\"arn:aws:ssm:ap-southeast-1:458889634459:parameter/domrov/backend/CLOUDINARY_API_SECRET\",\"arn:aws:ssm:ap-southeast-1:458889634459:parameter/domrov/backend/DOMROV_SECRET_KEY\",\"arn:aws:ssm:ap-southeast-1:458889634459:parameter/domrov/backend/FRONTEND_URL\",\"arn:aws:ssm:ap-southeast-1:458889634459:parameter/domrov/backend/GEMINI_KEY\",\"arn:aws:ssm:ap-southeast-1:458889634459:parameter/domrov/backend/OLLAMA_API_KEY\",\"arn:aws:ssm:ap-southeast-1:458889634459:parameter/domrov/backend/GPT_KEY\",\"arn:aws:ssm:ap-southeast-1:458889634459:parameter/domrov/backend/DEEPSEEK_API_KEY\",\"arn:aws:ssm:ap-southeast-1:458889634459:parameter/domrov/backend/OPENROUTER_API_KEY\"]},{\"Action\":[\"ssm:GetParametersByPath\"],\"Effect\":\"Allow\",\"Resource\":\"arn:aws:ssm:ap-southeast-1:458889634459:parameter/domrov/*\"},{\"Action\":[\"kms:Decrypt\"],\"Condition\":{\"StringEquals\":{\"kms:ViaService\":\"ssm.ap-southeast-1.amazonaws.com\"}},\"Effect\":\"Allow\",\"Resource\":\"*\"}]}",
            "role": "domrov-ec2-role-20260409181812053000000001"
          },
          "sensitive_attributes": [],
          "identity_schema_version": 0,
          "identity": {
            "account_id": "458889634459",
            "name": "domrov-ec2-ssm-policy-20260409181814921600000003",
            "role": "domrov-ec2-role-20260409181812053000000001"
          },
          "private": "bnVsbA==",
          "dependencies": [
            "aws_iam_role.ec2_instance_role",
            "data.aws_caller_identity.current",
            "data.aws_region.current"
          ]
        }
      ]
    },
    {
      "mode": "managed",
      "type": "aws_iam_role_policy_attachment",
      "name": "ec2_instance_secrets_manager_policy",
      "provider": "provider[\"registry.terraform.io/hashicorp/aws\"]",
      "instances": [
        {
          "schema_version": 0,
          "attributes": {
            "id": "domrov-ec2-role-20260409181812053000000001/arn:aws:iam::458889634459:policy/SecretsManagerReadAccess",
            "policy_arn": "arn:aws:iam::458889634459:policy/SecretsManagerReadAccess",
            "role": "domrov-ec2-role-20260409181812053000000001"
          },
          "sensitive_attributes": [],
          "identity_schema_version": 0,
          "identity": {
            "account_id": "458889634459",
            "policy_arn": "arn:aws:iam::458889634459:policy/SecretsManagerReadAccess",
            "role": "domrov-ec2-role-20260409181812053000000001"
          },
          "private": "bnVsbA==",
          "dependencies": [
            "aws_iam_policy.secrets_manager_policy",
            "aws_iam_role.ec2_instance_role"
          ]
        }
      ]
    },
    {
      "mode": "managed",
      "type": "aws_iam_role_policy_attachment",
      "name": "ssm_managed_policy",
      "provider": "provider[\"registry.terraform.io/hashicorp/aws\"]",
      "instances": [
        {
          "schema_version": 0,
          "attributes": {
            "id": "domrov-ec2-role-20260409181812053000000001/arn:aws:iam::aws:policy/AmazonSSMManagedInstanceCore",
            "policy_arn": "arn:aws:iam::aws:policy/AmazonSSMManagedInstanceCore",
            "role": "domrov-ec2-role-20260409181812053000000001"
          },
          "sensitive_attributes": [],
          "identity_schema_version": 0,
          "identity": {
            "account_id": "458889634459",
            "policy_arn": "arn:aws:iam::aws:policy/AmazonSSMManagedInstanceCore",
            "role": "domrov-ec2-role-20260409181812053000000001"
          },
          "private": "bnVsbA==",
          "dependencies": [
            "aws_iam_role.ec2_instance_role"
          ]
        }
      ]
    },
    {
      "mode": "managed",
      "type": "aws_internet_gateway",
      "name": "igw",
      "provider": "provider[\"registry.terraform.io/hashicorp/aws\"]",
      "instances": [
        {
          "schema_version": 0,
          "attributes": {
            "arn": "arn:aws:ec2:ap-southeast-1:458889634459:internet-gateway/igw-020f9fe2398514f82",
            "id": "igw-020f9fe2398514f82",
            "owner_id": "458889634459",
            "region": "ap-southeast-1",
            "tags": {
              "Name": "main-igw"
            },
            "tags_all": {
              "Name": "main-igw"
            },
            "timeouts": null,
            "vpc_id": "vpc-0a3253be8a980f6e7"
          },
          "sensitive_attributes": [],
          "identity_schema_version": 0,
          "private": "eyJlMmJmYjczMC1lY2FhLTExZTYtOGY4OC0zNDM2M2JjN2M0YzAiOnsiY3JlYXRlIjoxMjAwMDAwMDAwMDAwLCJkZWxldGUiOjEyMDAwMDAwMDAwMDAsInVwZGF0ZSI6MTIwMDAwMDAwMDAwMH19",
          "dependencies": [
            "aws_vpc.my_vpc"
          ]
        }
      ]
    },
    {
      "mode": "managed",
      "type": "aws_kms_alias",
      "name": "domrov",
      "provider": "provider[\"registry.terraform.io/hashicorp/aws\"]",
      "instances": [
        {
          "schema_version": 0,
          "attributes": {
            "arn": "arn:aws:kms:ap-southeast-1:458889634459:alias/domrov-lms",
            "id": "alias/domrov-lms",
            "name": "alias/domrov-lms",
            "name_prefix": "",
            "region": "ap-southeast-1",
            "target_key_arn": "arn:aws:kms:ap-southeast-1:458889634459:key/0493fffb-f792-4390-a6e2-4702adaeab0d",
            "target_key_id": "0493fffb-f792-4390-a6e2-4702adaeab0d"
          },
          "sensitive_attributes": [],
          "identity_schema_version": 0,
          "identity": {
            "account_id": "458889634459",
            "name": "alias/domrov-lms",
            "region": "ap-southeast-1"
          },
          "private": "bnVsbA==",
          "dependencies": [
            "aws_kms_key.domrov"
          ]
        }
      ]
    },
    {
      "mode": "managed",
      "type": "aws_kms_key",
      "name": "domrov",
      "provider": "provider[\"registry.terraform.io/hashicorp/aws\"]",
      "instances": [
        {
          "schema_version": 0,
          "attributes": {
            "arn": "arn:aws:kms:ap-southeast-1:458889634459:key/0493fffb-f792-4390-a6e2-4702adaeab0d",
            "bypass_policy_lockout_safety_check": false,
            "custom_key_store_id": "",
            "customer_master_key_spec": "SYMMETRIC_DEFAULT",
            "deletion_window_in_days": 10,
            "description": "KMS key for Domrov LMS encryption",
            "enable_key_rotation": true,
            "id": "0493fffb-f792-4390-a6e2-4702adaeab0d",
            "is_enabled": true,
            "key_id": "0493fffb-f792-4390-a6e2-4702adaeab0d",
            "key_usage": "ENCRYPT_DECRYPT",
            "multi_region": false,
            "policy": "{\"Id\":\"key-default-1\",\"Statement\":[{\"Action\":\"kms:*\",\"Effect\":\"Allow\",\"Principal\":{\"AWS\":\"arn:aws:iam::458889634459:root\"},\"Resource\":\"*\",\"Sid\":\"Enable IAM User Permissions\"}],\"Version\":\"2012-10-17\"}",
            "region": "ap-southeast-1",
            "rotation_period_in_days": 365,
            "tags": {
              "Name": "domrov-kms-key"
            },
            "tags_all": {
              "Name": "domrov-kms-key"
            },
            "timeouts": null,
            "xks_key_id": ""
          },
          "sensitive_attributes": [],
          "identity_schema_version": 0,
          "identity": {
            "account_id": "458889634459",
            "id": "0493fffb-f792-4390-a6e2-4702adaeab0d",
            "region": "ap-southeast-1"
          },
          "private": "eyJlMmJmYjczMC1lY2FhLTExZTYtOGY4OC0zNDM2M2JjN2M0YzAiOnsiY3JlYXRlIjoxMjAwMDAwMDAwMDB9fQ=="
        }
      ]
    },
    {
      "mode": "managed",
      "type": "aws_launch_template",
      "name": "app_launch_template",
      "provider": "provider[\"registry.terraform.io/hashicorp/aws\"]",
      "instances": [
        {
          "schema_version": 1,
          "attributes": {
            "arn": "arn:aws:ec2:ap-southeast-1:458889634459:launch-template/lt-0398a81c64407e33f",
            "block_device_mappings": [
              {
                "device_name": "/dev/sda1",
                "ebs": [
                  {
                    "delete_on_termination": "true",
                    "encrypted": "true",
                    "iops": 0,
                    "kms_key_id": "",
                    "snapshot_id": "",
                    "throughput": 0,
                    "volume_initialization_rate": 0,
                    "volume_size": 20,
                    "volume_type": "gp3"
                  }
                ],
                "no_device": "",
                "virtual_name": ""
              }
            ],
            "capacity_reservation_specification": [],
            "cpu_options": [],
            "credit_specification": [],
            "default_version": 1,
            "description": "",
            "disable_api_stop": false,
            "disable_api_termination": false,
            "ebs_optimized": "",
            "enclave_options": [],
            "hibernation_options": [],
            "iam_instance_profile": [
              {
                "arn": "arn:aws:iam::458889634459:instance-profile/domrov-ec2-instance-profile-20260409181814079800000002",
                "name": ""
              }
            ],
            "id": "lt-0398a81c64407e33f",
            "image_id": "ami-0e7ff22101b84bcff",
            "instance_initiated_shutdown_behavior": "",
            "instance_market_options": [],
            "instance_requirements": [],
            "instance_type": "t3.small",
            "kernel_id": "",
            "key_name": "domrov",
            "latest_version": 2,
            "license_specification": [],
            "maintenance_options": [],
            "metadata_options": [
              {
                "http_endpoint": "enabled",
                "http_protocol_ipv6": "",
                "http_put_response_hop_limit": 1,
                "http_tokens": "optional",
                "instance_metadata_tags": "enabled"
              }
            ],
            "monitoring": [],
            "name": "domrov-app-2026040918182210530000000d",
            "name_prefix": "domrov-app-",
            "network_interfaces": [],
            "network_performance_options": [],
            "placement": [],
            "private_dns_name_options": [],
            "ram_disk_id": "",
            "region": "ap-southeast-1",
            "secondary_interfaces": [],
            "security_group_names": [],
            "tag_specifications": [
              {
                "resource_type": "instance",
                "tags": {
                  "Environment": "production",
                  "Name": "domrov-app-instance",
                  "Project": "domrov"
                }
              },
              {
                "resource_type": "volume",
                "tags": {
                  "Environment": "production",
                  "Name": "domrov-app-volume",
                  "Project": "domrov"
                }
              }
            ],
            "tags": {},
            "tags_all": {},
            "update_default_version": null,
            "user_data": "IyEvYmluL2Jhc2gKCiMgMS4gTG9nZ2luZyBhbmQgU2FmZXR5CmV4ZWMgPiA+KHRlZSAvdmFyL2xvZy9tYW51YWwtdGVzdC5sb2cpIDI+JjEKZWNobyAiPT09IFN0YXJ0IE1hbnVhbCBUZXN0IERlcGxveW1lbnQ6ICQoZGF0ZSkgPT09IgoKZXhwb3J0IERFQklBTl9GUk9OVEVORD1ub25pbnRlcmFjdGl2ZQpleHBvcnQgQVdTX0RFRkFVTFRfUkVHSU9OPWFwLXNvdXRoZWFzdC0xCgojIDIuIFdhaXQgZm9yIHN5c3RlbSBsb2NrcyAoRW5zdXJlcyBhcHQgaXMgcmVhZHkpCmVjaG8gIkNoZWNraW5nIGZvciBhcHQgbG9ja3MuLi4iCndoaWxlIGZ1c2VyIC92YXIvbGliL2Rwa2cvbG9jay1mcm9udGVuZCA+L2Rldi9udWxsIDI+JjE7IGRvCiAgZWNobyAiV2FpdGluZyBmb3Igb3RoZXIgYXB0IHByb2Nlc3NlcyB0byBmaW5pc2guLi4iCiAgc2xlZXAgNQpkb25lCgojIDMuIEluc3RhbGwgRG9ja2VyICYgRGVwZW5kZW5jaWVzCmVjaG8gIkluc3RhbGxpbmcgRGVwZW5kZW5jaWVzLi4uIgphcHQtZ2V0IHVwZGF0ZSAteQphcHQtZ2V0IGluc3RhbGwgLXkgZG9ja2VyLmlvIGpxIGN1cmwgdW56aXAgLXkKCiMgNC4gSW5zdGFsbCBBV1MgQ0xJIHYyIChUaGUgcmVsaWFibGUgd2F5KQppZiAhIGNvbW1hbmQgLXYgYXdzICY+IC9kZXYvbnVsbDsgdGhlbgogICAgZWNobyAiSW5zdGFsbGluZyBBV1MgQ0xJIHYyLi4uIgogICAgY3VybCAiaHR0cHM6Ly9hd3NjbGkuYW1hem9uYXdzLmNvbS9hd3NjbGktZXhlLWxpbnV4LXg4Nl82NC56aXAiIC1vICJhd3NjbGl2Mi56aXAiCiAgICB1bnppcCAtcSBhd3NjbGl2Mi56aXAKICAgIHN1ZG8gLi9hd3MvaW5zdGFsbCAtLXVwZGF0ZQogICAgcm0gLXJmIGF3c2NsaXYyLnppcCAuL2F3cwpmaQoKIyBSZWZyZXNoIHBhdGgKZXhwb3J0IFBBVEg9JFBBVEg6L3Vzci9sb2NhbC9iaW4KCnN5c3RlbWN0bCBzdGFydCBkb2NrZXIKc3lzdGVtY3RsIGVuYWJsZSBkb2NrZXIKdXNlcm1vZCAtYUcgZG9ja2VyIHVidW50dQoKIyA0LjUgSW5zdGFsbCBDbG91ZFdhdGNoIEFnZW50IGZvciBhcHBsaWNhdGlvbiBsb2dnaW5nCmVjaG8gIkluc3RhbGxpbmcgQ2xvdWRXYXRjaCBBZ2VudC4uLiIKd2dldCAtcSBodHRwczovL3MzLmFtYXpvbmF3cy5jb20vYW1hem9uY2xvdWR3YXRjaC1hZ2VudC91YnVudHUvYW1kNjQvbGF0ZXN0L2FtYXpvbi1jbG91ZHdhdGNoLWFnZW50LmRlYgpkcGtnIC1pIC1FIC4vYW1hem9uLWNsb3Vkd2F0Y2gtYWdlbnQuZGViCgojIENyZWF0ZSBDbG91ZFdhdGNoIEFnZW50IGNvbmZpZ3VyYXRpb24KY2F0ID4gL29wdC9hd3MvYW1hem9uLWNsb3Vkd2F0Y2gtYWdlbnQvZXRjL2NvbmZpZy5qc29uIDw8ICdFT0YnCnsKICAibG9ncyI6IHsKICAgICJsb2dzX2NvbGxlY3RlZCI6IHsKICAgICAgImZpbGVzIjogewogICAgICAgICJjb2xsZWN0X2xpc3QiOiBbCiAgICAgICAgICB7CiAgICAgICAgICAgICJmaWxlX3BhdGgiOiAiL3Zhci9sb2cvZG9ja2VyLyoubG9nIiwKICAgICAgICAgICAgImxvZ19ncm91cF9uYW1lIjogIi9kb21yb3YvYXBwIiwKICAgICAgICAgICAgImxvZ19zdHJlYW1fbmFtZSI6ICJkb2NrZXIte2luc3RhbmNlX2lkfSIsCiAgICAgICAgICAgICJyZXRlbnRpb25faW5fZGF5cyI6IDcKICAgICAgICAgIH0sCiAgICAgICAgICB7CiAgICAgICAgICAgICJmaWxlX3BhdGgiOiAiL3Zhci9sb2cvc3lzbG9nIiwKICAgICAgICAgICAgImxvZ19ncm91cF9uYW1lIjogIi9kb21yb3YvYXBwIiwKICAgICAgICAgICAgImxvZ19zdHJlYW1fbmFtZSI6ICJzeXNsb2cte2luc3RhbmNlX2lkfSIsCiAgICAgICAgICAgICJyZXRlbnRpb25faW5fZGF5cyI6IDcKICAgICAgICAgIH0KICAgICAgICBdCiAgICAgIH0KICAgIH0KICB9LAogICJtZXRyaWNzIjogewogICAgIm1ldHJpY3NfY29sbGVjdGVkIjogewogICAgICAiY3B1IjogewogICAgICAgICJtZWFzdXJlbWVudCI6IFsKICAgICAgICAgIHsKICAgICAgICAgICAgIm5hbWUiOiAiY3B1X3VzYWdlX2lkbGUiLAogICAgICAgICAgICAicmVuYW1lIjogIkNQVV9JRExFIiwKICAgICAgICAgICAgInVuaXQiOiAiUGVyY2VudCIKICAgICAgICAgIH0sCiAgICAgICAgICAiY3B1X3VzYWdlX2lvd2FpdCIKICAgICAgICBdLAogICAgICAgICJtZXRyaWNzX2NvbGxlY3Rpb25faW50ZXJ2YWwiOiA2MAogICAgICB9LAogICAgICAiZGlzayI6IHsKICAgICAgICAibWVhc3VyZW1lbnQiOiBbCiAgICAgICAgICB7CiAgICAgICAgICAgICJuYW1lIjogInVzZWRfcGVyY2VudCIsCiAgICAgICAgICAgICJyZW5hbWUiOiAiRElTS19VU0VEIiwKICAgICAgICAgICAgInVuaXQiOiAiUGVyY2VudCIKICAgICAgICAgIH0KICAgICAgICBdLAogICAgICAgICJtZXRyaWNzX2NvbGxlY3Rpb25faW50ZXJ2YWwiOiA2MCwKICAgICAgICAicmVzb3VyY2VzIjogWwogICAgICAgICAgIi8iCiAgICAgICAgXQogICAgICB9LAogICAgICAibWVtIjogewogICAgICAgICJtZWFzdXJlbWVudCI6IFsKICAgICAgICAgIHsKICAgICAgICAgICAgIm5hbWUiOiAibWVtX3VzZWRfcGVyY2VudCIsCiAgICAgICAgICAgICJyZW5hbWUiOiAiTUVNX1VTRUQiLAogICAgICAgICAgICAidW5pdCI6ICJQZXJjZW50IgogICAgICAgICAgfQogICAgICAgIF0sCiAgICAgICAgIm1ldHJpY3NfY29sbGVjdGlvbl9pbnRlcnZhbCI6IDYwCiAgICAgIH0KICAgIH0KICB9Cn0KRU9GCgojIFN0YXJ0IENsb3VkV2F0Y2ggQWdlbnQKL29wdC9hd3MvYW1hem9uLWNsb3Vkd2F0Y2gtYWdlbnQvYmluL2FtYXpvbi1jbG91ZHdhdGNoLWFnZW50LWN0bCBcCiAgICAtYSBmZXRjaC1jb25maWcgXAogICAgLW0gZWMyIFwKICAgIC1jIGZpbGU6L29wdC9hd3MvYW1hem9uLWNsb3Vkd2F0Y2gtYWdlbnQvZXRjL2NvbmZpZy5qc29uIFwKICAgIC1zCgplY2hvICJDbG91ZFdhdGNoIEFnZW50IHN0YXJ0ZWQiCnJtIC4vYW1hem9uLWNsb3Vkd2F0Y2gtYWdlbnQuZGViCgojIDUuIEZldGNoIFNTTSBTZWNyZXRzIChNYW51YWwgTWV0aG9kKQplY2hvICJGZXRjaGluZyBzZWNyZXRzIGZyb20gU1NNIHByZWZpeCAvZG9tcm92L2JhY2tlbmQuLi4iCkVOVl9QQVRIPSIvaG9tZS91YnVudHUvLmVudiIKUEFSQU1fUFJFRklYPSIvZG9tcm92L2JhY2tlbmQiCgojIFRoaXMgb25lLWxpbmVyIHB1bGxzIGV2ZXJ5dGhpbmcgYW5kIGZvcm1hdHMgaXQgdG8gS0VZPVZBTFVFCmF3cyBzc20gZ2V0LXBhcmFtZXRlcnMtYnktcGF0aCBcCiAgLS1wYXRoIC9kb21yb3YvYmFja2VuZCBcCiAgLS1yZWN1cnNpdmUgXAogIC0td2l0aC1kZWNyeXB0aW9uIFwKICAtLXJlZ2lvbiBhcC1zb3V0aGVhc3QtMSBcCiAgLS1xdWVyeSAiUGFyYW1ldGVyc1sqXS57TmFtZTpOYW1lLFZhbHVlOlZhbHVlfSIgXAogIC0tb3V0cHV0IGpzb24gfCBcCiAganEgLXIgJy5bXSB8ICJcKC5OYW1lIHwgc3BsaXQoIi8iKSB8IC5bLTFdKT1cKC5WYWx1ZSkiJyA+IH4vLmVudgoKCmNob3duIHVidW50dTp1YnVudHUgJEVOVl9QQVRICmNobW9kIDYwMCAkRU5WX1BBVEgKZWNobyAiIC5lbnYgZmlsZSBjcmVhdGVkIHdpdGggJCh3YyAtbCA8ICRFTlZfUEFUSCkgdmFyaWFibGVzIgoKIyA2LiBIYXJkY29kZWQgSW1hZ2UgVmFyaWFibGVzCkFQUF9JTUFHRT0icGh5dmF0aGFuYWsvbmVzdGpzLWJhY2tlbmQ6bGF0ZXN0IgpDT0RFX0VWQUxfSU1BR0U9InBoeXZhdGhhbmFrL2NvZGVfZXZhbDpsYXRlc3QiCkFQUF9QT1JUPSIzMDAwIgoKIyA3LiBDcmVhdGUgTmV0d29yayBhbmQgUnVuCmRvY2tlciBuZXR3b3JrIGNyZWF0ZSBkb21yb3YtbmV0d29yayB8fCB0cnVlCgplY2hvICJTdGFydGluZyBkb21yb3YtY29kZS1ldmFsLi4uIgpkb2NrZXIgcHVsbCAkQ09ERV9FVkFMX0lNQUdFCmRvY2tlciBydW4gLWQgXAogIC0tbmFtZSBkb21yb3YtY29kZS1ldmFsIFwKICAtLW5ldHdvcmsgZG9tcm92LW5ldHdvcmsgXAogIC0tcmVzdGFydCB1bmxlc3Mtc3RvcHBlZCBcCiAgLS1lbnYtZmlsZSAkRU5WX1BBVEggXAogICRDT0RFX0VWQUxfSU1BR0UKCmVjaG8gIlN0YXJ0aW5nIGRvbXJvdi1hcHAuLi4iCmRvY2tlciBwdWxsICRBUFBfSU1BR0UKZG9ja2VyIHJ1biAtZCBcCiAgLS1uYW1lIGRvbXJvdi1hcHAgXAogIC0tbmV0d29yayBkb21yb3YtbmV0d29yayBcCiAgLS1yZXN0YXJ0IHVubGVzcy1zdG9wcGVkIFwKICAtcCAke0FQUF9QT1JUfToke0FQUF9QT1JUfSBcCiAgLS1lbnYtZmlsZSAkRU5WX1BBVEggXAogIC1lIENPREVfRVZBTF9HUlBDX0NMSUVOVF9IT1NUPWRvbXJvdi1jb2RlLWV2YWwgXAogIC1lIENPREVfRVZBTF9HUlBDX0NMSUVOVF9QT1JUPTUwMDUxIFwKICAkQVBQX0lNQUdFCgplY2hvICI9PT0gRmluYWwgU3RhdHVzID09PSIKZG9ja2VyIHBzCmVjaG8gIj09PSBNYW51YWwgVGVzdCBDb21wbGV0ZTogJChkYXRlKSA9PT0i",
            "vpc_security_group_ids": [
              "sg-02d764ff18bb0be02"
            ]
          },
          "sensitive_attributes": [],
          "identity_schema_version": 0,
          "private": "eyJzY2hlbWFfdmVyc2lvbiI6IjEifQ==",
          "dependencies": [
            "aws_iam_instance_profile.ec2_instance_profile",
            "aws_iam_role.ec2_instance_role",
            "aws_security_group.app_sg",
            "aws_security_group.lb_sg",
            "aws_vpc.my_vpc"
          ]
        }
      ]
    },
    {
      "mode": "managed",
      "type": "aws_lb",
      "name": "app_lb",
      "provider": "provider[\"registry.terraform.io/hashicorp/aws\"]",
      "instances": [
        {
          "schema_version": 0,
          "attributes": {
            "access_logs": [
              {
                "bucket": "",
                "enabled": false,
                "prefix": ""
              }
            ],
            "arn": "arn:aws:elasticloadbalancing:ap-southeast-1:458889634459:loadbalancer/app/domrov-app-lb/9ea5d96adec4fbb4",
            "arn_suffix": "app/domrov-app-lb/9ea5d96adec4fbb4",
            "client_keep_alive": 3600,
            "connection_logs": [
              {
                "bucket": "",
                "enabled": false,
                "prefix": ""
              }
            ],
            "customer_owned_ipv4_pool": "",
            "desync_mitigation_mode": "defensive",
            "dns_name": "domrov-app-lb-1762068952.ap-southeast-1.elb.amazonaws.com",
            "dns_record_client_routing_policy": null,
            "drop_invalid_header_fields": false,
            "enable_cross_zone_load_balancing": true,
            "enable_deletion_protection": false,
            "enable_http2": true,
            "enable_tls_version_and_cipher_suite_headers": false,
            "enable_waf_fail_open": false,
            "enable_xff_client_port": false,
            "enable_zonal_shift": false,
            "enforce_security_group_inbound_rules_on_private_link_traffic": "",
            "health_check_logs": [
              {
                "bucket": "",
                "enabled": false,
                "prefix": ""
              }
            ],
            "id": "arn:aws:elasticloadbalancing:ap-southeast-1:458889634459:loadbalancer/app/domrov-app-lb/9ea5d96adec4fbb4",
            "idle_timeout": 60,
            "internal": false,
            "ip_address_type": "ipv4",
            "ipam_pools": [],
            "load_balancer_type": "application",
            "minimum_load_balancer_capacity": [],
            "name": "domrov-app-lb",
            "name_prefix": "",
            "preserve_host_header": false,
            "region": "ap-southeast-1",
            "secondary_ips_auto_assigned_per_subnet": null,
            "security_groups": [
              "sg-0b1fc34393143d3b1"
            ],
            "subnet_mapping": [
              {
                "allocation_id": "",
                "ipv6_address": "",
                "outpost_id": "",
                "private_ipv4_address": "",
                "subnet_id": "subnet-027f1b5faeddd2c16"
              },
              {
                "allocation_id": "",
                "ipv6_address": "",
                "outpost_id": "",
                "private_ipv4_address": "",
                "subnet_id": "subnet-0739a509b05d2dc93"
              }
            ],
            "subnets": [
              "subnet-027f1b5faeddd2c16",
              "subnet-0739a509b05d2dc93"
            ],
            "tags": {
              "Name": "domrov-app-lb"
            },
            "tags_all": {
              "Name": "domrov-app-lb"
            },
            "timeouts": null,
            "vpc_id": "vpc-0a3253be8a980f6e7",
            "xff_header_processing_mode": "append",
            "zone_id": "Z1LMS91P8CMLE5"
          },
          "sensitive_attributes": [],
          "identity_schema_version": 0,
          "identity": {
            "arn": "arn:aws:elasticloadbalancing:ap-southeast-1:458889634459:loadbalancer/app/domrov-app-lb/9ea5d96adec4fbb4"
          },
          "private": "eyJlMmJmYjczMC1lY2FhLTExZTYtOGY4OC0zNDM2M2JjN2M0YzAiOnsiY3JlYXRlIjo2MDAwMDAwMDAwMDAsImRlbGV0ZSI6NjAwMDAwMDAwMDAwLCJ1cGRhdGUiOjYwMDAwMDAwMDAwMH19",
          "dependencies": [
            "aws_security_group.lb_sg",
            "aws_subnet.public_a",
            "aws_subnet.public_b",
            "aws_vpc.my_vpc"
          ]
        }
      ]
    },
    {
      "mode": "managed",
      "type": "aws_lb_listener",
      "name": "http",
      "provider": "provider[\"registry.terraform.io/hashicorp/aws\"]",
      "instances": [
        {
          "schema_version": 0,
          "attributes": {
            "alpn_policy": null,
            "arn": "arn:aws:elasticloadbalancing:ap-southeast-1:458889634459:listener/app/domrov-app-lb/9ea5d96adec4fbb4/a669ae57e443e4af",
            "certificate_arn": null,
            "default_action": [
              {
                "authenticate_cognito": [],
                "authenticate_oidc": [],
                "fixed_response": [],
                "forward": [],
                "jwt_validation": [],
                "order": 1,
                "redirect": [
                  {
                    "host": "#{host}",
                    "path": "/#{path}",
                    "port": "443",
                    "protocol": "HTTPS",
                    "query": "#{query}",
                    "status_code": "HTTP_301"
                  }
                ],
                "target_group_arn": "",
                "type": "redirect"
              }
            ],
            "id": "arn:aws:elasticloadbalancing:ap-southeast-1:458889634459:listener/app/domrov-app-lb/9ea5d96adec4fbb4/a669ae57e443e4af",
            "load_balancer_arn": "arn:aws:elasticloadbalancing:ap-southeast-1:458889634459:loadbalancer/app/domrov-app-lb/9ea5d96adec4fbb4",
            "mutual_authentication": [],
            "port": 80,
            "protocol": "HTTP",
            "region": "ap-southeast-1",
            "routing_http_request_x_amzn_mtls_clientcert_header_name": null,
            "routing_http_request_x_amzn_mtls_clientcert_issuer_header_name": null,
            "routing_http_request_x_amzn_mtls_clientcert_leaf_header_name": null,
            "routing_http_request_x_amzn_mtls_clientcert_serial_number_header_name": null,
            "routing_http_request_x_amzn_mtls_clientcert_subject_header_name": null,
            "routing_http_request_x_amzn_mtls_clientcert_validity_header_name": null,
            "routing_http_request_x_amzn_tls_cipher_suite_header_name": null,
            "routing_http_request_x_amzn_tls_version_header_name": null,
            "routing_http_response_access_control_allow_credentials_header_value": "",
            "routing_http_response_access_control_allow_headers_header_value": "",
            "routing_http_response_access_control_allow_methods_header_value": "",
            "routing_http_response_access_control_allow_origin_header_value": "",
            "routing_http_response_access_control_expose_headers_header_value": "",
            "routing_http_response_access_control_max_age_header_value": "",
            "routing_http_response_content_security_policy_header_value": "",
            "routing_http_response_server_enabled": true,
            "routing_http_response_strict_transport_security_header_value": "",
            "routing_http_response_x_content_type_options_header_value": "",
            "routing_http_response_x_frame_options_header_value": "",
            "ssl_policy": "",
            "tags": {},
            "tags_all": {},
            "tcp_idle_timeout_seconds": null,
            "timeouts": null
          },
          "sensitive_attributes": [],
          "identity_schema_version": 0,
          "identity": {
            "arn": "arn:aws:elasticloadbalancing:ap-southeast-1:458889634459:listener/app/domrov-app-lb/9ea5d96adec4fbb4/a669ae57e443e4af"
          },
          "private": "eyJlMmJmYjczMC1lY2FhLTExZTYtOGY4OC0zNDM2M2JjN2M0YzAiOnsiY3JlYXRlIjozMDAwMDAwMDAwMDAsInVwZGF0ZSI6MzAwMDAwMDAwMDAwfX0=",
          "dependencies": [
            "aws_lb.app_lb",
            "aws_security_group.lb_sg",
            "aws_subnet.public_a",
            "aws_subnet.public_b",
            "aws_vpc.my_vpc"
          ]
        }
      ]
    },
    {
      "mode": "managed",
      "type": "aws_lb_listener",
      "name": "https",
      "provider": "provider[\"registry.terraform.io/hashicorp/aws\"]",
      "instances": [
        {
          "schema_version": 0,
          "attributes": {
            "alpn_policy": null,
            "arn": "arn:aws:elasticloadbalancing:ap-southeast-1:458889634459:listener/app/domrov-app-lb/9ea5d96adec4fbb4/9b388744be5ba79f",
            "certificate_arn": "arn:aws:acm:ap-southeast-1:458889634459:certificate/483559e1-79e5-47f0-8507-7b8af6792974",
            "default_action": [
              {
                "authenticate_cognito": [],
                "authenticate_oidc": [],
                "fixed_response": [],
                "forward": [],
                "jwt_validation": [],
                "order": 1,
                "redirect": [],
                "target_group_arn": "arn:aws:elasticloadbalancing:ap-southeast-1:458889634459:targetgroup/domrov-app-tg/4bd1d5ca9bbd6a1e",
                "type": "forward"
              }
            ],
            "id": "arn:aws:elasticloadbalancing:ap-southeast-1:458889634459:listener/app/domrov-app-lb/9ea5d96adec4fbb4/9b388744be5ba79f",
            "load_balancer_arn": "arn:aws:elasticloadbalancing:ap-southeast-1:458889634459:loadbalancer/app/domrov-app-lb/9ea5d96adec4fbb4",
            "mutual_authentication": [
              {
                "advertise_trust_store_ca_names": "",
                "ignore_client_certificate_expiry": false,
                "mode": "off",
                "trust_store_arn": ""
              }
            ],
            "port": 443,
            "protocol": "HTTPS",
            "region": "ap-southeast-1",
            "routing_http_request_x_amzn_mtls_clientcert_header_name": "",
            "routing_http_request_x_amzn_mtls_clientcert_issuer_header_name": "",
            "routing_http_request_x_amzn_mtls_clientcert_leaf_header_name": "",
            "routing_http_request_x_amzn_mtls_clientcert_serial_number_header_name": "",
            "routing_http_request_x_amzn_mtls_clientcert_subject_header_name": "",
            "routing_http_request_x_amzn_mtls_clientcert_validity_header_name": "",
            "routing_http_request_x_amzn_tls_cipher_suite_header_name": "",
            "routing_http_request_x_amzn_tls_version_header_name": "",
            "routing_http_response_access_control_allow_credentials_header_value": "",
            "routing_http_response_access_control_allow_headers_header_value": "",
            "routing_http_response_access_control_allow_methods_header_value": "",
            "routing_http_response_access_control_allow_origin_header_value": "",
            "routing_http_response_access_control_expose_headers_header_value": "",
            "routing_http_response_access_control_max_age_header_value": "",
            "routing_http_response_content_security_policy_header_value": "",
            "routing_http_response_server_enabled": true,
            "routing_http_response_strict_transport_security_header_value": "",
            "routing_http_response_x_content_type_options_header_value": "",
            "routing_http_response_x_frame_options_header_value": "",
            "ssl_policy": "ELBSecurityPolicy-2016-08",
            "tags": {},
            "tags_all": {},
            "tcp_idle_timeout_seconds": null,
            "timeouts": null
          },
          "sensitive_attributes": [],
          "identity_schema_version": 0,
          "identity": {
            "arn": "arn:aws:elasticloadbalancing:ap-southeast-1:458889634459:listener/app/domrov-app-lb/9ea5d96adec4fbb4/9b388744be5ba79f"
          },
          "private": "eyJlMmJmYjczMC1lY2FhLTExZTYtOGY4OC0zNDM2M2JjN2M0YzAiOnsiY3JlYXRlIjozMDAwMDAwMDAwMDAsInVwZGF0ZSI6MzAwMDAwMDAwMDAwfX0=",
          "dependencies": [
            "aws_acm_certificate.api",
            "aws_acm_certificate_validation.api",
            "aws_lb.app_lb",
            "aws_lb_target_group.app_tg",
            "aws_security_group.lb_sg",
            "aws_subnet.public_a",
            "aws_subnet.public_b",
            "aws_vpc.my_vpc",
            "cloudflare_record.api_validation",
            "data.cloudflare_zone.main"
          ]
        }
      ]
    },
    {
      "mode": "managed",
      "type": "aws_lb_target_group",
      "name": "app_tg",
      "provider": "provider[\"registry.terraform.io/hashicorp/aws\"]",
      "instances": [
        {
          "schema_version": 0,
          "attributes": {
            "arn": "arn:aws:elasticloadbalancing:ap-southeast-1:458889634459:targetgroup/domrov-app-tg/4bd1d5ca9bbd6a1e",
            "arn_suffix": "targetgroup/domrov-app-tg/4bd1d5ca9bbd6a1e",
            "connection_termination": null,
            "deregistration_delay": "30",
            "health_check": [
              {
                "enabled": true,
                "healthy_threshold": 2,
                "interval": 30,
                "matcher": "200",
                "path": "/health",
                "port": "traffic-port",
                "protocol": "HTTP",
                "timeout": 5,
                "unhealthy_threshold": 2
              }
            ],
            "id": "arn:aws:elasticloadbalancing:ap-southeast-1:458889634459:targetgroup/domrov-app-tg/4bd1d5ca9bbd6a1e",
            "ip_address_type": "ipv4",
            "lambda_multi_value_headers_enabled": false,
            "load_balancer_arns": [
              "arn:aws:elasticloadbalancing:ap-southeast-1:458889634459:loadbalancer/app/domrov-app-lb/9ea5d96adec4fbb4"
            ],
            "load_balancing_algorithm_type": "round_robin",
            "load_balancing_anomaly_mitigation": "off",
            "load_balancing_cross_zone_enabled": "use_load_balancer_configuration",
            "name": "domrov-app-tg",
            "name_prefix": "",
            "port": 3000,
            "preserve_client_ip": null,
            "protocol": "HTTP",
            "protocol_version": "HTTP1",
            "proxy_protocol_v2": false,
            "region": "ap-southeast-1",
            "slow_start": 0,
            "stickiness": [
              {
                "cookie_duration": 86400,
                "cookie_name": "",
                "enabled": false,
                "type": "lb_cookie"
              }
            ],
            "tags": {
              "Name": "domrov-app-tg"
            },
            "tags_all": {
              "Name": "domrov-app-tg"
            },
            "target_control_port": 0,
            "target_failover": [
              {
                "on_deregistration": null,
                "on_unhealthy": null
              }
            ],
            "target_group_health": [
              {
                "dns_failover": [
                  {
                    "minimum_healthy_targets_count": "1",
                    "minimum_healthy_targets_percentage": "off"
                  }
                ],
                "unhealthy_state_routing": [
                  {
                    "minimum_healthy_targets_count": 1,
                    "minimum_healthy_targets_percentage": "off"
                  }
                ]
              }
            ],
            "target_health_state": [
              {
                "enable_unhealthy_connection_termination": null,
                "unhealthy_draining_interval": null
              }
            ],
            "target_type": "instance",
            "vpc_id": "vpc-0a3253be8a980f6e7"
          },
          "sensitive_attributes": [],
          "identity_schema_version": 0,
          "identity": {
            "arn": "arn:aws:elasticloadbalancing:ap-southeast-1:458889634459:targetgroup/domrov-app-tg/4bd1d5ca9bbd6a1e"
          },
          "private": "bnVsbA==",
          "dependencies": [
            "aws_vpc.my_vpc"
          ]
        }
      ]
    },
    {
      "mode": "managed",
      "type": "aws_nat_gateway",
      "name": "nat",
      "provider": "provider[\"registry.terraform.io/hashicorp/aws\"]",
      "instances": [
        {
          "schema_version": 0,
          "attributes": {
            "allocation_id": "eipalloc-063d9d4bf5327fe05",
            "association_id": "eipassoc-0f3143507525c2bb2",
            "auto_provision_zones": null,
            "auto_scaling_ips": null,
            "availability_mode": "zonal",
            "availability_zone_address": [],
            "connectivity_type": "public",
            "id": "nat-093e5e4d593308435",
            "network_interface_id": "eni-07a7e43e38e25ec0a",
            "private_ip": "10.0.1.90",
            "public_ip": "13.215.182.154",
            "region": "ap-southeast-1",
            "regional_nat_gateway_address": [],
            "regional_nat_gateway_auto_mode": null,
            "route_table_id": null,
            "secondary_allocation_ids": [],
            "secondary_private_ip_address_count": 0,
            "secondary_private_ip_addresses": [],
            "subnet_id": "subnet-0739a509b05d2dc93",
            "tags": {
              "Name": "domrov-nat-gw"
            },
            "tags_all": {
              "Name": "domrov-nat-gw"
            },
            "timeouts": null,
            "vpc_id": "vpc-0a3253be8a980f6e7"
          },
          "sensitive_attributes": [],
          "identity_schema_version": 0,
          "private": "eyJlMmJmYjczMC1lY2FhLTExZTYtOGY4OC0zNDM2M2JjN2M0YzAiOnsiY3JlYXRlIjo2MDAwMDAwMDAwMDAsImRlbGV0ZSI6MTgwMDAwMDAwMDAwMCwidXBkYXRlIjo2MDAwMDAwMDAwMDB9fQ==",
          "dependencies": [
            "aws_eip.nat",
            "aws_internet_gateway.igw",
            "aws_subnet.public_a",
            "aws_vpc.my_vpc"
          ]
        }
      ]
    },
    {
      "mode": "managed",
      "type": "aws_route_table",
      "name": "private_rt",
      "provider": "provider[\"registry.terraform.io/hashicorp/aws\"]",
      "instances": [
        {
          "schema_version": 0,
          "attributes": {
            "arn": "arn:aws:ec2:ap-southeast-1:458889634459:route-table/rtb-08ddd88bc24457702",
            "id": "rtb-08ddd88bc24457702",
            "owner_id": "458889634459",
            "propagating_vgws": [],
            "region": "ap-southeast-1",
            "route": [
              {
                "carrier_gateway_id": "",
                "cidr_block": "0.0.0.0/0",
                "core_network_arn": "",
                "destination_prefix_list_id": "",
                "egress_only_gateway_id": "",
                "gateway_id": "",
                "ipv6_cidr_block": "",
                "local_gateway_id": "",
                "nat_gateway_id": "nat-093e5e4d593308435",
                "network_interface_id": "",
                "transit_gateway_id": "",
                "vpc_endpoint_id": "",
                "vpc_peering_connection_id": ""
              }
            ],
            "tags": {
              "Name": "private-rt"
            },
            "tags_all": {
              "Name": "private-rt"
            },
            "timeouts": null,
            "vpc_id": "vpc-0a3253be8a980f6e7"
          },
          "sensitive_attributes": [],
          "identity_schema_version": 0,
          "identity": {
            "account_id": "458889634459",
            "id": "rtb-08ddd88bc24457702",
            "region": "ap-southeast-1"
          },
          "private": "eyJlMmJmYjczMC1lY2FhLTExZTYtOGY4OC0zNDM2M2JjN2M0YzAiOnsiY3JlYXRlIjozMDAwMDAwMDAwMDAsImRlbGV0ZSI6MzAwMDAwMDAwMDAwLCJ1cGRhdGUiOjEyMDAwMDAwMDAwMH19",
          "dependencies": [
            "aws_eip.nat",
            "aws_internet_gateway.igw",
            "aws_nat_gateway.nat",
            "aws_subnet.public_a",
            "aws_vpc.my_vpc"
          ]
        }
      ]
    },
    {
      "mode": "managed",
      "type": "aws_route_table",
      "name": "public_rt",
      "provider": "provider[\"registry.terraform.io/hashicorp/aws\"]",
      "instances": [
        {
          "schema_version": 0,
          "attributes": {
            "arn": "arn:aws:ec2:ap-southeast-1:458889634459:route-table/rtb-0ec8b1735782a4431",
            "id": "rtb-0ec8b1735782a4431",
            "owner_id": "458889634459",
            "propagating_vgws": [],
            "region": "ap-southeast-1",
            "route": [
              {
                "carrier_gateway_id": "",
                "cidr_block": "0.0.0.0/0",
                "core_network_arn": "",
                "destination_prefix_list_id": "",
                "egress_only_gateway_id": "",
                "gateway_id": "igw-020f9fe2398514f82",
                "ipv6_cidr_block": "",
                "local_gateway_id": "",
                "nat_gateway_id": "",
                "network_interface_id": "",
                "transit_gateway_id": "",
                "vpc_endpoint_id": "",
                "vpc_peering_connection_id": ""
              }
            ],
            "tags": {},
            "tags_all": {},
            "timeouts": null,
            "vpc_id": "vpc-0a3253be8a980f6e7"
          },
          "sensitive_attributes": [],
          "identity_schema_version": 0,
          "identity": {
            "account_id": "458889634459",
            "id": "rtb-0ec8b1735782a4431",
            "region": "ap-southeast-1"
          },
          "private": "eyJlMmJmYjczMC1lY2FhLTExZTYtOGY4OC0zNDM2M2JjN2M0YzAiOnsiY3JlYXRlIjozMDAwMDAwMDAwMDAsImRlbGV0ZSI6MzAwMDAwMDAwMDAwLCJ1cGRhdGUiOjEyMDAwMDAwMDAwMH19",
          "dependencies": [
            "aws_internet_gateway.igw",
            "aws_vpc.my_vpc"
          ]
        }
      ]
    },
    {
      "mode": "managed",
      "type": "aws_route_table_association",
      "name": "private_a_assoc",
      "provider": "provider[\"registry.terraform.io/hashicorp/aws\"]",
      "instances": [
        {
          "schema_version": 0,
          "attributes": {
            "gateway_id": "",
            "id": "rtbassoc-004401aac840e3911",
            "region": "ap-southeast-1",
            "route_table_id": "rtb-08ddd88bc24457702",
            "subnet_id": "subnet-003fb8c0e2e6f1f1a",
            "timeouts": null
          },
          "sensitive_attributes": [],
          "identity_schema_version": 0,
          "identity": {
            "account_id": "458889634459",
            "id": "rtbassoc-004401aac840e3911",
            "region": "ap-southeast-1"
          },
          "private": "eyJlMmJmYjczMC1lY2FhLTExZTYtOGY4OC0zNDM2M2JjN2M0YzAiOnsiY3JlYXRlIjozMDAwMDAwMDAwMDAsImRlbGV0ZSI6MzAwMDAwMDAwMDAwLCJ1cGRhdGUiOjEyMDAwMDAwMDAwMH19",
          "dependencies": [
            "aws_eip.nat",
            "aws_internet_gateway.igw",
            "aws_nat_gateway.nat",
            "aws_route_table.private_rt",
            "aws_subnet.private_a",
            "aws_subnet.public_a",
            "aws_vpc.my_vpc"
          ]
        }
      ]
    },
    {
      "mode": "managed",
      "type": "aws_route_table_association",
      "name": "private_b_assoc",
      "provider": "provider[\"registry.terraform.io/hashicorp/aws\"]",
      "instances": [
        {
          "schema_version": 0,
          "attributes": {
            "gateway_id": "",
            "id": "rtbassoc-0a5160ef237efb279",
            "region": "ap-southeast-1",
            "route_table_id": "rtb-08ddd88bc24457702",
            "subnet_id": "subnet-0a96819b3bf99be07",
            "timeouts": null
          },
          "sensitive_attributes": [],
          "identity_schema_version": 0,
          "identity": {
            "account_id": "458889634459",
            "id": "rtbassoc-0a5160ef237efb279",
            "region": "ap-southeast-1"
          },
          "private": "eyJlMmJmYjczMC1lY2FhLTExZTYtOGY4OC0zNDM2M2JjN2M0YzAiOnsiY3JlYXRlIjozMDAwMDAwMDAwMDAsImRlbGV0ZSI6MzAwMDAwMDAwMDAwLCJ1cGRhdGUiOjEyMDAwMDAwMDAwMH19",
          "dependencies": [
            "aws_eip.nat",
            "aws_internet_gateway.igw",
            "aws_nat_gateway.nat",
            "aws_route_table.private_rt",
            "aws_subnet.private_b",
            "aws_subnet.public_a",
            "aws_vpc.my_vpc"
          ]
        }
      ]
    },
    {
      "mode": "managed",
      "type": "aws_route_table_association",
      "name": "public_a_assoc",
      "provider": "provider[\"registry.terraform.io/hashicorp/aws\"]",
      "instances": [
        {
          "schema_version": 0,
          "attributes": {
            "gateway_id": "",
            "id": "rtbassoc-0de18badb31256bfd",
            "region": "ap-southeast-1",
            "route_table_id": "rtb-0ec8b1735782a4431",
            "subnet_id": "subnet-0739a509b05d2dc93",
            "timeouts": null
          },
          "sensitive_attributes": [],
          "identity_schema_version": 0,
          "identity": {
            "account_id": "458889634459",
            "id": "rtbassoc-0de18badb31256bfd",
            "region": "ap-southeast-1"
          },
          "private": "eyJlMmJmYjczMC1lY2FhLTExZTYtOGY4OC0zNDM2M2JjN2M0YzAiOnsiY3JlYXRlIjozMDAwMDAwMDAwMDAsImRlbGV0ZSI6MzAwMDAwMDAwMDAwLCJ1cGRhdGUiOjEyMDAwMDAwMDAwMH19",
          "dependencies": [
            "aws_internet_gateway.igw",
            "aws_route_table.public_rt",
            "aws_subnet.public_a",
            "aws_vpc.my_vpc"
          ]
        }
      ]
    },
    {
      "mode": "managed",
      "type": "aws_route_table_association",
      "name": "public_b_assoc",
      "provider": "provider[\"registry.terraform.io/hashicorp/aws\"]",
      "instances": [
        {
          "schema_version": 0,
          "attributes": {
            "gateway_id": "",
            "id": "rtbassoc-06f6ed02dcc0d74b6",
            "region": "ap-southeast-1",
            "route_table_id": "rtb-0ec8b1735782a4431",
            "subnet_id": "subnet-027f1b5faeddd2c16",
            "timeouts": null
          },
          "sensitive_attributes": [],
          "identity_schema_version": 0,
          "identity": {
            "account_id": "458889634459",
            "id": "rtbassoc-06f6ed02dcc0d74b6",
            "region": "ap-southeast-1"
          },
          "private": "eyJlMmJmYjczMC1lY2FhLTExZTYtOGY4OC0zNDM2M2JjN2M0YzAiOnsiY3JlYXRlIjozMDAwMDAwMDAwMDAsImRlbGV0ZSI6MzAwMDAwMDAwMDAwLCJ1cGRhdGUiOjEyMDAwMDAwMDAwMH19",
          "dependencies": [
            "aws_internet_gateway.igw",
            "aws_route_table.public_rt",
            "aws_subnet.public_b",
            "aws_vpc.my_vpc"
          ]
        }
      ]
    },
    {
      "mode": "managed",
      "type": "aws_secretsmanager_secret",
      "name": "db_password_secret",
      "provider": "provider[\"registry.terraform.io/hashicorp/aws\"]",
      "instances": [
        {
          "schema_version": 0,
          "attributes": {
            "arn": "arn:aws:secretsmanager:ap-southeast-1:458889634459:secret:domrov-db-password-ebedadeb-2KFUVp",
            "description": "RDS database password for domrov-db",
            "force_overwrite_replica_secret": false,
            "id": "arn:aws:secretsmanager:ap-southeast-1:458889634459:secret:domrov-db-password-ebedadeb-2KFUVp",
            "kms_key_id": "0493fffb-f792-4390-a6e2-4702adaeab0d",
            "name": "domrov-db-password-ebedadeb",
            "name_prefix": "",
            "policy": "",
            "recovery_window_in_days": 30,
            "region": "ap-southeast-1",
            "replica": [],
            "tags": {
              "Name": "domrov-db-password"
            },
            "tags_all": {
              "Name": "domrov-db-password"
            }
          },
          "sensitive_attributes": [],
          "identity_schema_version": 0,
          "identity": {
            "arn": "arn:aws:secretsmanager:ap-southeast-1:458889634459:secret:domrov-db-password-ebedadeb-2KFUVp"
          },
          "private": "bnVsbA==",
          "dependencies": [
            "aws_kms_key.domrov",
            "random_id.secret_suffix"
          ]
        }
      ]
    },
    {
      "mode": "managed",
      "type": "aws_secretsmanager_secret_version",
      "name": "db_password_secret_version",
      "provider": "provider[\"registry.terraform.io/hashicorp/aws\"]",
      "instances": [
        {
          "schema_version": 0,
          "attributes": {
            "arn": "arn:aws:secretsmanager:ap-southeast-1:458889634459:secret:domrov-db-password-ebedadeb-2KFUVp",
            "has_secret_string_wo": null,
            "id": "arn:aws:secretsmanager:ap-southeast-1:458889634459:secret:domrov-db-password-ebedadeb-2KFUVp|terraform-2026040918182487410000000f",
            "region": "ap-southeast-1",
            "secret_binary": "",
            "secret_id": "arn:aws:secretsmanager:ap-southeast-1:458889634459:secret:domrov-db-password-ebedadeb-2KFUVp",
            "secret_string": "3923pWPtYqBeONhp",
            "secret_string_wo": null,
            "secret_string_wo_version": null,
            "version_id": "terraform-2026040918182487410000000f",
            "version_stages": [
              "AWSCURRENT"
            ]
          },
          "sensitive_attributes": [
            [
              {
                "type": "get_attr",
                "value": "secret_binary"
              }
            ],
            [
              {
                "type": "get_attr",
                "value": "secret_string"
              }
            ],
            [
              {
                "type": "get_attr",
                "value": "secret_string_wo"
              }
            ]
          ],
          "identity_schema_version": 0,
          "identity": {
            "account_id": "458889634459",
            "region": "ap-southeast-1",
            "secret_id": "arn:aws:secretsmanager:ap-southeast-1:458889634459:secret:domrov-db-password-ebedadeb-2KFUVp",
            "version_id": "terraform-2026040918182487410000000f"
          },
          "private": "bnVsbA==",
          "dependencies": [
            "aws_kms_key.domrov",
            "aws_secretsmanager_secret.db_password_secret",
            "data.local_file.db_password_read",
            "local_file.db_password_file",
            "random_id.secret_suffix",
            "random_password.db_password"
          ]
        }
      ]
    },
    {
      "mode": "managed",
      "type": "aws_security_group",
      "name": "app_sg",
      "provider": "provider[\"registry.terraform.io/hashicorp/aws\"]",
      "instances": [
        {
          "schema_version": 1,
          "attributes": {
            "arn": "arn:aws:ec2:ap-southeast-1:458889634459:security-group/sg-02d764ff18bb0be02",
            "description": "Managed by Terraform",
            "egress": [
              {
                "cidr_blocks": [
                  "0.0.0.0/0"
                ],
                "description": "",
                "from_port": 0,
                "ipv6_cidr_blocks": [],
                "prefix_list_ids": [],
                "protocol": "-1",
                "security_groups": [],
                "self": false,
                "to_port": 0
              }
            ],
            "id": "sg-02d764ff18bb0be02",
            "ingress": [
              {
                "cidr_blocks": [
                  "0.0.0.0/0"
                ],
                "description": "SSH from your IP only",
                "from_port": 22,
                "ipv6_cidr_blocks": [],
                "prefix_list_ids": [],
                "protocol": "tcp",
                "security_groups": [],
                "self": false,
                "to_port": 22
              },
              {
                "cidr_blocks": [],
                "description": "Application Port from ALB only",
                "from_port": 3000,
                "ipv6_cidr_blocks": [],
                "prefix_list_ids": [],
                "protocol": "tcp",
                "security_groups": [
                  "sg-0b1fc34393143d3b1"
                ],
                "self": false,
                "to_port": 3000
              },
              {
                "cidr_blocks": [],
                "description": "HTTPS for VPC Endpoints",
                "from_port": 443,
                "ipv6_cidr_blocks": [],
                "prefix_list_ids": [],
                "protocol": "tcp",
                "security_groups": [],
                "self": true,
                "to_port": 443
              },
              {
                "cidr_blocks": [],
                "description": "gRPC between instances",
                "from_port": 50051,
                "ipv6_cidr_blocks": [],
                "prefix_list_ids": [],
                "protocol": "tcp",
                "security_groups": [],
                "self": true,
                "to_port": 50051
              }
            ],
            "name": "domrov-app-sg-20260409181816324900000005",
            "name_prefix": "domrov-app-sg-",
            "owner_id": "458889634459",
            "region": "ap-southeast-1",
            "revoke_rules_on_delete": false,
            "tags": {
              "Environment": "production",
              "Name": "domrov-app-sg"
            },
            "tags_all": {
              "Environment": "production",
              "Name": "domrov-app-sg"
            },
            "timeouts": null,
            "vpc_id": "vpc-0a3253be8a980f6e7"
          },
          "sensitive_attributes": [],
          "identity_schema_version": 0,
          "identity": {
            "account_id": "458889634459",
            "id": "sg-02d764ff18bb0be02",
            "region": "ap-southeast-1"
          },
          "private": "eyJlMmJmYjczMC1lY2FhLTExZTYtOGY4OC0zNDM2M2JjN2M0YzAiOnsiY3JlYXRlIjo2MDAwMDAwMDAwMDAsImRlbGV0ZSI6OTAwMDAwMDAwMDAwfSwic2NoZW1hX3ZlcnNpb24iOiIxIn0=",
          "dependencies": [
            "aws_security_group.lb_sg",
            "aws_vpc.my_vpc"
          ]
        }
      ]
    },
    {
      "mode": "managed",
      "type": "aws_security_group",
      "name": "db_sg",
      "provider": "provider[\"registry.terraform.io/hashicorp/aws\"]",
      "instances": [
        {
          "schema_version": 1,
          "attributes": {
            "arn": "arn:aws:ec2:ap-southeast-1:458889634459:security-group/sg-0cdcb2ab6baabde2b",
            "description": "Managed by Terraform",
            "egress": [
              {
                "cidr_blocks": [
                  "0.0.0.0/0"
                ],
                "description": "",
                "from_port": 0,
                "ipv6_cidr_blocks": [],
                "prefix_list_ids": [],
                "protocol": "-1",
                "security_groups": [],
                "self": false,
                "to_port": 0
              }
            ],
            "id": "sg-0cdcb2ab6baabde2b",
            "ingress": [
              {
                "cidr_blocks": [],
                "description": "PostgreSQL from App SG",
                "from_port": 5432,
                "ipv6_cidr_blocks": [],
                "prefix_list_ids": [],
                "protocol": "tcp",
                "security_groups": [
                  "sg-02d764ff18bb0be02"
                ],
                "self": false,
                "to_port": 5432
              }
            ],
            "name": "domrov-db-sg-20260409181818350200000009",
            "name_prefix": "domrov-db-sg-",
            "owner_id": "458889634459",
            "region": "ap-southeast-1",
            "revoke_rules_on_delete": false,
            "tags": {
              "Name": "domrov-db-sg"
            },
            "tags_all": {
              "Name": "domrov-db-sg"
            },
            "timeouts": null,
            "vpc_id": "vpc-0a3253be8a980f6e7"
          },
          "sensitive_attributes": [],
          "identity_schema_version": 0,
          "identity": {
            "account_id": "458889634459",
            "id": "sg-0cdcb2ab6baabde2b",
            "region": "ap-southeast-1"
          },
          "private": "eyJlMmJmYjczMC1lY2FhLTExZTYtOGY4OC0zNDM2M2JjN2M0YzAiOnsiY3JlYXRlIjo2MDAwMDAwMDAwMDAsImRlbGV0ZSI6OTAwMDAwMDAwMDAwfSwic2NoZW1hX3ZlcnNpb24iOiIxIn0=",
          "dependencies": [
            "aws_security_group.app_sg",
            "aws_security_group.lb_sg",
            "aws_vpc.my_vpc"
          ]
        }
      ]
    },
    {
      "mode": "managed",
      "type": "aws_security_group",
      "name": "lb_sg",
      "provider": "provider[\"registry.terraform.io/hashicorp/aws\"]",
      "instances": [
        {
          "schema_version": 1,
          "attributes": {
            "arn": "arn:aws:ec2:ap-southeast-1:458889634459:security-group/sg-0b1fc34393143d3b1",
            "description": "Allow HTTP and HTTPS traffic to LB",
            "egress": [
              {
                "cidr_blocks": [
                  "0.0.0.0/0"
                ],
                "description": "",
                "from_port": 0,
                "ipv6_cidr_blocks": [],
                "prefix_list_ids": [],
                "protocol": "-1",
                "security_groups": [],
                "self": false,
                "to_port": 0
              }
            ],
            "id": "sg-0b1fc34393143d3b1",
            "ingress": [
              {
                "cidr_blocks": [
                  "0.0.0.0/0"
                ],
                "description": "HTTP",
                "from_port": 80,
                "ipv6_cidr_blocks": [],
                "prefix_list_ids": [],
                "protocol": "tcp",
                "security_groups": [],
                "self": false,
                "to_port": 80
              },
              {
                "cidr_blocks": [
                  "0.0.0.0/0"
                ],
                "description": "HTTPS",
                "from_port": 443,
                "ipv6_cidr_blocks": [],
                "prefix_list_ids": [],
                "protocol": "tcp",
                "security_groups": [],
                "self": false,
                "to_port": 443
              }
            ],
            "name": "domrov-lb-sg",
            "name_prefix": "",
            "owner_id": "458889634459",
            "region": "ap-southeast-1",
            "revoke_rules_on_delete": false,
            "tags": {
              "Name": "domrov-lb-sg"
            },
            "tags_all": {
              "Name": "domrov-lb-sg"
            },
            "timeouts": null,
            "vpc_id": "vpc-0a3253be8a980f6e7"
          },
          "sensitive_attributes": [],
          "identity_schema_version": 0,
          "identity": {
            "account_id": "458889634459",
            "id": "sg-0b1fc34393143d3b1",
            "region": "ap-southeast-1"
          },
          "private": "eyJlMmJmYjczMC1lY2FhLTExZTYtOGY4OC0zNDM2M2JjN2M0YzAiOnsiY3JlYXRlIjo2MDAwMDAwMDAwMDAsImRlbGV0ZSI6OTAwMDAwMDAwMDAwfSwic2NoZW1hX3ZlcnNpb24iOiIxIn0=",
          "dependencies": [
            "aws_vpc.my_vpc"
          ]
        }
      ]
    },
    {
      "mode": "managed",
      "type": "aws_sns_topic",
      "name": "alarms",
      "provider": "provider[\"registry.terraform.io/hashicorp/aws\"]",
      "instances": [
        {
          "schema_version": 0,
          "attributes": {
            "application_failure_feedback_role_arn": "",
            "application_success_feedback_role_arn": "",
            "application_success_feedback_sample_rate": 0,
            "archive_policy": "",
            "arn": "arn:aws:sns:ap-southeast-1:458889634459:domrov-alarms",
            "beginning_archive_time": "",
            "content_based_deduplication": false,
            "delivery_policy": "",
            "display_name": "",
            "fifo_throughput_scope": "",
            "fifo_topic": false,
            "firehose_failure_feedback_role_arn": "",
            "firehose_success_feedback_role_arn": "",
            "firehose_success_feedback_sample_rate": 0,
            "http_failure_feedback_role_arn": "",
            "http_success_feedback_role_arn": "",
            "http_success_feedback_sample_rate": 0,
            "id": "arn:aws:sns:ap-southeast-1:458889634459:domrov-alarms",
            "kms_master_key_id": "",
            "lambda_failure_feedback_role_arn": "",
            "lambda_success_feedback_role_arn": "",
            "lambda_success_feedback_sample_rate": 0,
            "name": "domrov-alarms",
            "name_prefix": "",
            "owner": "458889634459",
            "policy": "{\"Id\":\"__default_policy_ID\",\"Statement\":[{\"Action\":[\"SNS:GetTopicAttributes\",\"SNS:SetTopicAttributes\",\"SNS:AddPermission\",\"SNS:RemovePermission\",\"SNS:DeleteTopic\",\"SNS:Subscribe\",\"SNS:ListSubscriptionsByTopic\",\"SNS:Publish\"],\"Condition\":{\"StringEquals\":{\"AWS:SourceOwner\":\"458889634459\"}},\"Effect\":\"Allow\",\"Principal\":{\"AWS\":\"*\"},\"Resource\":\"arn:aws:sns:ap-southeast-1:458889634459:domrov-alarms\",\"Sid\":\"__default_statement_ID\"}],\"Version\":\"2008-10-17\"}",
            "region": "ap-southeast-1",
            "signature_version": 0,
            "sqs_failure_feedback_role_arn": "",
            "sqs_success_feedback_role_arn": "",
            "sqs_success_feedback_sample_rate": 0,
            "tags": {},
            "tags_all": {},
            "tracing_config": ""
          },
          "sensitive_attributes": [],
          "identity_schema_version": 0,
          "identity": {
            "arn": "arn:aws:sns:ap-southeast-1:458889634459:domrov-alarms"
          },
          "private": "bnVsbA=="
        }
      ]
    },
    {
      "mode": "managed",
      "type": "aws_ssm_parameter",
      "name": "rds_endpoint",
      "provider": "provider[\"registry.terraform.io/hashicorp/aws\"]",
      "instances": [
        {
          "schema_version": 0,
          "attributes": {
            "allowed_pattern": "",
            "arn": "arn:aws:ssm:ap-southeast-1:458889634459:parameter/domrov/backend/POSTGRES_URL",
            "data_type": "text",
            "description": "",
            "has_value_wo": false,
            "id": "/domrov/backend/POSTGRES_URL",
            "insecure_value": null,
            "key_id": "0493fffb-f792-4390-a6e2-4702adaeab0d",
            "name": "/domrov/backend/POSTGRES_URL",
            "overwrite": true,
            "region": "ap-southeast-1",
            "tags": {
              "Name": "domrov-rds-endpoint"
            },
            "tags_all": {
              "Name": "domrov-rds-endpoint"
            },
            "tier": "Standard",
            "type": "SecureString",
            "value": "postgresql://domrovadmin:3923pWPtYqBeONhp@domrov-db.cb4ggkcg2ald.ap-southeast-1.rds.amazonaws.com:5432/domrov?sslmode=require",
            "value_wo": null,
            "value_wo_version": null,
            "version": 1
          },
          "sensitive_attributes": [
            [
              {
                "type": "get_attr",
                "value": "value"
              }
            ],
            [
              {
                "type": "get_attr",
                "value": "value_wo"
              }
            ]
          ],
          "identity_schema_version": 0,
          "identity": {
            "account_id": "458889634459",
            "name": "/domrov/backend/POSTGRES_URL",
            "region": "ap-southeast-1"
          },
          "private": "bnVsbA==",
          "dependencies": [
            "aws_db_instance.default",
            "aws_db_subnet_group.db_subnet_group",
            "aws_kms_key.domrov",
            "aws_security_group.app_sg",
            "aws_security_group.db_sg",
            "aws_security_group.lb_sg",
            "aws_subnet.private_a",
            "aws_subnet.private_b",
            "aws_vpc.my_vpc",
            "data.local_file.db_password_read",
            "local_file.db_password_file",
            "random_password.db_password"
          ]
        }
      ]
    },
    {
      "mode": "managed",
      "type": "aws_ssm_parameter",
      "name": "rds_hostname",
      "provider": "provider[\"registry.terraform.io/hashicorp/aws\"]",
      "instances": [
        {
          "schema_version": 0,
          "attributes": {
            "allowed_pattern": "",
            "arn": "arn:aws:ssm:ap-southeast-1:458889634459:parameter/domrov/backend/POSTGRES_HOST",
            "data_type": "text",
            "description": "",
            "has_value_wo": false,
            "id": "/domrov/backend/POSTGRES_HOST",
            "insecure_value": null,
            "key_id": "",
            "name": "/domrov/backend/POSTGRES_HOST",
            "overwrite": true,
            "region": "ap-southeast-1",
            "tags": {
              "Name": "domrov-rds-hostname"
            },
            "tags_all": {
              "Name": "domrov-rds-hostname"
            },
            "tier": "Standard",
            "type": "String",
            "value": "domrov-db.cb4ggkcg2ald.ap-southeast-1.rds.amazonaws.com",
            "value_wo": null,
            "value_wo_version": null,
            "version": 1
          },
          "sensitive_attributes": [
            [
              {
                "type": "get_attr",
                "value": "value"
              }
            ],
            [
              {
                "type": "get_attr",
                "value": "value_wo"
              }
            ]
          ],
          "identity_schema_version": 0,
          "identity": {
            "account_id": "458889634459",
            "name": "/domrov/backend/POSTGRES_HOST",
            "region": "ap-southeast-1"
          },
          "private": "bnVsbA==",
          "dependencies": [
            "aws_db_instance.default",
            "aws_db_subnet_group.db_subnet_group",
            "aws_kms_key.domrov",
            "aws_security_group.app_sg",
            "aws_security_group.db_sg",
            "aws_security_group.lb_sg",
            "aws_subnet.private_a",
            "aws_subnet.private_b",
            "aws_vpc.my_vpc",
            "data.local_file.db_password_read",
            "local_file.db_password_file",
            "random_password.db_password"
          ]
        }
      ]
    },
    {
      "mode": "managed",
      "type": "aws_ssm_parameter",
      "name": "rds_port",
      "provider": "provider[\"registry.terraform.io/hashicorp/aws\"]",
      "instances": [
        {
          "schema_version": 0,
          "attributes": {
            "allowed_pattern": "",
            "arn": "arn:aws:ssm:ap-southeast-1:458889634459:parameter/domrov/backend/POSTGRES_PORT",
            "data_type": "text",
            "description": "",
            "has_value_wo": false,
            "id": "/domrov/backend/POSTGRES_PORT",
            "insecure_value": null,
            "key_id": "",
            "name": "/domrov/backend/POSTGRES_PORT",
            "overwrite": true,
            "region": "ap-southeast-1",
            "tags": {
              "Name": "domrov-rds-port"
            },
            "tags_all": {
              "Name": "domrov-rds-port"
            },
            "tier": "Standard",
            "type": "String",
            "value": "5432",
            "value_wo": null,
            "value_wo_version": null,
            "version": 1
          },
          "sensitive_attributes": [
            [
              {
                "type": "get_attr",
                "value": "value"
              }
            ],
            [
              {
                "type": "get_attr",
                "value": "value_wo"
              }
            ]
          ],
          "identity_schema_version": 0,
          "identity": {
            "account_id": "458889634459",
            "name": "/domrov/backend/POSTGRES_PORT",
            "region": "ap-southeast-1"
          },
          "private": "bnVsbA=="
        }
      ]
    },
    {
      "mode": "managed",
      "type": "aws_subnet",
      "name": "private_a",
      "provider": "provider[\"registry.terraform.io/hashicorp/aws\"]",
      "instances": [
        {
          "schema_version": 1,
          "attributes": {
            "arn": "arn:aws:ec2:ap-southeast-1:458889634459:subnet/subnet-003fb8c0e2e6f1f1a",
            "assign_ipv6_address_on_creation": false,
            "availability_zone": "ap-southeast-1a",
            "availability_zone_id": "apse1-az2",
            "cidr_block": "10.0.9.0/24",
            "customer_owned_ipv4_pool": "",
            "enable_dns64": false,
            "enable_lni_at_device_index": 0,
            "enable_resource_name_dns_a_record_on_launch": false,
            "enable_resource_name_dns_aaaa_record_on_launch": false,
            "id": "subnet-003fb8c0e2e6f1f1a",
            "ipv4_ipam_pool_id": null,
            "ipv4_netmask_length": null,
            "ipv6_cidr_block": "",
            "ipv6_cidr_block_association_id": "",
            "ipv6_ipam_pool_id": null,
            "ipv6_native": false,
            "ipv6_netmask_length": null,
            "map_customer_owned_ip_on_launch": false,
            "map_public_ip_on_launch": false,
            "outpost_arn": "",
            "owner_id": "458889634459",
            "private_dns_hostname_type_on_launch": "ip-name",
            "region": "ap-southeast-1",
            "tags": {
              "Name": "private-subnet-a"
            },
            "tags_all": {
              "Name": "private-subnet-a"
            },
            "timeouts": null,
            "vpc_id": "vpc-0a3253be8a980f6e7"
          },
          "sensitive_attributes": [],
          "identity_schema_version": 0,
          "identity": {
            "account_id": "458889634459",
            "id": "subnet-003fb8c0e2e6f1f1a",
            "region": "ap-southeast-1"
          },
          "private": "eyJlMmJmYjczMC1lY2FhLTExZTYtOGY4OC0zNDM2M2JjN2M0YzAiOnsiY3JlYXRlIjo2MDAwMDAwMDAwMDAsImRlbGV0ZSI6MTIwMDAwMDAwMDAwMH0sInNjaGVtYV92ZXJzaW9uIjoiMSJ9",
          "dependencies": [
            "aws_vpc.my_vpc"
          ]
        }
      ]
    },
    {
      "mode": "managed",
      "type": "aws_subnet",
      "name": "private_b",
      "provider": "provider[\"registry.terraform.io/hashicorp/aws\"]",
      "instances": [
        {
          "schema_version": 1,
          "attributes": {
            "arn": "arn:aws:ec2:ap-southeast-1:458889634459:subnet/subnet-0a96819b3bf99be07",
            "assign_ipv6_address_on_creation": false,
            "availability_zone": "ap-southeast-1b",
            "availability_zone_id": "apse1-az1",
            "cidr_block": "10.0.10.0/24",
            "customer_owned_ipv4_pool": "",
            "enable_dns64": false,
            "enable_lni_at_device_index": 0,
            "enable_resource_name_dns_a_record_on_launch": false,
            "enable_resource_name_dns_aaaa_record_on_launch": false,
            "id": "subnet-0a96819b3bf99be07",
            "ipv4_ipam_pool_id": null,
            "ipv4_netmask_length": null,
            "ipv6_cidr_block": "",
            "ipv6_cidr_block_association_id": "",
            "ipv6_ipam_pool_id": null,
            "ipv6_native": false,
            "ipv6_netmask_length": null,
            "map_customer_owned_ip_on_launch": false,
            "map_public_ip_on_launch": false,
            "outpost_arn": "",
            "owner_id": "458889634459",
            "private_dns_hostname_type_on_launch": "ip-name",
            "region": "ap-southeast-1",
            "tags": {
              "Name": "private-subnet-b"
            },
            "tags_all": {
              "Name": "private-subnet-b"
            },
            "timeouts": null,
            "vpc_id": "vpc-0a3253be8a980f6e7"
          },
          "sensitive_attributes": [],
          "identity_schema_version": 0,
          "identity": {
            "account_id": "458889634459",
            "id": "subnet-0a96819b3bf99be07",
            "region": "ap-southeast-1"
          },
          "private": "eyJlMmJmYjczMC1lY2FhLTExZTYtOGY4OC0zNDM2M2JjN2M0YzAiOnsiY3JlYXRlIjo2MDAwMDAwMDAwMDAsImRlbGV0ZSI6MTIwMDAwMDAwMDAwMH0sInNjaGVtYV92ZXJzaW9uIjoiMSJ9",
          "dependencies": [
            "aws_vpc.my_vpc"
          ]
        }
      ]
    },
    {
      "mode": "managed",
      "type": "aws_subnet",
      "name": "public_a",
      "provider": "provider[\"registry.terraform.io/hashicorp/aws\"]",
      "instances": [
        {
          "schema_version": 1,
          "attributes": {
            "arn": "arn:aws:ec2:ap-southeast-1:458889634459:subnet/subnet-0739a509b05d2dc93",
            "assign_ipv6_address_on_creation": false,
            "availability_zone": "ap-southeast-1a",
            "availability_zone_id": "apse1-az2",
            "cidr_block": "10.0.1.0/24",
            "customer_owned_ipv4_pool": "",
            "enable_dns64": false,
            "enable_lni_at_device_index": 0,
            "enable_resource_name_dns_a_record_on_launch": false,
            "enable_resource_name_dns_aaaa_record_on_launch": false,
            "id": "subnet-0739a509b05d2dc93",
            "ipv4_ipam_pool_id": null,
            "ipv4_netmask_length": null,
            "ipv6_cidr_block": "",
            "ipv6_cidr_block_association_id": "",
            "ipv6_ipam_pool_id": null,
            "ipv6_native": false,
            "ipv6_netmask_length": null,
            "map_customer_owned_ip_on_launch": false,
            "map_public_ip_on_launch": true,
            "outpost_arn": "",
            "owner_id": "458889634459",
            "private_dns_hostname_type_on_launch": "ip-name",
            "region": "ap-southeast-1",
            "tags": {
              "Name": "public-subnet-a"
            },
            "tags_all": {
              "Name": "public-subnet-a"
            },
            "timeouts": null,
            "vpc_id": "vpc-0a3253be8a980f6e7"
          },
          "sensitive_attributes": [],
          "identity_schema_version": 0,
          "identity": {
            "account_id": "458889634459",
            "id": "subnet-0739a509b05d2dc93",
            "region": "ap-southeast-1"
          },
          "private": "eyJlMmJmYjczMC1lY2FhLTExZTYtOGY4OC0zNDM2M2JjN2M0YzAiOnsiY3JlYXRlIjo2MDAwMDAwMDAwMDAsImRlbGV0ZSI6MTIwMDAwMDAwMDAwMH0sInNjaGVtYV92ZXJzaW9uIjoiMSJ9",
          "dependencies": [
            "aws_vpc.my_vpc"
          ]
        }
      ]
    },
    {
      "mode": "managed",
      "type": "aws_subnet",
      "name": "public_b",
      "provider": "provider[\"registry.terraform.io/hashicorp/aws\"]",
      "instances": [
        {
          "schema_version": 1,
          "attributes": {
            "arn": "arn:aws:ec2:ap-southeast-1:458889634459:subnet/subnet-027f1b5faeddd2c16",
            "assign_ipv6_address_on_creation": false,
            "availability_zone": "ap-southeast-1b",
            "availability_zone_id": "apse1-az1",
            "cidr_block": "10.0.2.0/24",
            "customer_owned_ipv4_pool": "",
            "enable_dns64": false,
            "enable_lni_at_device_index": 0,
            "enable_resource_name_dns_a_record_on_launch": false,
            "enable_resource_name_dns_aaaa_record_on_launch": false,
            "id": "subnet-027f1b5faeddd2c16",
            "ipv4_ipam_pool_id": null,
            "ipv4_netmask_length": null,
            "ipv6_cidr_block": "",
            "ipv6_cidr_block_association_id": "",
            "ipv6_ipam_pool_id": null,
            "ipv6_native": false,
            "ipv6_netmask_length": null,
            "map_customer_owned_ip_on_launch": false,
            "map_public_ip_on_launch": true,
            "outpost_arn": "",
            "owner_id": "458889634459",
            "private_dns_hostname_type_on_launch": "ip-name",
            "region": "ap-southeast-1",
            "tags": {
              "Name": "public-subnet-b"
            },
            "tags_all": {
              "Name": "public-subnet-b"
            },
            "timeouts": null,
            "vpc_id": "vpc-0a3253be8a980f6e7"
          },
          "sensitive_attributes": [],
          "identity_schema_version": 0,
          "identity": {
            "account_id": "458889634459",
            "id": "subnet-027f1b5faeddd2c16",
            "region": "ap-southeast-1"
          },
          "private": "eyJlMmJmYjczMC1lY2FhLTExZTYtOGY4OC0zNDM2M2JjN2M0YzAiOnsiY3JlYXRlIjo2MDAwMDAwMDAwMDAsImRlbGV0ZSI6MTIwMDAwMDAwMDAwMH0sInNjaGVtYV92ZXJzaW9uIjoiMSJ9",
          "dependencies": [
            "aws_vpc.my_vpc"
          ]
        }
      ]
    },
    {
      "mode": "managed",
      "type": "aws_vpc",
      "name": "my_vpc",
      "provider": "provider[\"registry.terraform.io/hashicorp/aws\"]",
      "instances": [
        {
          "schema_version": 1,
          "attributes": {
            "arn": "arn:aws:ec2:ap-southeast-1:458889634459:vpc/vpc-0a3253be8a980f6e7",
            "assign_generated_ipv6_cidr_block": false,
            "cidr_block": "10.0.0.0/16",
            "default_network_acl_id": "acl-092f8de8253722f9d",
            "default_route_table_id": "rtb-01bd5abf27c13778f",
            "default_security_group_id": "sg-05bf601a64f39da74",
            "dhcp_options_id": "dopt-083abece407099ef3",
            "enable_dns_hostnames": true,
            "enable_dns_support": true,
            "enable_network_address_usage_metrics": false,
            "id": "vpc-0a3253be8a980f6e7",
            "instance_tenancy": "default",
            "ipv4_ipam_pool_id": null,
            "ipv4_netmask_length": null,
            "ipv6_association_id": "",
            "ipv6_cidr_block": "",
            "ipv6_cidr_block_network_border_group": "",
            "ipv6_ipam_pool_id": "",
            "ipv6_netmask_length": 0,
            "main_route_table_id": "rtb-01bd5abf27c13778f",
            "owner_id": "458889634459",
            "region": "ap-southeast-1",
            "tags": {
              "Name": "domrov-vpc"
            },
            "tags_all": {
              "Name": "domrov-vpc"
            }
          },
          "sensitive_attributes": [],
          "identity_schema_version": 0,
          "identity": {
            "account_id": "458889634459",
            "id": "vpc-0a3253be8a980f6e7",
            "region": "ap-southeast-1"
          },
          "private": "eyJzY2hlbWFfdmVyc2lvbiI6IjEifQ=="
        }
      ]
    },
    {
      "mode": "managed",
      "type": "aws_vpc_endpoint",
      "name": "ec2",
      "provider": "provider[\"registry.terraform.io/hashicorp/aws\"]",
      "instances": [
        {
          "schema_version": 0,
          "attributes": {
            "arn": "arn:aws:ec2:ap-southeast-1:458889634459:vpc-endpoint/vpce-0f4acc14e2883adb9",
            "auto_accept": null,
            "cidr_blocks": [],
            "dns_entry": [
              {
                "dns_name": "vpce-0f4acc14e2883adb9-hdyxjl7r.ec2.ap-southeast-1.vpce.amazonaws.com",
                "hosted_zone_id": "Z18LLCSTV4NVNL"
              },
              {
                "dns_name": "vpce-0f4acc14e2883adb9-hdyxjl7r-ap-southeast-1a.ec2.ap-southeast-1.vpce.amazonaws.com",
                "hosted_zone_id": "Z18LLCSTV4NVNL"
              },
              {
                "dns_name": "vpce-0f4acc14e2883adb9-hdyxjl7r-ap-southeast-1b.ec2.ap-southeast-1.vpce.amazonaws.com",
                "hosted_zone_id": "Z18LLCSTV4NVNL"
              },
              {
                "dns_name": "ec2.ap-southeast-1.amazonaws.com",
                "hosted_zone_id": "Z04130362L4PLZ77XO0QK"
              },
              {
                "dns_name": "ec2.ap-southeast-1.api.aws",
                "hosted_zone_id": "Z0860714CA8S2OXVSJVE"
              }
            ],
            "dns_options": [
              {
                "dns_record_ip_type": "ipv4",
                "private_dns_only_for_inbound_resolver_endpoint": false,
                "private_dns_preference": "",
                "private_dns_specified_domains": []
              }
            ],
            "id": "vpce-0f4acc14e2883adb9",
            "ip_address_type": "ipv4",
            "network_interface_ids": [
              "eni-021bf1683f665604a",
              "eni-0c5249e5be121f2e3"
            ],
            "owner_id": "458889634459",
            "policy": "{\"Statement\":[{\"Action\":\"*\",\"Effect\":\"Allow\",\"Principal\":\"*\",\"Resource\":\"*\"}]}",
            "prefix_list_id": null,
            "private_dns_enabled": true,
            "region": "ap-southeast-1",
            "requester_managed": false,
            "resource_configuration_arn": "",
            "route_table_ids": [],
            "security_group_ids": [
              "sg-02d764ff18bb0be02"
            ],
            "service_name": "com.amazonaws.ap-southeast-1.ec2",
            "service_network_arn": "",
            "service_region": "ap-southeast-1",
            "state": "available",
            "subnet_configuration": [
              {
                "ipv4": "10.0.10.227",
                "ipv6": "",
                "subnet_id": "subnet-0a96819b3bf99be07"
              },
              {
                "ipv4": "10.0.9.106",
                "ipv6": "",
                "subnet_id": "subnet-003fb8c0e2e6f1f1a"
              }
            ],
            "subnet_ids": [
              "subnet-003fb8c0e2e6f1f1a",
              "subnet-0a96819b3bf99be07"
            ],
            "tags": {},
            "tags_all": {},
            "timeouts": null,
            "vpc_endpoint_type": "Interface",
            "vpc_id": "vpc-0a3253be8a980f6e7"
          },
          "sensitive_attributes": [],
          "identity_schema_version": 0,
          "identity": {
            "account_id": "458889634459",
            "id": "vpce-0f4acc14e2883adb9",
            "region": "ap-southeast-1"
          },
          "private": "eyJlMmJmYjczMC1lY2FhLTExZTYtOGY4OC0zNDM2M2JjN2M0YzAiOnsiY3JlYXRlIjo2MDAwMDAwMDAwMDAsImRlbGV0ZSI6NjAwMDAwMDAwMDAwLCJ1cGRhdGUiOjYwMDAwMDAwMDAwMH19",
          "dependencies": [
            "aws_security_group.app_sg",
            "aws_security_group.lb_sg",
            "aws_subnet.private_a",
            "aws_subnet.private_b",
            "aws_vpc.my_vpc"
          ]
        }
      ]
    },
    {
      "mode": "managed",
      "type": "aws_vpc_endpoint",
      "name": "ec2messages",
      "provider": "provider[\"registry.terraform.io/hashicorp/aws\"]",
      "instances": [
        {
          "schema_version": 0,
          "attributes": {
            "arn": "arn:aws:ec2:ap-southeast-1:458889634459:vpc-endpoint/vpce-03521aaec2ab243e3",
            "auto_accept": null,
            "cidr_blocks": [],
            "dns_entry": [
              {
                "dns_name": "vpce-03521aaec2ab243e3-xv5btvl1.ec2messages.ap-southeast-1.vpce.amazonaws.com",
                "hosted_zone_id": "Z18LLCSTV4NVNL"
              },
              {
                "dns_name": "vpce-03521aaec2ab243e3-xv5btvl1-ap-southeast-1a.ec2messages.ap-southeast-1.vpce.amazonaws.com",
                "hosted_zone_id": "Z18LLCSTV4NVNL"
              },
              {
                "dns_name": "vpce-03521aaec2ab243e3-xv5btvl1-ap-southeast-1b.ec2messages.ap-southeast-1.vpce.amazonaws.com",
                "hosted_zone_id": "Z18LLCSTV4NVNL"
              },
              {
                "dns_name": "ec2messages.ap-southeast-1.amazonaws.com",
                "hosted_zone_id": "Z08603151TN0ZELA2VXV7"
              }
            ],
            "dns_options": [
              {
                "dns_record_ip_type": "ipv4",
                "private_dns_only_for_inbound_resolver_endpoint": false,
                "private_dns_preference": "",
                "private_dns_specified_domains": []
              }
            ],
            "id": "vpce-03521aaec2ab243e3",
            "ip_address_type": "ipv4",
            "network_interface_ids": [
              "eni-0664ab4353b03c69f",
              "eni-070f28353b095bb26"
            ],
            "owner_id": "458889634459",
            "policy": "{\"Statement\":[{\"Action\":\"*\",\"Effect\":\"Allow\",\"Principal\":\"*\",\"Resource\":\"*\"}]}",
            "prefix_list_id": null,
            "private_dns_enabled": true,
            "region": "ap-southeast-1",
            "requester_managed": false,
            "resource_configuration_arn": "",
            "route_table_ids": [],
            "security_group_ids": [
              "sg-02d764ff18bb0be02"
            ],
            "service_name": "com.amazonaws.ap-southeast-1.ec2messages",
            "service_network_arn": "",
            "service_region": "ap-southeast-1",
            "state": "available",
            "subnet_configuration": [
              {
                "ipv4": "10.0.10.137",
                "ipv6": "",
                "subnet_id": "subnet-0a96819b3bf99be07"
              },
              {
                "ipv4": "10.0.9.197",
                "ipv6": "",
                "subnet_id": "subnet-003fb8c0e2e6f1f1a"
              }
            ],
            "subnet_ids": [
              "subnet-003fb8c0e2e6f1f1a",
              "subnet-0a96819b3bf99be07"
            ],
            "tags": {},
            "tags_all": {},
            "timeouts": null,
            "vpc_endpoint_type": "Interface",
            "vpc_id": "vpc-0a3253be8a980f6e7"
          },
          "sensitive_attributes": [],
          "identity_schema_version": 0,
          "identity": {
            "account_id": "458889634459",
            "id": "vpce-03521aaec2ab243e3",
            "region": "ap-southeast-1"
          },
          "private": "eyJlMmJmYjczMC1lY2FhLTExZTYtOGY4OC0zNDM2M2JjN2M0YzAiOnsiY3JlYXRlIjo2MDAwMDAwMDAwMDAsImRlbGV0ZSI6NjAwMDAwMDAwMDAwLCJ1cGRhdGUiOjYwMDAwMDAwMDAwMH19",
          "dependencies": [
            "aws_security_group.app_sg",
            "aws_security_group.lb_sg",
            "aws_subnet.private_a",
            "aws_subnet.private_b",
            "aws_vpc.my_vpc"
          ]
        }
      ]
    },
    {
      "mode": "managed",
      "type": "aws_vpc_endpoint",
      "name": "secretsmanager",
      "provider": "provider[\"registry.terraform.io/hashicorp/aws\"]",
      "instances": [
        {
          "schema_version": 0,
          "attributes": {
            "arn": "arn:aws:ec2:ap-southeast-1:458889634459:vpc-endpoint/vpce-0cfad947a8dcd3e98",
            "auto_accept": null,
            "cidr_blocks": [],
            "dns_entry": [
              {
                "dns_name": "vpce-0cfad947a8dcd3e98-udd9l29r.secretsmanager.ap-southeast-1.vpce.amazonaws.com",
                "hosted_zone_id": "Z18LLCSTV4NVNL"
              },
              {
                "dns_name": "vpce-0cfad947a8dcd3e98-udd9l29r-ap-southeast-1b.secretsmanager.ap-southeast-1.vpce.amazonaws.com",
                "hosted_zone_id": "Z18LLCSTV4NVNL"
              },
              {
                "dns_name": "vpce-0cfad947a8dcd3e98-udd9l29r-ap-southeast-1a.secretsmanager.ap-southeast-1.vpce.amazonaws.com",
                "hosted_zone_id": "Z18LLCSTV4NVNL"
              },
              {
                "dns_name": "secretsmanager.ap-southeast-1.amazonaws.com",
                "hosted_zone_id": "Z036451131HY03ANQKMFC"
              }
            ],
            "dns_options": [
              {
                "dns_record_ip_type": "ipv4",
                "private_dns_only_for_inbound_resolver_endpoint": false,
                "private_dns_preference": "",
                "private_dns_specified_domains": []
              }
            ],
            "id": "vpce-0cfad947a8dcd3e98",
            "ip_address_type": "ipv4",
            "network_interface_ids": [
              "eni-053ecdaa3f32dd9f8",
              "eni-06222881460ae0497"
            ],
            "owner_id": "458889634459",
            "policy": "{\"Statement\":[{\"Action\":\"*\",\"Effect\":\"Allow\",\"Principal\":\"*\",\"Resource\":\"*\"}]}",
            "prefix_list_id": null,
            "private_dns_enabled": true,
            "region": "ap-southeast-1",
            "requester_managed": false,
            "resource_configuration_arn": "",
            "route_table_ids": [],
            "security_group_ids": [
              "sg-02d764ff18bb0be02"
            ],
            "service_name": "com.amazonaws.ap-southeast-1.secretsmanager",
            "service_network_arn": "",
            "service_region": "ap-southeast-1",
            "state": "available",
            "subnet_configuration": [
              {
                "ipv4": "10.0.10.229",
                "ipv6": "",
                "subnet_id": "subnet-0a96819b3bf99be07"
              },
              {
                "ipv4": "10.0.9.85",
                "ipv6": "",
                "subnet_id": "subnet-003fb8c0e2e6f1f1a"
              }
            ],
            "subnet_ids": [
              "subnet-003fb8c0e2e6f1f1a",
              "subnet-0a96819b3bf99be07"
            ],
            "tags": {},
            "tags_all": {},
            "timeouts": null,
            "vpc_endpoint_type": "Interface",
            "vpc_id": "vpc-0a3253be8a980f6e7"
          },
          "sensitive_attributes": [],
          "identity_schema_version": 0,
          "identity": {
            "account_id": "458889634459",
            "id": "vpce-0cfad947a8dcd3e98",
            "region": "ap-southeast-1"
          },
          "private": "eyJlMmJmYjczMC1lY2FhLTExZTYtOGY4OC0zNDM2M2JjN2M0YzAiOnsiY3JlYXRlIjo2MDAwMDAwMDAwMDAsImRlbGV0ZSI6NjAwMDAwMDAwMDAwLCJ1cGRhdGUiOjYwMDAwMDAwMDAwMH19",
          "dependencies": [
            "aws_security_group.app_sg",
            "aws_security_group.lb_sg",
            "aws_subnet.private_a",
            "aws_subnet.private_b",
            "aws_vpc.my_vpc"
          ]
        }
      ]
    },
    {
      "mode": "managed",
      "type": "aws_vpc_endpoint",
      "name": "ssm",
      "provider": "provider[\"registry.terraform.io/hashicorp/aws\"]",
      "instances": [
        {
          "schema_version": 0,
          "attributes": {
            "arn": "arn:aws:ec2:ap-southeast-1:458889634459:vpc-endpoint/vpce-04f851fdacb806b2c",
            "auto_accept": null,
            "cidr_blocks": [],
            "dns_entry": [
              {
                "dns_name": "vpce-04f851fdacb806b2c-idlwnqju.ssm.ap-southeast-1.vpce.amazonaws.com",
                "hosted_zone_id": "Z18LLCSTV4NVNL"
              },
              {
                "dns_name": "vpce-04f851fdacb806b2c-idlwnqju-ap-southeast-1a.ssm.ap-southeast-1.vpce.amazonaws.com",
                "hosted_zone_id": "Z18LLCSTV4NVNL"
              },
              {
                "dns_name": "vpce-04f851fdacb806b2c-idlwnqju-ap-southeast-1b.ssm.ap-southeast-1.vpce.amazonaws.com",
                "hosted_zone_id": "Z18LLCSTV4NVNL"
              },
              {
                "dns_name": "ssm.ap-southeast-1.amazonaws.com",
                "hosted_zone_id": "Z10202104NNI1G1NPMGY"
              },
              {
                "dns_name": "ssm.ap-southeast-1.api.aws",
                "hosted_zone_id": "Z086821147LNYPDPG1LI"
              }
            ],
            "dns_options": [
              {
                "dns_record_ip_type": "ipv4",
                "private_dns_only_for_inbound_resolver_endpoint": false,
                "private_dns_preference": "",
                "private_dns_specified_domains": []
              }
            ],
            "id": "vpce-04f851fdacb806b2c",
            "ip_address_type": "ipv4",
            "network_interface_ids": [
              "eni-080d8bb697f02406a",
              "eni-0cf83e798c3766735"
            ],
            "owner_id": "458889634459",
            "policy": "{\"Statement\":[{\"Action\":\"*\",\"Effect\":\"Allow\",\"Principal\":\"*\",\"Resource\":\"*\"}]}",
            "prefix_list_id": null,
            "private_dns_enabled": true,
            "region": "ap-southeast-1",
            "requester_managed": false,
            "resource_configuration_arn": "",
            "route_table_ids": [],
            "security_group_ids": [
              "sg-02d764ff18bb0be02"
            ],
            "service_name": "com.amazonaws.ap-southeast-1.ssm",
            "service_network_arn": "",
            "service_region": "ap-southeast-1",
            "state": "available",
            "subnet_configuration": [
              {
                "ipv4": "10.0.10.84",
                "ipv6": "",
                "subnet_id": "subnet-0a96819b3bf99be07"
              },
              {
                "ipv4": "10.0.9.171",
                "ipv6": "",
                "subnet_id": "subnet-003fb8c0e2e6f1f1a"
              }
            ],
            "subnet_ids": [
              "subnet-003fb8c0e2e6f1f1a",
              "subnet-0a96819b3bf99be07"
            ],
            "tags": {},
            "tags_all": {},
            "timeouts": null,
            "vpc_endpoint_type": "Interface",
            "vpc_id": "vpc-0a3253be8a980f6e7"
          },
          "sensitive_attributes": [],
          "identity_schema_version": 0,
          "identity": {
            "account_id": "458889634459",
            "id": "vpce-04f851fdacb806b2c",
            "region": "ap-southeast-1"
          },
          "private": "eyJlMmJmYjczMC1lY2FhLTExZTYtOGY4OC0zNDM2M2JjN2M0YzAiOnsiY3JlYXRlIjo2MDAwMDAwMDAwMDAsImRlbGV0ZSI6NjAwMDAwMDAwMDAwLCJ1cGRhdGUiOjYwMDAwMDAwMDAwMH19",
          "dependencies": [
            "aws_security_group.app_sg",
            "aws_security_group.lb_sg",
            "aws_subnet.private_a",
            "aws_subnet.private_b",
            "aws_vpc.my_vpc"
          ]
        }
      ]
    },
    {
      "mode": "managed",
      "type": "aws_vpc_endpoint",
      "name": "ssmmessages",
      "provider": "provider[\"registry.terraform.io/hashicorp/aws\"]",
      "instances": [
        {
          "schema_version": 0,
          "attributes": {
            "arn": "arn:aws:ec2:ap-southeast-1:458889634459:vpc-endpoint/vpce-0f92b2b8cfef1c9b6",
            "auto_accept": null,
            "cidr_blocks": [],
            "dns_entry": [
              {
                "dns_name": "vpce-0f92b2b8cfef1c9b6-yboqidxz.ssmmessages.ap-southeast-1.vpce.amazonaws.com",
                "hosted_zone_id": "Z18LLCSTV4NVNL"
              },
              {
                "dns_name": "vpce-0f92b2b8cfef1c9b6-yboqidxz-ap-southeast-1b.ssmmessages.ap-southeast-1.vpce.amazonaws.com",
                "hosted_zone_id": "Z18LLCSTV4NVNL"
              },
              {
                "dns_name": "vpce-0f92b2b8cfef1c9b6-yboqidxz-ap-southeast-1a.ssmmessages.ap-southeast-1.vpce.amazonaws.com",
                "hosted_zone_id": "Z18LLCSTV4NVNL"
              },
              {
                "dns_name": "ssmmessages.ap-southeast-1.amazonaws.com",
                "hosted_zone_id": "Z03733292RU4SG35A5K94"
              },
              {
                "dns_name": "ssmmessages.ap-southeast-1.api.aws",
                "hosted_zone_id": "Z041105977A6FVSEBQA6"
              }
            ],
            "dns_options": [
              {
                "dns_record_ip_type": "ipv4",
                "private_dns_only_for_inbound_resolver_endpoint": false,
                "private_dns_preference": "",
                "private_dns_specified_domains": []
              }
            ],
            "id": "vpce-0f92b2b8cfef1c9b6",
            "ip_address_type": "ipv4",
            "network_interface_ids": [
              "eni-0b84f2c02e3baee79",
              "eni-0bb20ed0f1fc70081"
            ],
            "owner_id": "458889634459",
            "policy": "{\"Statement\":[{\"Action\":\"*\",\"Effect\":\"Allow\",\"Principal\":\"*\",\"Resource\":\"*\"}]}",
            "prefix_list_id": null,
            "private_dns_enabled": true,
            "region": "ap-southeast-1",
            "requester_managed": false,
            "resource_configuration_arn": "",
            "route_table_ids": [],
            "security_group_ids": [
              "sg-02d764ff18bb0be02"
            ],
            "service_name": "com.amazonaws.ap-southeast-1.ssmmessages",
            "service_network_arn": "",
            "service_region": "ap-southeast-1",
            "state": "available",
            "subnet_configuration": [
              {
                "ipv4": "10.0.10.134",
                "ipv6": "",
                "subnet_id": "subnet-0a96819b3bf99be07"
              },
              {
                "ipv4": "10.0.9.195",
                "ipv6": "",
                "subnet_id": "subnet-003fb8c0e2e6f1f1a"
              }
            ],
            "subnet_ids": [
              "subnet-003fb8c0e2e6f1f1a",
              "subnet-0a96819b3bf99be07"
            ],
            "tags": {},
            "tags_all": {},
            "timeouts": null,
            "vpc_endpoint_type": "Interface",
            "vpc_id": "vpc-0a3253be8a980f6e7"
          },
          "sensitive_attributes": [],
          "identity_schema_version": 0,
          "identity": {
            "account_id": "458889634459",
            "id": "vpce-0f92b2b8cfef1c9b6",
            "region": "ap-southeast-1"
          },
          "private": "eyJlMmJmYjczMC1lY2FhLTExZTYtOGY4OC0zNDM2M2JjN2M0YzAiOnsiY3JlYXRlIjo2MDAwMDAwMDAwMDAsImRlbGV0ZSI6NjAwMDAwMDAwMDAwLCJ1cGRhdGUiOjYwMDAwMDAwMDAwMH19",
          "dependencies": [
            "aws_security_group.app_sg",
            "aws_security_group.lb_sg",
            "aws_subnet.private_a",
            "aws_subnet.private_b",
            "aws_vpc.my_vpc"
          ]
        }
      ]
    },
    {
      "mode": "managed",
      "type": "cloudflare_record",
      "name": "api_alb",
      "provider": "provider[\"registry.terraform.io/cloudflare/cloudflare\"]",
      "instances": [
        {
          "schema_version": 3,
          "attributes": {
            "allow_overwrite": false,
            "comment": "",
            "content": "domrov-app-lb-1762068952.ap-southeast-1.elb.amazonaws.com",
            "created_on": "2026-04-09T18:20:37.228399Z",
            "data": [],
            "hostname": "api.domrov.app",
            "id": "5c5d3fb0897b43312681c4b010ff4c72",
            "metadata": {},
            "modified_on": "2026-04-09T18:20:37.228399Z",
            "name": "api",
            "priority": null,
            "proxiable": true,
            "proxied": true,
            "tags": [],
            "timeouts": null,
            "ttl": 1,
            "type": "CNAME",
            "value": null,
            "zone_id": "185e82648c5623c24621cf9a73646a59"
          },
          "sensitive_attributes": [],
          "identity_schema_version": 0,
          "private": "eyJlMmJmYjczMC1lY2FhLTExZTYtOGY4OC0zNDM2M2JjN2M0YzAiOnsiY3JlYXRlIjozMDAwMDAwMDAwMCwidXBkYXRlIjozMDAwMDAwMDAwMH0sInNjaGVtYV92ZXJzaW9uIjoiMyJ9",
          "dependencies": [
            "aws_acm_certificate.api",
            "aws_acm_certificate_validation.api",
            "aws_lb.app_lb",
            "aws_security_group.lb_sg",
            "aws_subnet.public_a",
            "aws_subnet.public_b",
            "aws_vpc.my_vpc",
            "cloudflare_record.api_validation",
            "data.cloudflare_zone.main"
          ]
        }
      ]
    },
    {
      "mode": "managed",
      "type": "cloudflare_record",
      "name": "api_validation",
      "provider": "provider[\"registry.terraform.io/cloudflare/cloudflare\"]",
      "instances": [
        {
          "index_key": "api.domrov.app",
          "schema_version": 3,
          "attributes": {
            "allow_overwrite": false,
            "comment": "",
            "content": "_d3ee075a6f70f60893f474e2176e342a.jkddzztszm.acm-validations.aws",
            "created_on": "2026-04-09T18:18:17.802265Z",
            "data": [],
            "hostname": "_6c1bc9693f53556a4aa63c1d19808333.api.domrov.app",
            "id": "37b9f0db666e5453979fd3ce2d181ab0",
            "metadata": {},
            "modified_on": "2026-04-09T18:18:17.802265Z",
            "name": "_6c1bc9693f53556a4aa63c1d19808333.api.domrov.app.",
            "priority": null,
            "proxiable": false,
            "proxied": false,
            "tags": [],
            "timeouts": null,
            "ttl": 1,
            "type": "CNAME",
            "value": null,
            "zone_id": "185e82648c5623c24621cf9a73646a59"
          },
          "sensitive_attributes": [],
          "identity_schema_version": 0,
          "private": "eyJlMmJmYjczMC1lY2FhLTExZTYtOGY4OC0zNDM2M2JjN2M0YzAiOnsiY3JlYXRlIjozMDAwMDAwMDAwMCwidXBkYXRlIjozMDAwMDAwMDAwMH0sInNjaGVtYV92ZXJzaW9uIjoiMyJ9",
          "dependencies": [
            "aws_acm_certificate.api",
            "data.cloudflare_zone.main"
          ]
        }
      ]
    },
    {
      "mode": "managed",
      "type": "local_file",
      "name": "db_password_file",
      "provider": "provider[\"registry.terraform.io/hashicorp/local\"]",
      "instances": [
        {
          "schema_version": 0,
          "attributes": {
            "content": "3923pWPtYqBeONhp",
            "content_base64": null,
            "content_base64sha256": "nepZhIobjzwpI+B8SMUgLRzRwaMCxaS/HnRNmWkNVuA=",
            "content_base64sha512": "VEED9pP4lz3z1wDR8D9haduHMkDZe42C2l82DZ5oVmib1mfjcflauudb9F8uF4jsRPBCm+7imI6PySDtiy/m5Q==",
            "content_md5": "04d67872593d19c21d4be37393694d52",
            "content_sha1": "9421a1f03564629b1a7f3737de3fa74778304fa7",
            "content_sha256": "9dea59848a1b8f3c2923e07c48c5202d1cd1c1a302c5a4bf1e744d99690d56e0",
            "content_sha512": "544103f693f8973df3d700d1f03f6169db873240d97b8d82da5f360d9e6856689bd667e371f95abae75bf45f2e1788ec44f0429beee2988e8fc920ed8b2fe6e5",
            "directory_permission": "0777",
            "file_permission": "0777",
            "filename": "./.db_password",
            "id": "9421a1f03564629b1a7f3737de3fa74778304fa7",
            "sensitive_content": null,
            "source": null
          },
          "sensitive_attributes": [
            [
              {
                "type": "get_attr",
                "value": "content"
              }
            ],
            [
              {
                "type": "get_attr",
                "value": "sensitive_content"
              }
            ]
          ],
          "identity_schema_version": 0,
          "dependencies": [
            "random_password.db_password"
          ]
        }
      ]
    },
    {
      "mode": "managed",
      "type": "random_id",
      "name": "secret_suffix",
      "provider": "provider[\"registry.terraform.io/hashicorp/random\"]",
      "instances": [
        {
          "schema_version": 0,
          "attributes": {
            "b64_std": "6+2t6w==",
            "b64_url": "6-2t6w",
            "byte_length": 4,
            "dec": "3958222315",
            "hex": "ebedadeb",
            "id": "6-2t6w",
            "keepers": null,
            "prefix": null
          },
          "sensitive_attributes": [],
          "identity_schema_version": 0
        }
      ]
    },
    {
      "mode": "managed",
      "type": "random_password",
      "name": "db_password",
      "provider": "provider[\"registry.terraform.io/hashicorp/random\"]",
      "instances": [
        {
          "schema_version": 3,
          "attributes": {
            "bcrypt_hash": "$2a$10$A8fnaHVUR10oRvC.rM2She9pExohPwFDnqbol0HxnVJtTmz50yDE.",
            "id": "none",
            "keepers": null,
            "length": 16,
            "lower": true,
            "min_lower": 0,
            "min_numeric": 0,
            "min_special": 0,
            "min_upper": 0,
            "number": true,
            "numeric": true,
            "override_special": "_%",
            "result": "3923pWPtYqBeONhp",
            "special": true,
            "upper": true
          },
          "sensitive_attributes": [
            [
              {
                "type": "get_attr",
                "value": "bcrypt_hash"
              }
            ],
            [
              {
                "type": "get_attr",
                "value": "result"
              }
            ]
          ],
          "identity_schema_version": 0
        }
      ]
    }
  ],
  "check_results": null
}
